// !$*UTF8*$!
{
	archiveVersion = 1;
	classes = {
	};
	objectVersion = 42;
	objects = {

/* Begin PBXBuildFile section */
		020214270AF8E599008AB4EB /* SIDVoice.cpp in Sources */ = {isa = PBXBuildFile; fileRef = 020214260AF8E599008AB4EB /* SIDVoice.cpp */; };
		023024000DC902A700F8818A /* AudioDevice.mm in Sources */ = {isa = PBXBuildFile; fileRef = 023023FF0DC902A700F8818A /* AudioDevice.mm */; };
		025229EF0AF27E740024DAB3 /* CoreAudio.framework in Frameworks */ = {isa = PBXBuildFile; fileRef = 025229EE0AF27E740024DAB3 /* CoreAudio.framework */; };
		389E77800C7A3B6F00BEAFA6 /* Joystick.cpp in Sources */ = {isa = PBXBuildFile; fileRef = 389E777E0C7A3B6F00BEAFA6 /* Joystick.cpp */; };
		38AF838C0C7BA24A00F6DBCE /* joystick1_32.png in Resources */ = {isa = PBXBuildFile; fileRef = 38AF83890C7BA24A00F6DBCE /* joystick1_32.png */; };
		38AF838D0C7BA24A00F6DBCE /* joystick2_32.png in Resources */ = {isa = PBXBuildFile; fileRef = 38AF838A0C7BA24A00F6DBCE /* joystick2_32.png */; };
		38AF838E0C7BA24A00F6DBCE /* none_32.png in Resources */ = {isa = PBXBuildFile; fileRef = 38AF838B0C7BA24A00F6DBCE /* none_32.png */; };
		5000C80F0D13CE680011A2E9 /* C64Memory.cpp in Sources */ = {isa = PBXBuildFile; fileRef = 5000C80D0D13CE680011A2E9 /* C64Memory.cpp */; };
		5000C8240D13CEE10011A2E9 /* VC1541.cpp in Sources */ = {isa = PBXBuildFile; fileRef = 5000C8230D13CEE10011A2E9 /* VC1541.cpp */; };
		5000C9630D13DED40011A2E9 /* VC1541Memory.cpp in Sources */ = {isa = PBXBuildFile; fileRef = 5000C9620D13DED40011A2E9 /* VC1541Memory.cpp */; };
		500596680D23F9E800FD44B3 /* LEDred.png in Resources */ = {isa = PBXBuildFile; fileRef = 500596650D23F9E800FD44B3 /* LEDred.png */; };
		500596690D23F9E800FD44B3 /* LEDgreen.png in Resources */ = {isa = PBXBuildFile; fileRef = 500596660D23F9E800FD44B3 /* LEDgreen.png */; };
		5005966A0D23F9E800FD44B3 /* LEDgray.png in Resources */ = {isa = PBXBuildFile; fileRef = 500596670D23F9E800FD44B3 /* LEDgray.png */; };
		5005966C0D23FA1800FD44B3 /* LEDyellow.png in Resources */ = {isa = PBXBuildFile; fileRef = 5005966B0D23FA1800FD44B3 /* LEDyellow.png */; };
		5005966E0D23FA1C00FD44B3 /* LEDblue.png in Resources */ = {isa = PBXBuildFile; fileRef = 5005966D0D23FA1C00FD44B3 /* LEDblue.png */; };
		5007A4880C3F9D6A0069B0CE /* PreferenceController.mm in Sources */ = {isa = PBXBuildFile; fileRef = 5007A4870C3F9D6A0069B0CE /* PreferenceController.mm */; };
		5007A5EC0C3FC99F0069B0CE /* VIC_colors.cpp in Sources */ = {isa = PBXBuildFile; fileRef = 5007A5EB0C3FC99F0069B0CE /* VIC_colors.cpp */; };
		500B6CA50B905CEC002C36EC /* TOD.cpp in Sources */ = {isa = PBXBuildFile; fileRef = 500B6CA40B905CEC002C36EC /* TOD.cpp */; };
		500B9D370C40E554008237C6 /* pref_disk.png in Resources */ = {isa = PBXBuildFile; fileRef = 500B9D360C40E554008237C6 /* pref_disk.png */; };
		500B9D390C40E55A008237C6 /* pref_system.png in Resources */ = {isa = PBXBuildFile; fileRef = 500B9D380C40E55A008237C6 /* pref_system.png */; };
		500B9D3B0C40E55F008237C6 /* pref_sound.png in Resources */ = {isa = PBXBuildFile; fileRef = 500B9D3A0C40E55F008237C6 /* pref_sound.png */; };
		500B9D3D0C40E563008237C6 /* pref_grafik.png in Resources */ = {isa = PBXBuildFile; fileRef = 500B9D3C0C40E563008237C6 /* pref_grafik.png */; };
		500B9D3F0C40F037008237C6 /* pref_pal.png in Resources */ = {isa = PBXBuildFile; fileRef = 500B9D3E0C40F037008237C6 /* pref_pal.png */; };
		500B9D410C40F03C008237C6 /* pref_ntsc.png in Resources */ = {isa = PBXBuildFile; fileRef = 500B9D400C40F03C008237C6 /* pref_ntsc.png */; };
		500EC05110E4DCC4005A19A3 /* Message.cpp in Sources */ = {isa = PBXBuildFile; fileRef = 500EC05010E4DCC4005A19A3 /* Message.cpp */; };
		500FC6790D17D2190044131D /* VIA6522.cpp in Sources */ = {isa = PBXBuildFile; fileRef = 500FC6780D17D2190044131D /* VIA6522.cpp */; };
		50176C630A6F72F3009E80BD /* basic.cpp in Sources */ = {isa = PBXBuildFile; fileRef = 50176C4F0A6F72F3009E80BD /* basic.cpp */; };
		50176C640A6F72F3009E80BD /* C64.cpp in Sources */ = {isa = PBXBuildFile; fileRef = 50176C510A6F72F3009E80BD /* C64.cpp */; };
		50176C650A6F72F3009E80BD /* CIA.cpp in Sources */ = {isa = PBXBuildFile; fileRef = 50176C530A6F72F3009E80BD /* CIA.cpp */; };
		50176C660A6F72F3009E80BD /* CPU.cpp in Sources */ = {isa = PBXBuildFile; fileRef = 50176C550A6F72F3009E80BD /* CPU.cpp */; };
		50176C670A6F72F3009E80BD /* Instructions.cpp in Sources */ = {isa = PBXBuildFile; fileRef = 50176C570A6F72F3009E80BD /* Instructions.cpp */; };
		50176C680A6F72F3009E80BD /* Keyboard.cpp in Sources */ = {isa = PBXBuildFile; fileRef = 50176C590A6F72F3009E80BD /* Keyboard.cpp */; };
		50176C690A6F72F3009E80BD /* Memory.cpp in Sources */ = {isa = PBXBuildFile; fileRef = 50176C5B0A6F72F3009E80BD /* Memory.cpp */; };
		50176C6B0A6F72F3009E80BD /* VIC.cpp in Sources */ = {isa = PBXBuildFile; fileRef = 50176C5F0A6F72F3009E80BD /* VIC.cpp */; };
		50176C7C0A6F7357009E80BD /* Disassembler.mm in Sources */ = {isa = PBXBuildFile; fileRef = 50176C710A6F7357009E80BD /* Disassembler.mm */; };
		50176C7D0A6F7357009E80BD /* Formatter.mm in Sources */ = {isa = PBXBuildFile; fileRef = 50176C730A6F7357009E80BD /* Formatter.mm */; };
		50176C7F0A6F7357009E80BD /* MyDocument.mm in Sources */ = {isa = PBXBuildFile; fileRef = 50176C760A6F7357009E80BD /* MyDocument.mm */; };
		50176C800A6F7357009E80BD /* VICScreen.mm in Sources */ = {isa = PBXBuildFile; fileRef = 50176C780A6F7357009E80BD /* VICScreen.mm */; };
		50176C810A6F7357009E80BD /* C64Proxy.mm in Sources */ = {isa = PBXBuildFile; fileRef = 50176C7A0A6F7357009E80BD /* C64Proxy.mm */; };
		5018E48112240F7100F0820E /* Container.cpp in Sources */ = {isa = PBXBuildFile; fileRef = 5018E48012240F7100F0820E /* Container.cpp */; };
		5020F28C0BBABE3C0093C396 /* IEC.cpp in Sources */ = {isa = PBXBuildFile; fileRef = 5020F28B0BBABE3C0093C396 /* IEC.cpp */; };
		502562AF0C4AA0C7008AAB85 /* c64.png in Resources */ = {isa = PBXBuildFile; fileRef = 502562AE0C4AA0C7008AAB85 /* c64.png */; };
		502663150C4398460094233B /* nebula.jpg in Resources */ = {isa = PBXBuildFile; fileRef = 502663140C4398460094233B /* nebula.jpg */; };
		50287EEB0A7CA86900292533 /* stepOut32.png in Resources */ = {isa = PBXBuildFile; fileRef = 50287EEA0A7CA86900292533 /* stepOut32.png */; };
		503A5A9A1222767C00EAA95E /* Sparkle.framework in Frameworks */ = {isa = PBXBuildFile; fileRef = 503A5A991222767C00EAA95E /* Sparkle.framework */; };
		503A5AC6122278A500EAA95E /* Sparkle.framework in CopyFiles */ = {isa = PBXBuildFile; fileRef = 503A5A991222767C00EAA95E /* Sparkle.framework */; };
		503A5AD712227C0300EAA95E /* dsa_pub.pem in Resources */ = {isa = PBXBuildFile; fileRef = 503A5AD612227C0300EAA95E /* dsa_pub.pem */; };
		503DF0DA0F18BFDE00DC5C11 /* Timer.cpp in Sources */ = {isa = PBXBuildFile; fileRef = 503DF0D90F18BFDE00DC5C11 /* Timer.cpp */; };
		50414727122188FC00A80E0C /* Cartridge.cpp in Sources */ = {isa = PBXBuildFile; fileRef = 50414725122188FC00A80E0C /* Cartridge.cpp */; };
		5041486912219F6E00A80E0C /* cartridge.png in Resources */ = {isa = PBXBuildFile; fileRef = 5041486812219F6E00A80E0C /* cartridge.png */; };
		50471FE60A7B679A00A8DB94 /* stepInto32.png in Resources */ = {isa = PBXBuildFile; fileRef = 50471FE50A7B679A00A8DB94 /* stepInto32.png */; };
		50471FE80A7B67A100A8DB94 /* stepOver32.png in Resources */ = {isa = PBXBuildFile; fileRef = 50471FE70A7B67A100A8DB94 /* stepOver32.png */; };
		50471FEC0A7B67AE00A8DB94 /* restart32.png in Resources */ = {isa = PBXBuildFile; fileRef = 50471FEB0A7B67AE00A8DB94 /* restart32.png */; };
		50471FEE0A7B67B800A8DB94 /* debugger32.png in Resources */ = {isa = PBXBuildFile; fileRef = 50471FED0A7B67B800A8DB94 /* debugger32.png */; };
		504CEE7D0C46774F001F4E51 /* BigIcon.png in Resources */ = {isa = PBXBuildFile; fileRef = 504CEE7C0C46774F001F4E51 /* BigIcon.png */; };
		504CEEA30C467C4E001F4E51 /* BigIconTransparent.tiff in Resources */ = {isa = PBXBuildFile; fileRef = 504CEEA20C467C4E001F4E51 /* BigIconTransparent.tiff */; };
		505EB0A10F3047C300960BC0 /* Snapshot.cpp in Sources */ = {isa = PBXBuildFile; fileRef = 505EB0A00F3047C300960BC0 /* Snapshot.cpp */; };
		506910C80A74EAE100F48A7F /* VirtualC64Icon.icns in Resources */ = {isa = PBXBuildFile; fileRef = 506910C70A74EAE100F48A7F /* VirtualC64Icon.icns */; };
		5094197D0E426C13008D6F71 /* rom.png in Resources */ = {isa = PBXBuildFile; fileRef = 5094197C0E426C13008D6F71 /* rom.png */; };
		509AEA0C0C324AB0001FC9FD /* PRGArchive.cpp in Sources */ = {isa = PBXBuildFile; fileRef = 509AEA0B0C324AB0001FC9FD /* PRGArchive.cpp */; };
		509AEAFF0C325EFB001FC9FD /* P00Archive.cpp in Sources */ = {isa = PBXBuildFile; fileRef = 509AEAFE0C325EFB001FC9FD /* P00Archive.cpp */; };
		509DF2480A9F681900AE0859 /* keyboard32.png in Resources */ = {isa = PBXBuildFile; fileRef = 509DF2470A9F681900AE0859 /* keyboard32.png */; };
		50A0E0210A8F33120067714C /* IOKit.framework in Frameworks */ = {isa = PBXBuildFile; fileRef = 50A0E0200A8F33120067714C /* IOKit.framework */; };
		50A0E0250A8F332A0067714C /* System.framework in Frameworks */ = {isa = PBXBuildFile; fileRef = 50A0E0240A8F332A0067714C /* System.framework */; };
		50A3E08A0E66F7BC00D3564D /* play32.png in Resources */ = {isa = PBXBuildFile; fileRef = 50A3E0890E66F7BC00D3564D /* play32.png */; };
		50A3E08C0E66F7C400D3564D /* pause32.png in Resources */ = {isa = PBXBuildFile; fileRef = 50A3E08B0E66F7C400D3564D /* pause32.png */; };
		50A52A190C2FD43700A1377F /* D64Archive.cpp in Sources */ = {isa = PBXBuildFile; fileRef = 50A52A180C2FD43700A1377F /* D64Archive.cpp */; };
		50A8F8F30E47171300ACE17D /* RomDialog.mm in Sources */ = {isa = PBXBuildFile; fileRef = 50A8F8F20E47171300ACE17D /* RomDialog.mm */; };
		50A8F9EA0E472BA800ACE17D /* romMissing.png in Resources */ = {isa = PBXBuildFile; fileRef = 50A8F9E90E472BA800ACE17D /* romMissing.png */; };
		50AFEDBC0C3A7A78007749E7 /* Archive.cpp in Sources */ = {isa = PBXBuildFile; fileRef = 50AFEDBB0C3A7A78007749E7 /* Archive.cpp */; };
		50B1032F121E7C4C003E7729 /* GLUT.framework in Frameworks */ = {isa = PBXBuildFile; fileRef = 50B1032E121E7C4C003E7729 /* GLUT.framework */; };
		50B10338121E7C70003E7729 /* QuartzCore.framework in Frameworks */ = {isa = PBXBuildFile; fileRef = 50B10337121E7C70003E7729 /* QuartzCore.framework */; };
		50B58B1E0A5A6524000AD819 /* OpenGL.framework in Frameworks */ = {isa = PBXBuildFile; fileRef = 50B58B1D0A5A6524000AD819 /* OpenGL.framework */; };
		50CA0D520A9076FD00A5A08D /* SID.cpp in Sources */ = {isa = PBXBuildFile; fileRef = 50CA0D510A9076FD00A5A08D /* SID.cpp */; };
		50D500520C2ED13F0022CA3A /* T64Archive.cpp in Sources */ = {isa = PBXBuildFile; fileRef = 50D500510C2ED13F0022CA3A /* T64Archive.cpp */; };
		50D5FDB40C2E9CF50022CA3A /* MountDialog.mm in Sources */ = {isa = PBXBuildFile; fileRef = 50D5FDB30C2E9CF50022CA3A /* MountDialog.mm */; };
		50D861790A7DEEAE00782345 /* DocIcon.icns in Resources */ = {isa = PBXBuildFile; fileRef = 50D861780A7DEEAE00782345 /* DocIcon.icns */; };
		50DA14A30A6418470022B4A7 /* bottom.png in Resources */ = {isa = PBXBuildFile; fileRef = 50DA14A20A6418470022B4A7 /* bottom.png */; };
		50DA154A0A642EA20022B4A7 /* window_fullscreen.png in Resources */ = {isa = PBXBuildFile; fileRef = 50DA15490A642EA20022B4A7 /* window_fullscreen.png */; };
		50DAD6920A736F9B00BB44AC /* VirtualComponent.cpp in Sources */ = {isa = PBXBuildFile; fileRef = 50DAD6910A736F9B00BB44AC /* VirtualComponent.cpp */; };
		50E4BFA70C3CE95400CB6B43 /* floppy.png in Resources */ = {isa = PBXBuildFile; fileRef = 50E4BFA60C3CE95400CB6B43 /* floppy.png */; };
		50E4BFAA0C3CEAB700CB6B43 /* warpOff.png in Resources */ = {isa = PBXBuildFile; fileRef = 50E4BFA90C3CEAB700CB6B43 /* warpOff.png */; };
		50E4BFAC0C3CEAD100CB6B43 /* warpOn.png in Resources */ = {isa = PBXBuildFile; fileRef = 50E4BFAB0C3CEAD100CB6B43 /* warpOn.png */; };
		50E4C0240C3CFBC300CB6B43 /* soundOff.png in Resources */ = {isa = PBXBuildFile; fileRef = 50E4C0230C3CFBC300CB6B43 /* soundOff.png */; };
		50E4C0260C3CFBC700CB6B43 /* soundOn.png in Resources */ = {isa = PBXBuildFile; fileRef = 50E4C0250C3CFBC700CB6B43 /* soundOn.png */; };
		50E4C0280C3CFBE400CB6B43 /* fullscreen.png in Resources */ = {isa = PBXBuildFile; fileRef = 50E4C0270C3CFBE400CB6B43 /* fullscreen.png */; };
		50E555FD0C42698E00AFB05F /* flag_usa.png in Resources */ = {isa = PBXBuildFile; fileRef = 50E555FC0C42698E00AFB05F /* flag_usa.png */; };
		50E555FF0C42699300AFB05F /* flag_eu.png in Resources */ = {isa = PBXBuildFile; fileRef = 50E555FE0C42699300AFB05F /* flag_eu.png */; };
		50F4D2940C46262700ED4E4E /* ResetImage.VC64 in Resources */ = {isa = PBXBuildFile; fileRef = 50F4D2930C46262700ED4E4E /* ResetImage.VC64 */; };
		50F55DA50F28EADC0040592B /* MyDocument.xib in Resources */ = {isa = PBXBuildFile; fileRef = 50F55DA30F28EADC0040592B /* MyDocument.xib */; };
		50F55DCD0F28EC010040592B /* MainMenu.xib in Resources */ = {isa = PBXBuildFile; fileRef = 50F55DCB0F28EC010040592B /* MainMenu.xib */; };
		50F55DD10F28EC2D0040592B /* Preferences.xib in Resources */ = {isa = PBXBuildFile; fileRef = 50F55DCF0F28EC2D0040592B /* Preferences.xib */; };
		8D15AC2C0486D014006FF6A4 /* Credits.rtf in Resources */ = {isa = PBXBuildFile; fileRef = 2A37F4B9FDCFA73011CA2CEA /* Credits.rtf */; };
		8D15AC2F0486D014006FF6A4 /* InfoPlist.strings in Resources */ = {isa = PBXBuildFile; fileRef = 089C165FFE840EACC02AAC07 /* InfoPlist.strings */; };
		8D15AC320486D014006FF6A4 /* main.m in Sources */ = {isa = PBXBuildFile; fileRef = 2A37F4B0FDCFA73011CA2CEA /* main.m */; settings = {ATTRIBUTES = (); }; };
		8D15AC340486D014006FF6A4 /* Cocoa.framework in Frameworks */ = {isa = PBXBuildFile; fileRef = 1058C7A7FEA54F5311CA2CBB /* Cocoa.framework */; };
		BC8146880FE54238007ED085 /* JoystickManager.mm in Sources */ = {isa = PBXBuildFile; fileRef = BC8146870FE54238007ED085 /* JoystickManager.mm */; };
/* End PBXBuildFile section */

/* Begin PBXCopyFilesBuildPhase section */
		503A5AC41222781A00EAA95E /* CopyFiles */ = {
			isa = PBXCopyFilesBuildPhase;
			buildActionMask = 2147483647;
			dstPath = "";
			dstSubfolderSpec = 10;
			files = (
				503A5AC6122278A500EAA95E /* Sparkle.framework in CopyFiles */,
			);
			runOnlyForDeploymentPostprocessing = 0;
		};
/* End PBXCopyFilesBuildPhase section */

/* Begin PBXFileReference section */
		020214250AF8E599008AB4EB /* SIDVoice.h */ = {isa = PBXFileReference; fileEncoding = 4; lastKnownFileType = sourcecode.c.h; path = SIDVoice.h; sourceTree = "<group>"; };
		020214260AF8E599008AB4EB /* SIDVoice.cpp */ = {isa = PBXFileReference; fileEncoding = 4; lastKnownFileType = sourcecode.cpp.cpp; path = SIDVoice.cpp; sourceTree = "<group>"; };
		023023FE0DC902A700F8818A /* AudioDevice.h */ = {isa = PBXFileReference; fileEncoding = 4; lastKnownFileType = sourcecode.c.h; path = AudioDevice.h; sourceTree = "<group>"; };
		023023FF0DC902A700F8818A /* AudioDevice.mm */ = {isa = PBXFileReference; fileEncoding = 4; lastKnownFileType = sourcecode.cpp.objcpp; path = AudioDevice.mm; sourceTree = "<group>"; };
		025229EE0AF27E740024DAB3 /* CoreAudio.framework */ = {isa = PBXFileReference; lastKnownFileType = wrapper.framework; name = CoreAudio.framework; path = /System/Library/Frameworks/CoreAudio.framework; sourceTree = "<absolute>"; };
		089C1660FE840EACC02AAC07 /* English */ = {isa = PBXFileReference; fileEncoding = 10; lastKnownFileType = text.plist.strings; name = English; path = English.lproj/InfoPlist.strings; sourceTree = "<group>"; };
		1058C7A7FEA54F5311CA2CBB /* Cocoa.framework */ = {isa = PBXFileReference; lastKnownFileType = wrapper.framework; name = Cocoa.framework; path = /System/Library/Frameworks/Cocoa.framework; sourceTree = "<absolute>"; };
		13E42FBA07B3F13500E4EEF1 /* CoreData.framework */ = {isa = PBXFileReference; lastKnownFileType = wrapper.framework; name = CoreData.framework; path = /System/Library/Frameworks/CoreData.framework; sourceTree = "<absolute>"; };
		2A37F4B0FDCFA73011CA2CEA /* main.m */ = {isa = PBXFileReference; fileEncoding = 4; lastKnownFileType = sourcecode.c.objc; path = main.m; sourceTree = "<group>"; };
		2A37F4BAFDCFA73011CA2CEA /* English */ = {isa = PBXFileReference; lastKnownFileType = text.rtf; name = English; path = English.lproj/Credits.rtf; sourceTree = "<group>"; };
		2A37F4C4FDCFA73011CA2CEA /* AppKit.framework */ = {isa = PBXFileReference; lastKnownFileType = wrapper.framework; name = AppKit.framework; path = /System/Library/Frameworks/AppKit.framework; sourceTree = "<absolute>"; };
		2A37F4C5FDCFA73011CA2CEA /* Foundation.framework */ = {isa = PBXFileReference; lastKnownFileType = wrapper.framework; name = Foundation.framework; path = /System/Library/Frameworks/Foundation.framework; sourceTree = "<absolute>"; };
		32DBCF750370BD2300C91783 /* V64_Prefix.pch */ = {isa = PBXFileReference; fileEncoding = 4; lastKnownFileType = sourcecode.c.h; path = V64_Prefix.pch; sourceTree = "<group>"; };
		389E777E0C7A3B6F00BEAFA6 /* Joystick.cpp */ = {isa = PBXFileReference; fileEncoding = 4; lastKnownFileType = sourcecode.cpp.cpp; path = Joystick.cpp; sourceTree = "<group>"; };
		389E777F0C7A3B6F00BEAFA6 /* Joystick.h */ = {isa = PBXFileReference; fileEncoding = 4; lastKnownFileType = sourcecode.c.h; path = Joystick.h; sourceTree = "<group>"; };
		38AF83890C7BA24A00F6DBCE /* joystick1_32.png */ = {isa = PBXFileReference; lastKnownFileType = image.png; name = joystick1_32.png; path = images/joystick1_32.png; sourceTree = "<group>"; };
		38AF838A0C7BA24A00F6DBCE /* joystick2_32.png */ = {isa = PBXFileReference; lastKnownFileType = image.png; name = joystick2_32.png; path = images/joystick2_32.png; sourceTree = "<group>"; };
		38AF838B0C7BA24A00F6DBCE /* none_32.png */ = {isa = PBXFileReference; lastKnownFileType = image.png; name = none_32.png; path = images/none_32.png; sourceTree = "<group>"; };
		5000C80D0D13CE680011A2E9 /* C64Memory.cpp */ = {isa = PBXFileReference; fileEncoding = 4; lastKnownFileType = sourcecode.cpp.cpp; path = C64Memory.cpp; sourceTree = "<group>"; };
		5000C80E0D13CE680011A2E9 /* C64Memory.h */ = {isa = PBXFileReference; fileEncoding = 4; lastKnownFileType = sourcecode.c.h; path = C64Memory.h; sourceTree = "<group>"; };
		5000C8220D13CEE10011A2E9 /* VC1541.h */ = {isa = PBXFileReference; fileEncoding = 4; lastKnownFileType = sourcecode.c.h; path = VC1541.h; sourceTree = "<group>"; };
		5000C8230D13CEE10011A2E9 /* VC1541.cpp */ = {isa = PBXFileReference; fileEncoding = 4; lastKnownFileType = sourcecode.cpp.cpp; path = VC1541.cpp; sourceTree = "<group>"; };
		5000C9610D13DED40011A2E9 /* VC1541Memory.h */ = {isa = PBXFileReference; fileEncoding = 4; lastKnownFileType = sourcecode.c.h; path = VC1541Memory.h; sourceTree = "<group>"; };
		5000C9620D13DED40011A2E9 /* VC1541Memory.cpp */ = {isa = PBXFileReference; fileEncoding = 4; lastKnownFileType = sourcecode.cpp.cpp; path = VC1541Memory.cpp; sourceTree = "<group>"; };
		500596650D23F9E800FD44B3 /* LEDred.png */ = {isa = PBXFileReference; lastKnownFileType = image.png; name = LEDred.png; path = images/LEDred.png; sourceTree = "<group>"; };
		500596660D23F9E800FD44B3 /* LEDgreen.png */ = {isa = PBXFileReference; lastKnownFileType = image.png; name = LEDgreen.png; path = images/LEDgreen.png; sourceTree = "<group>"; };
		500596670D23F9E800FD44B3 /* LEDgray.png */ = {isa = PBXFileReference; lastKnownFileType = image.png; name = LEDgray.png; path = images/LEDgray.png; sourceTree = "<group>"; };
		5005966B0D23FA1800FD44B3 /* LEDyellow.png */ = {isa = PBXFileReference; lastKnownFileType = image.png; name = LEDyellow.png; path = images/LEDyellow.png; sourceTree = "<group>"; };
		5005966D0D23FA1C00FD44B3 /* LEDblue.png */ = {isa = PBXFileReference; lastKnownFileType = image.png; name = LEDblue.png; path = images/LEDblue.png; sourceTree = "<group>"; };
		5007A4860C3F9D6A0069B0CE /* PreferenceController.h */ = {isa = PBXFileReference; fileEncoding = 4; lastKnownFileType = sourcecode.c.h; path = PreferenceController.h; sourceTree = "<group>"; };
		5007A4870C3F9D6A0069B0CE /* PreferenceController.mm */ = {isa = PBXFileReference; explicitFileType = sourcecode.cpp.objcpp; fileEncoding = 4; path = PreferenceController.mm; sourceTree = "<group>"; };
		5007A5EB0C3FC99F0069B0CE /* VIC_colors.cpp */ = {isa = PBXFileReference; fileEncoding = 4; lastKnownFileType = sourcecode.cpp.cpp; path = VIC_colors.cpp; sourceTree = "<group>"; };
		500B6CA30B905CEC002C36EC /* TOD.h */ = {isa = PBXFileReference; fileEncoding = 4; lastKnownFileType = sourcecode.c.h; path = TOD.h; sourceTree = "<group>"; };
		500B6CA40B905CEC002C36EC /* TOD.cpp */ = {isa = PBXFileReference; fileEncoding = 4; lastKnownFileType = sourcecode.cpp.cpp; path = TOD.cpp; sourceTree = "<group>"; };
		500B9D360C40E554008237C6 /* pref_disk.png */ = {isa = PBXFileReference; lastKnownFileType = image.png; name = pref_disk.png; path = images/pref_disk.png; sourceTree = "<group>"; };
		500B9D380C40E55A008237C6 /* pref_system.png */ = {isa = PBXFileReference; lastKnownFileType = image.png; name = pref_system.png; path = images/pref_system.png; sourceTree = "<group>"; };
		500B9D3A0C40E55F008237C6 /* pref_sound.png */ = {isa = PBXFileReference; lastKnownFileType = image.png; name = pref_sound.png; path = images/pref_sound.png; sourceTree = "<group>"; };
		500B9D3C0C40E563008237C6 /* pref_grafik.png */ = {isa = PBXFileReference; lastKnownFileType = image.png; name = pref_grafik.png; path = images/pref_grafik.png; sourceTree = "<group>"; };
		500B9D3E0C40F037008237C6 /* pref_pal.png */ = {isa = PBXFileReference; lastKnownFileType = image.png; name = pref_pal.png; path = images/pref_pal.png; sourceTree = "<group>"; };
		500B9D400C40F03C008237C6 /* pref_ntsc.png */ = {isa = PBXFileReference; lastKnownFileType = image.png; name = pref_ntsc.png; path = images/pref_ntsc.png; sourceTree = "<group>"; };
		500EC04F10E4DCC4005A19A3 /* Message.h */ = {isa = PBXFileReference; fileEncoding = 4; lastKnownFileType = sourcecode.c.h; path = Message.h; sourceTree = "<group>"; };
		500EC05010E4DCC4005A19A3 /* Message.cpp */ = {isa = PBXFileReference; fileEncoding = 4; lastKnownFileType = sourcecode.cpp.cpp; path = Message.cpp; sourceTree = "<group>"; };
		500FC6770D17D2190044131D /* VIA6522.h */ = {isa = PBXFileReference; fileEncoding = 4; lastKnownFileType = sourcecode.c.h; path = VIA6522.h; sourceTree = "<group>"; };
		500FC6780D17D2190044131D /* VIA6522.cpp */ = {isa = PBXFileReference; fileEncoding = 4; lastKnownFileType = sourcecode.cpp.cpp; path = VIA6522.cpp; sourceTree = "<group>"; };
		50176C4F0A6F72F3009E80BD /* basic.cpp */ = {isa = PBXFileReference; fileEncoding = 30; lastKnownFileType = sourcecode.cpp.cpp; path = basic.cpp; sourceTree = "<group>"; };
		50176C500A6F72F3009E80BD /* basic.h */ = {isa = PBXFileReference; explicitFileType = sourcecode.cpp.h; fileEncoding = 30; path = basic.h; sourceTree = "<group>"; };
		50176C510A6F72F3009E80BD /* C64.cpp */ = {isa = PBXFileReference; fileEncoding = 30; lastKnownFileType = sourcecode.cpp.cpp; path = C64.cpp; sourceTree = "<group>"; };
		50176C520A6F72F3009E80BD /* C64.h */ = {isa = PBXFileReference; explicitFileType = sourcecode.cpp.h; fileEncoding = 30; path = C64.h; sourceTree = "<group>"; };
		50176C530A6F72F3009E80BD /* CIA.cpp */ = {isa = PBXFileReference; fileEncoding = 30; lastKnownFileType = sourcecode.cpp.cpp; path = CIA.cpp; sourceTree = "<group>"; };
		50176C540A6F72F3009E80BD /* CIA.h */ = {isa = PBXFileReference; explicitFileType = sourcecode.cpp.h; fileEncoding = 30; path = CIA.h; sourceTree = "<group>"; };
		50176C550A6F72F3009E80BD /* CPU.cpp */ = {isa = PBXFileReference; fileEncoding = 30; lastKnownFileType = sourcecode.cpp.cpp; path = CPU.cpp; sourceTree = "<group>"; };
		50176C560A6F72F3009E80BD /* CPU.h */ = {isa = PBXFileReference; explicitFileType = sourcecode.cpp.h; fileEncoding = 30; path = CPU.h; sourceTree = "<group>"; };
		50176C570A6F72F3009E80BD /* Instructions.cpp */ = {isa = PBXFileReference; fileEncoding = 30; lastKnownFileType = sourcecode.cpp.cpp; path = Instructions.cpp; sourceTree = "<group>"; };
		50176C580A6F72F3009E80BD /* Instructions.h */ = {isa = PBXFileReference; explicitFileType = sourcecode.cpp.h; fileEncoding = 30; path = Instructions.h; sourceTree = "<group>"; };
		50176C590A6F72F3009E80BD /* Keyboard.cpp */ = {isa = PBXFileReference; fileEncoding = 30; lastKnownFileType = sourcecode.cpp.cpp; path = Keyboard.cpp; sourceTree = "<group>"; };
		50176C5A0A6F72F3009E80BD /* Keyboard.h */ = {isa = PBXFileReference; explicitFileType = sourcecode.cpp.h; fileEncoding = 30; path = Keyboard.h; sourceTree = "<group>"; };
		50176C5B0A6F72F3009E80BD /* Memory.cpp */ = {isa = PBXFileReference; fileEncoding = 30; lastKnownFileType = sourcecode.cpp.cpp; path = Memory.cpp; sourceTree = "<group>"; };
		50176C5C0A6F72F3009E80BD /* Memory.h */ = {isa = PBXFileReference; explicitFileType = sourcecode.cpp.h; fileEncoding = 30; path = Memory.h; sourceTree = "<group>"; };
		50176C5F0A6F72F3009E80BD /* VIC.cpp */ = {isa = PBXFileReference; fileEncoding = 30; lastKnownFileType = sourcecode.cpp.cpp; path = VIC.cpp; sourceTree = "<group>"; };
		50176C600A6F72F3009E80BD /* VIC.h */ = {isa = PBXFileReference; explicitFileType = sourcecode.cpp.h; fileEncoding = 30; path = VIC.h; sourceTree = "<group>"; };
		50176C700A6F7357009E80BD /* Disassembler.h */ = {isa = PBXFileReference; explicitFileType = sourcecode.cpp.h; fileEncoding = 30; path = Disassembler.h; sourceTree = "<group>"; };
		50176C710A6F7357009E80BD /* Disassembler.mm */ = {isa = PBXFileReference; explicitFileType = sourcecode.cpp.objcpp; fileEncoding = 30; path = Disassembler.mm; sourceTree = "<group>"; };
		50176C720A6F7357009E80BD /* Formatter.h */ = {isa = PBXFileReference; explicitFileType = sourcecode.cpp.h; fileEncoding = 30; path = Formatter.h; sourceTree = "<group>"; };
		50176C730A6F7357009E80BD /* Formatter.mm */ = {isa = PBXFileReference; explicitFileType = sourcecode.cpp.objcpp; fileEncoding = 30; path = Formatter.mm; sourceTree = "<group>"; };
		50176C750A6F7357009E80BD /* MyDocument.h */ = {isa = PBXFileReference; explicitFileType = sourcecode.cpp.h; fileEncoding = 30; path = MyDocument.h; sourceTree = "<group>"; };
		50176C760A6F7357009E80BD /* MyDocument.mm */ = {isa = PBXFileReference; explicitFileType = sourcecode.cpp.objcpp; fileEncoding = 30; path = MyDocument.mm; sourceTree = "<group>"; };
		50176C770A6F7357009E80BD /* VICScreen.h */ = {isa = PBXFileReference; explicitFileType = sourcecode.cpp.h; fileEncoding = 30; path = VICScreen.h; sourceTree = "<group>"; };
		50176C780A6F7357009E80BD /* VICScreen.mm */ = {isa = PBXFileReference; explicitFileType = sourcecode.cpp.objcpp; fileEncoding = 30; path = VICScreen.mm; sourceTree = "<group>"; };
		50176C790A6F7357009E80BD /* C64Proxy.h */ = {isa = PBXFileReference; explicitFileType = sourcecode.cpp.h; fileEncoding = 30; path = C64Proxy.h; sourceTree = "<group>"; };
		50176C7A0A6F7357009E80BD /* C64Proxy.mm */ = {isa = PBXFileReference; fileEncoding = 30; lastKnownFileType = sourcecode.cpp.objcpp; path = C64Proxy.mm; sourceTree = "<group>"; };
		5018E47F12240F7100F0820E /* Container.h */ = {isa = PBXFileReference; fileEncoding = 4; lastKnownFileType = sourcecode.c.h; path = Container.h; sourceTree = "<group>"; };
		5018E48012240F7100F0820E /* Container.cpp */ = {isa = PBXFileReference; fileEncoding = 4; lastKnownFileType = sourcecode.cpp.cpp; path = Container.cpp; sourceTree = "<group>"; };
		5020F28A0BBABE3C0093C396 /* IEC.h */ = {isa = PBXFileReference; fileEncoding = 4; lastKnownFileType = sourcecode.c.h; path = IEC.h; sourceTree = "<group>"; };
		5020F28B0BBABE3C0093C396 /* IEC.cpp */ = {isa = PBXFileReference; fileEncoding = 4; lastKnownFileType = sourcecode.cpp.cpp; path = IEC.cpp; sourceTree = "<group>"; };
		502562AE0C4AA0C7008AAB85 /* c64.png */ = {isa = PBXFileReference; lastKnownFileType = image.png; name = c64.png; path = images/c64.png; sourceTree = "<group>"; };
		502663140C4398460094233B /* nebula.jpg */ = {isa = PBXFileReference; lastKnownFileType = image.jpeg; name = nebula.jpg; path = images/nebula.jpg; sourceTree = "<group>"; };
		50287EEA0A7CA86900292533 /* stepOut32.png */ = {isa = PBXFileReference; lastKnownFileType = image.png; name = stepOut32.png; path = images/stepOut32.png; sourceTree = "<group>"; };
		503A5A991222767C00EAA95E /* Sparkle.framework */ = {isa = PBXFileReference; lastKnownFileType = wrapper.framework; path = Sparkle.framework; sourceTree = "<group>"; };
		503A5AD612227C0300EAA95E /* dsa_pub.pem */ = {isa = PBXFileReference; fileEncoding = 4; lastKnownFileType = text; path = dsa_pub.pem; sourceTree = "<group>"; };
		503DF0D80F18BFDE00DC5C11 /* Timer.h */ = {isa = PBXFileReference; fileEncoding = 4; lastKnownFileType = sourcecode.c.h; path = Timer.h; sourceTree = "<group>"; };
		503DF0D90F18BFDE00DC5C11 /* Timer.cpp */ = {isa = PBXFileReference; fileEncoding = 4; lastKnownFileType = sourcecode.cpp.cpp; path = Timer.cpp; sourceTree = "<group>"; };
		50414725122188FC00A80E0C /* Cartridge.cpp */ = {isa = PBXFileReference; fileEncoding = 4; lastKnownFileType = sourcecode.cpp.cpp; path = Cartridge.cpp; sourceTree = "<group>"; };
		50414726122188FC00A80E0C /* Cartridge.h */ = {isa = PBXFileReference; fileEncoding = 4; lastKnownFileType = sourcecode.c.h; path = Cartridge.h; sourceTree = "<group>"; };
		5041486812219F6E00A80E0C /* cartridge.png */ = {isa = PBXFileReference; lastKnownFileType = image.png; name = cartridge.png; path = images/cartridge.png; sourceTree = "<group>"; };
		50471FE50A7B679A00A8DB94 /* stepInto32.png */ = {isa = PBXFileReference; lastKnownFileType = image.png; name = stepInto32.png; path = images/stepInto32.png; sourceTree = "<group>"; };
		50471FE70A7B67A100A8DB94 /* stepOver32.png */ = {isa = PBXFileReference; lastKnownFileType = image.png; name = stepOver32.png; path = images/stepOver32.png; sourceTree = "<group>"; };
		50471FEB0A7B67AE00A8DB94 /* restart32.png */ = {isa = PBXFileReference; lastKnownFileType = image.png; name = restart32.png; path = images/restart32.png; sourceTree = "<group>"; };
		50471FED0A7B67B800A8DB94 /* debugger32.png */ = {isa = PBXFileReference; lastKnownFileType = image.png; name = debugger32.png; path = images/debugger32.png; sourceTree = "<group>"; };
		504CEE7C0C46774F001F4E51 /* BigIcon.png */ = {isa = PBXFileReference; lastKnownFileType = image.png; name = BigIcon.png; path = images/BigIcon.png; sourceTree = "<group>"; };
		504CEEA20C467C4E001F4E51 /* BigIconTransparent.tiff */ = {isa = PBXFileReference; lastKnownFileType = image.tiff; name = BigIconTransparent.tiff; path = images/BigIconTransparent.tiff; sourceTree = "<group>"; };
		505EB09F0F3047C300960BC0 /* Snapshot.h */ = {isa = PBXFileReference; fileEncoding = 4; lastKnownFileType = sourcecode.c.h; path = Snapshot.h; sourceTree = "<group>"; };
		505EB0A00F3047C300960BC0 /* Snapshot.cpp */ = {isa = PBXFileReference; fileEncoding = 4; lastKnownFileType = sourcecode.cpp.cpp; path = Snapshot.cpp; sourceTree = "<group>"; };
		506910C70A74EAE100F48A7F /* VirtualC64Icon.icns */ = {isa = PBXFileReference; lastKnownFileType = image.icns; path = VirtualC64Icon.icns; sourceTree = "<group>"; };
		5094197C0E426C13008D6F71 /* rom.png */ = {isa = PBXFileReference; lastKnownFileType = image.png; name = rom.png; path = images/rom.png; sourceTree = "<group>"; };
		509AEA0A0C324AB0001FC9FD /* PRGArchive.h */ = {isa = PBXFileReference; fileEncoding = 4; lastKnownFileType = sourcecode.c.h; path = PRGArchive.h; sourceTree = "<group>"; };
		509AEA0B0C324AB0001FC9FD /* PRGArchive.cpp */ = {isa = PBXFileReference; fileEncoding = 4; lastKnownFileType = sourcecode.cpp.cpp; path = PRGArchive.cpp; sourceTree = "<group>"; };
		509AEAFD0C325EFB001FC9FD /* P00Archive.h */ = {isa = PBXFileReference; fileEncoding = 4; lastKnownFileType = sourcecode.c.h; path = P00Archive.h; sourceTree = "<group>"; };
		509AEAFE0C325EFB001FC9FD /* P00Archive.cpp */ = {isa = PBXFileReference; fileEncoding = 4; lastKnownFileType = sourcecode.cpp.cpp; path = P00Archive.cpp; sourceTree = "<group>"; };
		509DF2470A9F681900AE0859 /* keyboard32.png */ = {isa = PBXFileReference; lastKnownFileType = image.png; name = keyboard32.png; path = images/keyboard32.png; sourceTree = "<group>"; };
		50A0E0200A8F33120067714C /* IOKit.framework */ = {isa = PBXFileReference; lastKnownFileType = wrapper.framework; name = IOKit.framework; path = /System/Library/Frameworks/IOKit.framework; sourceTree = "<absolute>"; };
		50A0E0240A8F332A0067714C /* System.framework */ = {isa = PBXFileReference; lastKnownFileType = wrapper.framework; name = System.framework; path = /System/Library/Frameworks/System.framework; sourceTree = "<absolute>"; };
		50A3E0890E66F7BC00D3564D /* play32.png */ = {isa = PBXFileReference; lastKnownFileType = image.png; name = play32.png; path = images/play32.png; sourceTree = "<group>"; };
		50A3E08B0E66F7C400D3564D /* pause32.png */ = {isa = PBXFileReference; lastKnownFileType = image.png; name = pause32.png; path = images/pause32.png; sourceTree = "<group>"; };
		50A52A170C2FD43700A1377F /* D64Archive.h */ = {isa = PBXFileReference; fileEncoding = 4; lastKnownFileType = sourcecode.c.h; path = D64Archive.h; sourceTree = "<group>"; };
		50A52A180C2FD43700A1377F /* D64Archive.cpp */ = {isa = PBXFileReference; fileEncoding = 4; lastKnownFileType = sourcecode.cpp.cpp; path = D64Archive.cpp; sourceTree = "<group>"; };
		50A8F8F10E47171300ACE17D /* RomDialog.h */ = {isa = PBXFileReference; fileEncoding = 4; lastKnownFileType = sourcecode.c.h; path = RomDialog.h; sourceTree = "<group>"; };
		50A8F8F20E47171300ACE17D /* RomDialog.mm */ = {isa = PBXFileReference; fileEncoding = 4; lastKnownFileType = sourcecode.cpp.objcpp; path = RomDialog.mm; sourceTree = "<group>"; };
		50A8F9E90E472BA800ACE17D /* romMissing.png */ = {isa = PBXFileReference; lastKnownFileType = image.png; name = romMissing.png; path = images/romMissing.png; sourceTree = "<group>"; };
		50AFEDBB0C3A7A78007749E7 /* Archive.cpp */ = {isa = PBXFileReference; fileEncoding = 4; lastKnownFileType = sourcecode.cpp.cpp; path = Archive.cpp; sourceTree = "<group>"; };
		50B1032E121E7C4C003E7729 /* GLUT.framework */ = {isa = PBXFileReference; lastKnownFileType = wrapper.framework; name = GLUT.framework; path = System/Library/Frameworks/GLUT.framework; sourceTree = SDKROOT; };
		50B10337121E7C70003E7729 /* QuartzCore.framework */ = {isa = PBXFileReference; lastKnownFileType = wrapper.framework; name = QuartzCore.framework; path = System/Library/Frameworks/QuartzCore.framework; sourceTree = SDKROOT; };
		50B58B1D0A5A6524000AD819 /* OpenGL.framework */ = {isa = PBXFileReference; lastKnownFileType = wrapper.framework; name = OpenGL.framework; path = /System/Library/Frameworks/OpenGL.framework; sourceTree = "<absolute>"; };
		50CA0D500A9076FD00A5A08D /* SID.h */ = {isa = PBXFileReference; fileEncoding = 4; lastKnownFileType = sourcecode.c.h; path = SID.h; sourceTree = "<group>"; };
		50CA0D510A9076FD00A5A08D /* SID.cpp */ = {isa = PBXFileReference; fileEncoding = 4; lastKnownFileType = sourcecode.cpp.cpp; path = SID.cpp; sourceTree = "<group>"; };
		50D5004B0C2ED1200022CA3A /* Archive.h */ = {isa = PBXFileReference; fileEncoding = 4; lastKnownFileType = sourcecode.c.h; path = Archive.h; sourceTree = "<group>"; };
		50D500500C2ED13F0022CA3A /* T64Archive.h */ = {isa = PBXFileReference; fileEncoding = 4; lastKnownFileType = sourcecode.c.h; path = T64Archive.h; sourceTree = "<group>"; };
		50D500510C2ED13F0022CA3A /* T64Archive.cpp */ = {isa = PBXFileReference; fileEncoding = 4; lastKnownFileType = sourcecode.cpp.cpp; path = T64Archive.cpp; sourceTree = "<group>"; };
		50D5FDB20C2E9CF50022CA3A /* MountDialog.h */ = {isa = PBXFileReference; fileEncoding = 30; lastKnownFileType = sourcecode.c.h; path = MountDialog.h; sourceTree = "<group>"; };
		50D5FDB30C2E9CF50022CA3A /* MountDialog.mm */ = {isa = PBXFileReference; fileEncoding = 30; lastKnownFileType = sourcecode.cpp.objcpp; path = MountDialog.mm; sourceTree = "<group>"; };
		50D861780A7DEEAE00782345 /* DocIcon.icns */ = {isa = PBXFileReference; lastKnownFileType = image.icns; path = DocIcon.icns; sourceTree = "<group>"; };
		50DA14A20A6418470022B4A7 /* bottom.png */ = {isa = PBXFileReference; lastKnownFileType = image.png; name = bottom.png; path = images/bottom.png; sourceTree = "<group>"; };
		50DA15490A642EA20022B4A7 /* window_fullscreen.png */ = {isa = PBXFileReference; lastKnownFileType = image.png; name = window_fullscreen.png; path = images/window_fullscreen.png; sourceTree = "<group>"; };
		50DAD6900A736F9B00BB44AC /* VirtualComponent.h */ = {isa = PBXFileReference; fileEncoding = 4; lastKnownFileType = sourcecode.c.h; path = VirtualComponent.h; sourceTree = "<group>"; };
		50DAD6910A736F9B00BB44AC /* VirtualComponent.cpp */ = {isa = PBXFileReference; fileEncoding = 4; lastKnownFileType = sourcecode.cpp.cpp; path = VirtualComponent.cpp; sourceTree = "<group>"; };
		50E4BFA60C3CE95400CB6B43 /* floppy.png */ = {isa = PBXFileReference; lastKnownFileType = image.png; name = floppy.png; path = images/floppy.png; sourceTree = "<group>"; };
		50E4BFA90C3CEAB700CB6B43 /* warpOff.png */ = {isa = PBXFileReference; lastKnownFileType = image.png; name = warpOff.png; path = images/warpOff.png; sourceTree = "<group>"; };
		50E4BFAB0C3CEAD100CB6B43 /* warpOn.png */ = {isa = PBXFileReference; lastKnownFileType = image.png; name = warpOn.png; path = images/warpOn.png; sourceTree = "<group>"; };
		50E4C0230C3CFBC300CB6B43 /* soundOff.png */ = {isa = PBXFileReference; lastKnownFileType = image.png; name = soundOff.png; path = images/soundOff.png; sourceTree = "<group>"; };
		50E4C0250C3CFBC700CB6B43 /* soundOn.png */ = {isa = PBXFileReference; lastKnownFileType = image.png; name = soundOn.png; path = images/soundOn.png; sourceTree = "<group>"; };
		50E4C0270C3CFBE400CB6B43 /* fullscreen.png */ = {isa = PBXFileReference; lastKnownFileType = image.png; name = fullscreen.png; path = images/fullscreen.png; sourceTree = "<group>"; };
		50E555FC0C42698E00AFB05F /* flag_usa.png */ = {isa = PBXFileReference; lastKnownFileType = image.png; name = flag_usa.png; path = images/flag_usa.png; sourceTree = "<group>"; };
		50E555FE0C42699300AFB05F /* flag_eu.png */ = {isa = PBXFileReference; lastKnownFileType = image.png; name = flag_eu.png; path = images/flag_eu.png; sourceTree = "<group>"; };
		50F4D2930C46262700ED4E4E /* ResetImage.VC64 */ = {isa = PBXFileReference; lastKnownFileType = file; path = ResetImage.VC64; sourceTree = "<group>"; };
		50F55DA40F28EADC0040592B /* English */ = {isa = PBXFileReference; lastKnownFileType = file.xib; name = English; path = English.lproj/MyDocument.xib; sourceTree = "<group>"; };
		50F55DCC0F28EC010040592B /* English */ = {isa = PBXFileReference; lastKnownFileType = file.xib; name = English; path = English.lproj/MainMenu.xib; sourceTree = "<group>"; };
		50F55DD00F28EC2D0040592B /* English */ = {isa = PBXFileReference; lastKnownFileType = file.xib; name = English; path = English.lproj/Preferences.xib; sourceTree = "<group>"; };
		8D15AC360486D014006FF6A4 /* Info.plist */ = {isa = PBXFileReference; fileEncoding = 4; lastKnownFileType = text.plist; path = Info.plist; sourceTree = "<group>"; };
		8D15AC370486D014006FF6A4 /* VirtualC64.app */ = {isa = PBXFileReference; explicitFileType = wrapper.application; includeInIndex = 0; path = VirtualC64.app; sourceTree = BUILT_PRODUCTS_DIR; };
		BC8146860FE54238007ED085 /* JoystickManager.h */ = {isa = PBXFileReference; fileEncoding = 4; lastKnownFileType = sourcecode.c.h; path = JoystickManager.h; sourceTree = "<group>"; };
		BC8146870FE54238007ED085 /* JoystickManager.mm */ = {isa = PBXFileReference; fileEncoding = 4; lastKnownFileType = sourcecode.cpp.objcpp; path = JoystickManager.mm; sourceTree = "<group>"; };
/* End PBXFileReference section */

/* Begin PBXFrameworksBuildPhase section */
		8D15AC330486D014006FF6A4 /* Frameworks */ = {
			isa = PBXFrameworksBuildPhase;
			buildActionMask = 2147483647;
			files = (
				8D15AC340486D014006FF6A4 /* Cocoa.framework in Frameworks */,
				50B58B1E0A5A6524000AD819 /* OpenGL.framework in Frameworks */,
				50A0E0210A8F33120067714C /* IOKit.framework in Frameworks */,
				50A0E0250A8F332A0067714C /* System.framework in Frameworks */,
				025229EF0AF27E740024DAB3 /* CoreAudio.framework in Frameworks */,
				50B1032F121E7C4C003E7729 /* GLUT.framework in Frameworks */,
				50B10338121E7C70003E7729 /* QuartzCore.framework in Frameworks */,
				503A5A9A1222767C00EAA95E /* Sparkle.framework in Frameworks */,
			);
			runOnlyForDeploymentPostprocessing = 0;
		};
/* End PBXFrameworksBuildPhase section */

/* Begin PBXGroup section */
		1058C7A6FEA54F5311CA2CBB /* Linked Frameworks */ = {
			isa = PBXGroup;
			children = (
				503A5A991222767C00EAA95E /* Sparkle.framework */,
				1058C7A7FEA54F5311CA2CBB /* Cocoa.framework */,
			);
			name = "Linked Frameworks";
			sourceTree = "<group>";
		};
		1058C7A8FEA54F5311CA2CBB /* Other Frameworks */ = {
			isa = PBXGroup;
			children = (
				2A37F4C4FDCFA73011CA2CEA /* AppKit.framework */,
				13E42FBA07B3F13500E4EEF1 /* CoreData.framework */,
				2A37F4C5FDCFA73011CA2CEA /* Foundation.framework */,
			);
			name = "Other Frameworks";
			sourceTree = "<group>";
		};
		19C28FB0FE9D524F11CA2CBB /* Products */ = {
			isa = PBXGroup;
			children = (
				8D15AC370486D014006FF6A4 /* VirtualC64.app */,
			);
			name = Products;
			sourceTree = "<group>";
		};
		2A37F4AAFDCFA73011CA2CEA /* V64 */ = {
			isa = PBXGroup;
			children = (
				2A37F4ABFDCFA73011CA2CEA /* Classes */,
				2A37F4AFFDCFA73011CA2CEA /* Other Sources */,
				2A37F4B8FDCFA73011CA2CEA /* Resources */,
				2A37F4C3FDCFA73011CA2CEA /* Frameworks */,
				19C28FB0FE9D524F11CA2CBB /* Products */,
			);
			name = V64;
			sourceTree = "<group>";
		};
		2A37F4ABFDCFA73011CA2CEA /* Classes */ = {
			isa = PBXGroup;
			children = (
				50176C6D0A6F7357009E80BD /* MacGUI */,
				50176C4E0A6F72F3009E80BD /* C64 */,
			);
			name = Classes;
			sourceTree = "<group>";
		};
		2A37F4AFFDCFA73011CA2CEA /* Other Sources */ = {
			isa = PBXGroup;
			children = (
				32DBCF750370BD2300C91783 /* V64_Prefix.pch */,
				2A37F4B0FDCFA73011CA2CEA /* main.m */,
			);
			name = "Other Sources";
			sourceTree = "<group>";
		};
		2A37F4B8FDCFA73011CA2CEA /* Resources */ = {
			isa = PBXGroup;
			children = (
				503A5AD612227C0300EAA95E /* dsa_pub.pem */,
				50F55DA30F28EADC0040592B /* MyDocument.xib */,
				50F55DCB0F28EC010040592B /* MainMenu.xib */,
				50F55DCF0F28EC2D0040592B /* Preferences.xib */,
				50F4D28F0C4625E200ED4E4E /* Snapshots */,
				50732BCA0A70D560008D8FF0 /* Images */,
				2A37F4B9FDCFA73011CA2CEA /* Credits.rtf */,
				8D15AC360486D014006FF6A4 /* Info.plist */,
				089C165FFE840EACC02AAC07 /* InfoPlist.strings */,
			);
			name = Resources;
			sourceTree = "<group>";
		};
		2A37F4C3FDCFA73011CA2CEA /* Frameworks */ = {
			isa = PBXGroup;
			children = (
				50B10337121E7C70003E7729 /* QuartzCore.framework */,
				50B1032E121E7C4C003E7729 /* GLUT.framework */,
				025229EE0AF27E740024DAB3 /* CoreAudio.framework */,
				50A0E0240A8F332A0067714C /* System.framework */,
				50A0E0200A8F33120067714C /* IOKit.framework */,
				50B58B1D0A5A6524000AD819 /* OpenGL.framework */,
				1058C7A6FEA54F5311CA2CBB /* Linked Frameworks */,
				1058C7A8FEA54F5311CA2CBB /* Other Frameworks */,
			);
			name = Frameworks;
			sourceTree = "<group>";
		};
		5000C8070D13CE490011A2E9 /* Memory */ = {
			isa = PBXGroup;
			children = (
				50176C5C0A6F72F3009E80BD /* Memory.h */,
				50176C5B0A6F72F3009E80BD /* Memory.cpp */,
				5000C80E0D13CE680011A2E9 /* C64Memory.h */,
				5000C80D0D13CE680011A2E9 /* C64Memory.cpp */,
				5000C9610D13DED40011A2E9 /* VC1541Memory.h */,
				5000C9620D13DED40011A2E9 /* VC1541Memory.cpp */,
			);
			name = Memory;
			sourceTree = "<group>";
		};
		50176C4E0A6F72F3009E80BD /* C64 */ = {
			isa = PBXGroup;
			children = (
				5000C8070D13CE490011A2E9 /* Memory */,
				504B39910C45192700286F18 /* Drive */,
				509AE9FE0C3249D4001FC9FD /* Loading and saving */,
				50176C500A6F72F3009E80BD /* basic.h */,
				50176C4F0A6F72F3009E80BD /* basic.cpp */,
				500EC04F10E4DCC4005A19A3 /* Message.h */,
				500EC05010E4DCC4005A19A3 /* Message.cpp */,
				50176C520A6F72F3009E80BD /* C64.h */,
				50176C510A6F72F3009E80BD /* C64.cpp */,
				50176C540A6F72F3009E80BD /* CIA.h */,
				50176C530A6F72F3009E80BD /* CIA.cpp */,
				503DF0D80F18BFDE00DC5C11 /* Timer.h */,
				503DF0D90F18BFDE00DC5C11 /* Timer.cpp */,
				500B6CA30B905CEC002C36EC /* TOD.h */,
				500B6CA40B905CEC002C36EC /* TOD.cpp */,
				50176C600A6F72F3009E80BD /* VIC.h */,
				50176C5F0A6F72F3009E80BD /* VIC.cpp */,
				5007A5EB0C3FC99F0069B0CE /* VIC_colors.cpp */,
				50CA0D500A9076FD00A5A08D /* SID.h */,
				50CA0D510A9076FD00A5A08D /* SID.cpp */,
				020214250AF8E599008AB4EB /* SIDVoice.h */,
				020214260AF8E599008AB4EB /* SIDVoice.cpp */,
				50176C560A6F72F3009E80BD /* CPU.h */,
				50176C550A6F72F3009E80BD /* CPU.cpp */,
				50176C580A6F72F3009E80BD /* Instructions.h */,
				50176C570A6F72F3009E80BD /* Instructions.cpp */,
				50176C5A0A6F72F3009E80BD /* Keyboard.h */,
				50176C590A6F72F3009E80BD /* Keyboard.cpp */,
				389E777F0C7A3B6F00BEAFA6 /* Joystick.h */,
				389E777E0C7A3B6F00BEAFA6 /* Joystick.cpp */,
				50DAD6900A736F9B00BB44AC /* VirtualComponent.h */,
				50DAD6910A736F9B00BB44AC /* VirtualComponent.cpp */,
				5020F28A0BBABE3C0093C396 /* IEC.h */,
				5020F28B0BBABE3C0093C396 /* IEC.cpp */,
			);
			path = C64;
			sourceTree = "<group>";
		};
		50176C6D0A6F7357009E80BD /* MacGUI */ = {
			isa = PBXGroup;
			children = (
				BC8146860FE54238007ED085 /* JoystickManager.h */,
				BC8146870FE54238007ED085 /* JoystickManager.mm */,
				50176C720A6F7357009E80BD /* Formatter.h */,
				50176C730A6F7357009E80BD /* Formatter.mm */,
				50176C700A6F7357009E80BD /* Disassembler.h */,
				50176C710A6F7357009E80BD /* Disassembler.mm */,
				50176C750A6F7357009E80BD /* MyDocument.h */,
				50176C760A6F7357009E80BD /* MyDocument.mm */,
				50176C770A6F7357009E80BD /* VICScreen.h */,
				50176C780A6F7357009E80BD /* VICScreen.mm */,
				50176C790A6F7357009E80BD /* C64Proxy.h */,
				50176C7A0A6F7357009E80BD /* C64Proxy.mm */,
				023023FE0DC902A700F8818A /* AudioDevice.h */,
				023023FF0DC902A700F8818A /* AudioDevice.mm */,
				50D5FDB20C2E9CF50022CA3A /* MountDialog.h */,
				50D5FDB30C2E9CF50022CA3A /* MountDialog.mm */,
				5007A4860C3F9D6A0069B0CE /* PreferenceController.h */,
				5007A4870C3F9D6A0069B0CE /* PreferenceController.mm */,
				50A8F8F10E47171300ACE17D /* RomDialog.h */,
				50A8F8F20E47171300ACE17D /* RomDialog.mm */,
			);
			path = MacGUI;
			sourceTree = "<group>";
		};
		504B39910C45192700286F18 /* Drive */ = {
			isa = PBXGroup;
			children = (
				5000C8220D13CEE10011A2E9 /* VC1541.h */,
				5000C8230D13CEE10011A2E9 /* VC1541.cpp */,
				500FC6770D17D2190044131D /* VIA6522.h */,
				500FC6780D17D2190044131D /* VIA6522.cpp */,
			);
			name = Drive;
			sourceTree = "<group>";
		};
		50732BCA0A70D560008D8FF0 /* Images */ = {
			isa = PBXGroup;
			children = (
				5041486812219F6E00A80E0C /* cartridge.png */,
				504CEE7C0C46774F001F4E51 /* BigIcon.png */,
				504CEEA20C467C4E001F4E51 /* BigIconTransparent.tiff */,
				50DA14A20A6418470022B4A7 /* bottom.png */,
				502562AE0C4AA0C7008AAB85 /* c64.png */,
				50471FED0A7B67B800A8DB94 /* debugger32.png */,
				50D861780A7DEEAE00782345 /* DocIcon.icns */,
				50E555FE0C42699300AFB05F /* flag_eu.png */,
				50E555FC0C42698E00AFB05F /* flag_usa.png */,
				50E4BFA60C3CE95400CB6B43 /* floppy.png */,
				50E4C0270C3CFBE400CB6B43 /* fullscreen.png */,
				38AF83890C7BA24A00F6DBCE /* joystick1_32.png */,
				38AF838A0C7BA24A00F6DBCE /* joystick2_32.png */,
				509DF2470A9F681900AE0859 /* keyboard32.png */,
				5005966D0D23FA1C00FD44B3 /* LEDblue.png */,
				500596670D23F9E800FD44B3 /* LEDgray.png */,
				500596660D23F9E800FD44B3 /* LEDgreen.png */,
				500596650D23F9E800FD44B3 /* LEDred.png */,
				5005966B0D23FA1800FD44B3 /* LEDyellow.png */,
				502663140C4398460094233B /* nebula.jpg */,
				38AF838B0C7BA24A00F6DBCE /* none_32.png */,
				50A3E08B0E66F7C400D3564D /* pause32.png */,
				50A3E0890E66F7BC00D3564D /* play32.png */,
				500B9D360C40E554008237C6 /* pref_disk.png */,
				500B9D3C0C40E563008237C6 /* pref_grafik.png */,
				500B9D400C40F03C008237C6 /* pref_ntsc.png */,
				500B9D3E0C40F037008237C6 /* pref_pal.png */,
				500B9D3A0C40E55F008237C6 /* pref_sound.png */,
				500B9D380C40E55A008237C6 /* pref_system.png */,
				50471FEB0A7B67AE00A8DB94 /* restart32.png */,
				5094197C0E426C13008D6F71 /* rom.png */,
				50A8F9E90E472BA800ACE17D /* romMissing.png */,
				50E4C0230C3CFBC300CB6B43 /* soundOff.png */,
				50E4C0250C3CFBC700CB6B43 /* soundOn.png */,
				50471FE50A7B679A00A8DB94 /* stepInto32.png */,
				50287EEA0A7CA86900292533 /* stepOut32.png */,
				50471FE70A7B67A100A8DB94 /* stepOver32.png */,
				506910C70A74EAE100F48A7F /* VirtualC64Icon.icns */,
				50E4BFA90C3CEAB700CB6B43 /* warpOff.png */,
				50E4BFAB0C3CEAD100CB6B43 /* warpOn.png */,
				50DA15490A642EA20022B4A7 /* window_fullscreen.png */,
			);
			name = Images;
			sourceTree = "<group>";
		};
		509AE9FE0C3249D4001FC9FD /* Loading and saving */ = {
			isa = PBXGroup;
			children = (
				5018E47F12240F7100F0820E /* Container.h */,
				5018E48012240F7100F0820E /* Container.cpp */,
				50D5004B0C2ED1200022CA3A /* Archive.h */,
				50AFEDBB0C3A7A78007749E7 /* Archive.cpp */,
				50414725122188FC00A80E0C /* Cartridge.cpp */,
				50414726122188FC00A80E0C /* Cartridge.h */,
				505EB09F0F3047C300960BC0 /* Snapshot.h */,
				505EB0A00F3047C300960BC0 /* Snapshot.cpp */,
				50D500500C2ED13F0022CA3A /* T64Archive.h */,
				50D500510C2ED13F0022CA3A /* T64Archive.cpp */,
				50A52A170C2FD43700A1377F /* D64Archive.h */,
				50A52A180C2FD43700A1377F /* D64Archive.cpp */,
				509AEA0A0C324AB0001FC9FD /* PRGArchive.h */,
				509AEA0B0C324AB0001FC9FD /* PRGArchive.cpp */,
				509AEAFD0C325EFB001FC9FD /* P00Archive.h */,
				509AEAFE0C325EFB001FC9FD /* P00Archive.cpp */,
			);
			name = "Loading and saving";
			sourceTree = "<group>";
		};
		50F4D28F0C4625E200ED4E4E /* Snapshots */ = {
			isa = PBXGroup;
			children = (
				50F4D2930C46262700ED4E4E /* ResetImage.VC64 */,
			);
			name = Snapshots;
			sourceTree = "<group>";
		};
/* End PBXGroup section */

/* Begin PBXNativeTarget section */
		8D15AC270486D014006FF6A4 /* VirtualC64 */ = {
			isa = PBXNativeTarget;
			buildConfigurationList = 504F83690A89E0D2009FA225 /* Build configuration list for PBXNativeTarget "VirtualC64" */;
			buildPhases = (
				020E6BF30B0E754F0015C3A6 /* ShellScript */,
				8D15AC2B0486D014006FF6A4 /* Resources */,
				8D15AC300486D014006FF6A4 /* Sources */,
				8D15AC330486D014006FF6A4 /* Frameworks */,
				503A5AC41222781A00EAA95E /* CopyFiles */,
			);
			buildRules = (
			);
			dependencies = (
			);
			name = VirtualC64;
			productInstallPath = "$(HOME)/Applications";
			productName = V64;
			productReference = 8D15AC370486D014006FF6A4 /* VirtualC64.app */;
			productType = "com.apple.product-type.application";
		};
/* End PBXNativeTarget section */

/* Begin PBXProject section */
		2A37F4A9FDCFA73011CA2CEA /* Project object */ = {
			isa = PBXProject;
			buildConfigurationList = 504F836D0A89E0D2009FA225 /* Build configuration list for PBXProject "V64" */;
			compatibilityVersion = "Xcode 2.4";
			hasScannedForEncodings = 1;
			mainGroup = 2A37F4AAFDCFA73011CA2CEA /* V64 */;
			projectDirPath = "";
			projectRoot = "";
			targets = (
				8D15AC270486D014006FF6A4 /* VirtualC64 */,
			);
		};
/* End PBXProject section */

/* Begin PBXResourcesBuildPhase section */
		8D15AC2B0486D014006FF6A4 /* Resources */ = {
			isa = PBXResourcesBuildPhase;
			buildActionMask = 2147483647;
			files = (
				8D15AC2C0486D014006FF6A4 /* Credits.rtf in Resources */,
				8D15AC2F0486D014006FF6A4 /* InfoPlist.strings in Resources */,
				50DA14A30A6418470022B4A7 /* bottom.png in Resources */,
				50DA154A0A642EA20022B4A7 /* window_fullscreen.png in Resources */,
				506910C80A74EAE100F48A7F /* VirtualC64Icon.icns in Resources */,
				50471FE60A7B679A00A8DB94 /* stepInto32.png in Resources */,
				50471FE80A7B67A100A8DB94 /* stepOver32.png in Resources */,
				50471FEC0A7B67AE00A8DB94 /* restart32.png in Resources */,
				50471FEE0A7B67B800A8DB94 /* debugger32.png in Resources */,
				50287EEB0A7CA86900292533 /* stepOut32.png in Resources */,
				50D861790A7DEEAE00782345 /* DocIcon.icns in Resources */,
				509DF2480A9F681900AE0859 /* keyboard32.png in Resources */,
				50E4BFA70C3CE95400CB6B43 /* floppy.png in Resources */,
				50E4BFAA0C3CEAB700CB6B43 /* warpOff.png in Resources */,
				50E4BFAC0C3CEAD100CB6B43 /* warpOn.png in Resources */,
				50E4C0240C3CFBC300CB6B43 /* soundOff.png in Resources */,
				50E4C0260C3CFBC700CB6B43 /* soundOn.png in Resources */,
				50E4C0280C3CFBE400CB6B43 /* fullscreen.png in Resources */,
				500B9D370C40E554008237C6 /* pref_disk.png in Resources */,
				500B9D390C40E55A008237C6 /* pref_system.png in Resources */,
				500B9D3B0C40E55F008237C6 /* pref_sound.png in Resources */,
				500B9D3D0C40E563008237C6 /* pref_grafik.png in Resources */,
				500B9D3F0C40F037008237C6 /* pref_pal.png in Resources */,
				500B9D410C40F03C008237C6 /* pref_ntsc.png in Resources */,
				50E555FD0C42698E00AFB05F /* flag_usa.png in Resources */,
				50E555FF0C42699300AFB05F /* flag_eu.png in Resources */,
				502663150C4398460094233B /* nebula.jpg in Resources */,
				50F4D2940C46262700ED4E4E /* ResetImage.VC64 in Resources */,
				504CEE7D0C46774F001F4E51 /* BigIcon.png in Resources */,
				504CEEA30C467C4E001F4E51 /* BigIconTransparent.tiff in Resources */,
				502562AF0C4AA0C7008AAB85 /* c64.png in Resources */,
				38AF838C0C7BA24A00F6DBCE /* joystick1_32.png in Resources */,
				38AF838D0C7BA24A00F6DBCE /* joystick2_32.png in Resources */,
				38AF838E0C7BA24A00F6DBCE /* none_32.png in Resources */,
				500596680D23F9E800FD44B3 /* LEDred.png in Resources */,
				500596690D23F9E800FD44B3 /* LEDgreen.png in Resources */,
				5005966A0D23F9E800FD44B3 /* LEDgray.png in Resources */,
				5005966C0D23FA1800FD44B3 /* LEDyellow.png in Resources */,
				5005966E0D23FA1C00FD44B3 /* LEDblue.png in Resources */,
				5094197D0E426C13008D6F71 /* rom.png in Resources */,
				50A8F9EA0E472BA800ACE17D /* romMissing.png in Resources */,
				50A3E08A0E66F7BC00D3564D /* play32.png in Resources */,
				50A3E08C0E66F7C400D3564D /* pause32.png in Resources */,
				50F55DA50F28EADC0040592B /* MyDocument.xib in Resources */,
				50F55DCD0F28EC010040592B /* MainMenu.xib in Resources */,
				50F55DD10F28EC2D0040592B /* Preferences.xib in Resources */,
				5041486912219F6E00A80E0C /* cartridge.png in Resources */,
				503A5AD712227C0300EAA95E /* dsa_pub.pem in Resources */,
			);
			runOnlyForDeploymentPostprocessing = 0;
		};
/* End PBXResourcesBuildPhase section */

/* Begin PBXShellScriptBuildPhase section */
		020E6BF30B0E754F0015C3A6 /* ShellScript */ = {
			isa = PBXShellScriptBuildPhase;
			buildActionMask = 12;
			files = (
			);
			inputPaths = (
			);
			outputPaths = (
			);
			runOnlyForDeploymentPostprocessing = 0;
			shellPath = /bin/sh;
			shellScript = "";
		};
/* End PBXShellScriptBuildPhase section */

/* Begin PBXSourcesBuildPhase section */
		8D15AC300486D014006FF6A4 /* Sources */ = {
			isa = PBXSourcesBuildPhase;
			buildActionMask = 2147483647;
			files = (
				8D15AC320486D014006FF6A4 /* main.m in Sources */,
				50176C630A6F72F3009E80BD /* basic.cpp in Sources */,
				50176C640A6F72F3009E80BD /* C64.cpp in Sources */,
				50176C650A6F72F3009E80BD /* CIA.cpp in Sources */,
				50176C660A6F72F3009E80BD /* CPU.cpp in Sources */,
				50176C670A6F72F3009E80BD /* Instructions.cpp in Sources */,
				50176C680A6F72F3009E80BD /* Keyboard.cpp in Sources */,
				50176C690A6F72F3009E80BD /* Memory.cpp in Sources */,
				50176C6B0A6F72F3009E80BD /* VIC.cpp in Sources */,
				50176C7C0A6F7357009E80BD /* Disassembler.mm in Sources */,
				50176C7D0A6F7357009E80BD /* Formatter.mm in Sources */,
				50176C7F0A6F7357009E80BD /* MyDocument.mm in Sources */,
				50176C800A6F7357009E80BD /* VICScreen.mm in Sources */,
				50176C810A6F7357009E80BD /* C64Proxy.mm in Sources */,
				50DAD6920A736F9B00BB44AC /* VirtualComponent.cpp in Sources */,
				50CA0D520A9076FD00A5A08D /* SID.cpp in Sources */,
				020214270AF8E599008AB4EB /* SIDVoice.cpp in Sources */,
				500B6CA50B905CEC002C36EC /* TOD.cpp in Sources */,
				5020F28C0BBABE3C0093C396 /* IEC.cpp in Sources */,
				50D5FDB40C2E9CF50022CA3A /* MountDialog.mm in Sources */,
				50D500520C2ED13F0022CA3A /* T64Archive.cpp in Sources */,
				50A52A190C2FD43700A1377F /* D64Archive.cpp in Sources */,
				509AEA0C0C324AB0001FC9FD /* PRGArchive.cpp in Sources */,
				509AEAFF0C325EFB001FC9FD /* P00Archive.cpp in Sources */,
				50AFEDBC0C3A7A78007749E7 /* Archive.cpp in Sources */,
				5007A4880C3F9D6A0069B0CE /* PreferenceController.mm in Sources */,
				5007A5EC0C3FC99F0069B0CE /* VIC_colors.cpp in Sources */,
				389E77800C7A3B6F00BEAFA6 /* Joystick.cpp in Sources */,
				5000C80F0D13CE680011A2E9 /* C64Memory.cpp in Sources */,
				5000C8240D13CEE10011A2E9 /* VC1541.cpp in Sources */,
				5000C9630D13DED40011A2E9 /* VC1541Memory.cpp in Sources */,
				500FC6790D17D2190044131D /* VIA6522.cpp in Sources */,
				023024000DC902A700F8818A /* AudioDevice.mm in Sources */,
				50A8F8F30E47171300ACE17D /* RomDialog.mm in Sources */,
				503DF0DA0F18BFDE00DC5C11 /* Timer.cpp in Sources */,
				505EB0A10F3047C300960BC0 /* Snapshot.cpp in Sources */,
				BC8146880FE54238007ED085 /* JoystickManager.mm in Sources */,
				500EC05110E4DCC4005A19A3 /* Message.cpp in Sources */,
				50414727122188FC00A80E0C /* Cartridge.cpp in Sources */,
				5018E48112240F7100F0820E /* Container.cpp in Sources */,
			);
			runOnlyForDeploymentPostprocessing = 0;
		};
/* End PBXSourcesBuildPhase section */

/* Begin PBXVariantGroup section */
		089C165FFE840EACC02AAC07 /* InfoPlist.strings */ = {
			isa = PBXVariantGroup;
			children = (
				089C1660FE840EACC02AAC07 /* English */,
			);
			name = InfoPlist.strings;
			sourceTree = "<group>";
		};
		2A37F4B9FDCFA73011CA2CEA /* Credits.rtf */ = {
			isa = PBXVariantGroup;
			children = (
				2A37F4BAFDCFA73011CA2CEA /* English */,
			);
			name = Credits.rtf;
			sourceTree = "<group>";
		};
		50F55DA30F28EADC0040592B /* MyDocument.xib */ = {
			isa = PBXVariantGroup;
			children = (
				50F55DA40F28EADC0040592B /* English */,
			);
			name = MyDocument.xib;
			sourceTree = "<group>";
		};
		50F55DCB0F28EC010040592B /* MainMenu.xib */ = {
			isa = PBXVariantGroup;
			children = (
				50F55DCC0F28EC010040592B /* English */,
			);
			name = MainMenu.xib;
			sourceTree = "<group>";
		};
		50F55DCF0F28EC2D0040592B /* Preferences.xib */ = {
			isa = PBXVariantGroup;
			children = (
				50F55DD00F28EC2D0040592B /* English */,
			);
			name = Preferences.xib;
			sourceTree = "<group>";
		};
/* End PBXVariantGroup section */

/* Begin XCBuildConfiguration section */
		504F836A0A89E0D2009FA225 /* Development */ = {
			isa = XCBuildConfiguration;
			buildSettings = {
				ARCHS = "$(NATIVE_ARCH)";
				COPY_PHASE_STRIP = NO;
				FRAMEWORK_SEARCH_PATHS = (
					"$(inherited)",
					"$(FRAMEWORK_SEARCH_PATHS_QUOTED_1)",
					"$(FRAMEWORK_SEARCH_PATHS_QUOTED_FOR_TARGET_1)",
				);
				FRAMEWORK_SEARCH_PATHS_QUOTED_FOR_TARGET_1 = "\"$(SRCROOT)\"";
				GCC_DYNAMIC_NO_PIC = NO;
				GCC_ENABLE_FIX_AND_CONTINUE = YES;
				GCC_GENERATE_DEBUGGING_SYMBOLS = YES;
				GCC_OPTIMIZATION_LEVEL = 0;
				GCC_PRECOMPILE_PREFIX_HEADER = YES;
				GCC_PREFIX_HEADER = V64_Prefix.pch;
				GCC_PREPROCESSOR_DEFINITIONS = "";
				GCC_WARN_ABOUT_RETURN_TYPE = YES;
				GCC_WARN_PEDANTIC = YES;
				GCC_WARN_UNUSED_VARIABLE = YES;
				INFOPLIST_FILE = Info.plist;
				INSTALL_PATH = "$(HOME)/Applications";
				PREBINDING = NO;
				PRODUCT_NAME = VirtualC64;
				SDKROOT = "$(DEVELOPER_SDK_DIR)/MacOSX10.6.sdk";
				WRAPPER_EXTENSION = app;
				ZERO_LINK = YES;
			};
			name = Development;
		};
		504F836B0A89E0D2009FA225 /* Deployment */ = {
			isa = XCBuildConfiguration;
			buildSettings = {
				ARCHS = "$(NATIVE_ARCH)";
				COPY_PHASE_STRIP = YES;
				FRAMEWORK_SEARCH_PATHS = (
					"$(inherited)",
					"$(FRAMEWORK_SEARCH_PATHS_QUOTED_FOR_TARGET_1)",
				);
				FRAMEWORK_SEARCH_PATHS_QUOTED_1 = "\"$(SYSTEM_DEVELOPER_DIR)/SDKs/MacOSX10.4u.sdk/System/Library/Frameworks\"";
				FRAMEWORK_SEARCH_PATHS_QUOTED_FOR_TARGET_1 = "\"$(SRCROOT)\"";
				GCC_ENABLE_FIX_AND_CONTINUE = NO;
				GCC_GENERATE_DEBUGGING_SYMBOLS = NO;
				GCC_PRECOMPILE_PREFIX_HEADER = YES;
				GCC_PREFIX_HEADER = V64_Prefix.pch;
				GCC_PREPROCESSOR_DEFINITIONS = "";
				GCC_WARN_ABOUT_RETURN_TYPE = YES;
				GCC_WARN_PEDANTIC = YES;
				GCC_WARN_UNUSED_VARIABLE = YES;
				INFOPLIST_FILE = Info.plist;
				INSTALL_PATH = "$(HOME)/Applications";
				PREBINDING = NO;
				PRODUCT_NAME = VirtualC64;
				SDKROOT = "$(DEVELOPER_SDK_DIR)/MacOSX10.6.sdk";
				WARNING_CFLAGS = "-Wall";
				WRAPPER_EXTENSION = app;
				ZERO_LINK = NO;
			};
			name = Deployment;
		};
		504F836C0A89E0D2009FA225 /* Default */ = {
			isa = XCBuildConfiguration;
			buildSettings = {
				FRAMEWORK_SEARCH_PATHS = (
					"$(inherited)",
					"$(FRAMEWORK_SEARCH_PATHS_QUOTED_1)",
					"$(FRAMEWORK_SEARCH_PATHS_QUOTED_FOR_TARGET_1)",
				);
				FRAMEWORK_SEARCH_PATHS_QUOTED_1 = "\"$(SYSTEM_DEVELOPER_DIR)/SDKs/MacOSX10.4u.sdk/System/Library/Frameworks\"";
				FRAMEWORK_SEARCH_PATHS_QUOTED_FOR_TARGET_1 = "\"$(SRCROOT)\"";
				GCC_GENERATE_DEBUGGING_SYMBOLS = NO;
				GCC_PRECOMPILE_PREFIX_HEADER = YES;
				GCC_PREFIX_HEADER = V64_Prefix.pch;
				GCC_WARN_ABOUT_RETURN_TYPE = YES;
				GCC_WARN_PEDANTIC = YES;
				GCC_WARN_UNUSED_VARIABLE = YES;
				INFOPLIST_FILE = Info.plist;
				INSTALL_PATH = "$(HOME)/Applications";
				PRODUCT_NAME = VirtualC64;
				SDKROOT = "$(DEVELOPER_SDK_DIR)/MacOSX10.6.sdk";
				WRAPPER_EXTENSION = app;
			};
			name = Default;
		};
		504F836E0A89E0D2009FA225 /* Development */ = {
			isa = XCBuildConfiguration;
			buildSettings = {
				GCC_OPTIMIZATION_LEVEL = 3;
				SDKROOT = /Developer/SDKs/MacOSX10.5.sdk;
				VERSIONING_SYSTEM = "";
			};
			name = Development;
		};
		504F836F0A89E0D2009FA225 /* Deployment */ = {
			isa = XCBuildConfiguration;
			buildSettings = {
				ARCHS = "$(NATIVE_ARCH_ACTUAL)";
				DEPLOYMENT_LOCATION = NO;
				GCC_ALTIVEC_EXTENSIONS = YES;
				GCC_AUTO_VECTORIZATION = YES;
				GCC_ENABLE_OBJC_GC = required;
				GCC_ENABLE_SSE3_EXTENSIONS = YES;
				GCC_OPTIMIZATION_LEVEL = 3;
				GCC_THREADSAFE_STATICS = YES;
				GCC_UNROLL_LOOPS = YES;
				MACOSX_DEPLOYMENT_TARGET = 10.5;
				SDKROOT = "$(DEVELOPER_SDK_DIR)/MacOSX10.6.sdk";
			};
			name = Deployment;
		};
		504F83700A89E0D2009FA225 /* Default */ = {
			isa = XCBuildConfiguration;
			buildSettings = {
				SDKROOT = /Developer/SDKs/MacOSX10.5.sdk;
			};
			name = Default;
		};
/* End XCBuildConfiguration section */

/* Begin XCConfigurationList section */
		504F83690A89E0D2009FA225 /* Build configuration list for PBXNativeTarget "VirtualC64" */ = {
			isa = XCConfigurationList;
			buildConfigurations = (
				504F836A0A89E0D2009FA225 /* Development */,
				504F836B0A89E0D2009FA225 /* Deployment */,
				504F836C0A89E0D2009FA225 /* Default */,
			);
			defaultConfigurationIsVisible = 0;
			defaultConfigurationName = Default;
		};
		504F836D0A89E0D2009FA225 /* Build configuration list for PBXProject "V64" */ = {
			isa = XCConfigurationList;
			buildConfigurations = (
				504F836E0A89E0D2009FA225 /* Development */,
				504F836F0A89E0D2009FA225 /* Deployment */,
				504F83700A89E0D2009FA225 /* Default */,
			);
			defaultConfigurationIsVisible = 0;
			defaultConfigurationName = Default;
		};
/* End XCConfigurationList section */
	};
	rootObject = 2A37F4A9FDCFA73011CA2CEA /* Project object */;
}
