// !$*UTF8*$!
{
	archiveVersion = 1;
	classes = {
	};
	objectVersion = 46;
	objects = {

/* Begin PBXBuildFile section */
		020214270AF8E599008AB4EB /* SIDVoice.cpp in Sources */ = {isa = PBXBuildFile; fileRef = 020214260AF8E599008AB4EB /* SIDVoice.cpp */; };
		023024000DC902A700F8818A /* AudioDevice.mm in Sources */ = {isa = PBXBuildFile; fileRef = 023023FF0DC902A700F8818A /* AudioDevice.mm */; };
		025229EF0AF27E740024DAB3 /* CoreAudio.framework in Frameworks */ = {isa = PBXBuildFile; fileRef = 025229EE0AF27E740024DAB3 /* CoreAudio.framework */; };
		389E77800C7A3B6F00BEAFA6 /* Joystick.cpp in Sources */ = {isa = PBXBuildFile; fileRef = 389E777E0C7A3B6F00BEAFA6 /* Joystick.cpp */; };
		38AF838C0C7BA24A00F6DBCE /* joystick1_32.png in Resources */ = {isa = PBXBuildFile; fileRef = 38AF83890C7BA24A00F6DBCE /* joystick1_32.png */; };
		38AF838D0C7BA24A00F6DBCE /* joystick2_32.png in Resources */ = {isa = PBXBuildFile; fileRef = 38AF838A0C7BA24A00F6DBCE /* joystick2_32.png */; };
		38AF838E0C7BA24A00F6DBCE /* none_32.png in Resources */ = {isa = PBXBuildFile; fileRef = 38AF838B0C7BA24A00F6DBCE /* none_32.png */; };
		5000471212DCE8890098D890 /* MyControllerCpuPanel.mm in Sources */ = {isa = PBXBuildFile; fileRef = 5000471112DCE8890098D890 /* MyControllerCpuPanel.mm */; };
		5000472812DCE9AB0098D890 /* MyControllerMemoryPanel.mm in Sources */ = {isa = PBXBuildFile; fileRef = 5000472612DCE9AB0098D890 /* MyControllerMemoryPanel.mm */; };
		5000473412DCEA6B0098D890 /* MyControllerCiaPanel.mm in Sources */ = {isa = PBXBuildFile; fileRef = 5000473312DCEA6B0098D890 /* MyControllerCiaPanel.mm */; };
		5000474C12DCEE500098D890 /* MyControllerMenu.mm in Sources */ = {isa = PBXBuildFile; fileRef = 5000474B12DCEE500098D890 /* MyControllerMenu.mm */; };
		5000C80F0D13CE680011A2E9 /* C64Memory.cpp in Sources */ = {isa = PBXBuildFile; fileRef = 5000C80D0D13CE680011A2E9 /* C64Memory.cpp */; };
		5000C8240D13CEE10011A2E9 /* VC1541.cpp in Sources */ = {isa = PBXBuildFile; fileRef = 5000C8230D13CEE10011A2E9 /* VC1541.cpp */; };
		5000C9630D13DED40011A2E9 /* VC1541Memory.cpp in Sources */ = {isa = PBXBuildFile; fileRef = 5000C9620D13DED40011A2E9 /* VC1541Memory.cpp */; };
		500596680D23F9E800FD44B3 /* LEDred.png in Resources */ = {isa = PBXBuildFile; fileRef = 500596650D23F9E800FD44B3 /* LEDred.png */; };
		500596690D23F9E800FD44B3 /* LEDgreen.png in Resources */ = {isa = PBXBuildFile; fileRef = 500596660D23F9E800FD44B3 /* LEDgreen.png */; };
		5005966A0D23F9E800FD44B3 /* LEDgray.png in Resources */ = {isa = PBXBuildFile; fileRef = 500596670D23F9E800FD44B3 /* LEDgray.png */; };
		5005966C0D23FA1800FD44B3 /* LEDyellow.png in Resources */ = {isa = PBXBuildFile; fileRef = 5005966B0D23FA1800FD44B3 /* LEDyellow.png */; };
		5005966E0D23FA1C00FD44B3 /* LEDblue.png in Resources */ = {isa = PBXBuildFile; fileRef = 5005966D0D23FA1C00FD44B3 /* LEDblue.png */; };
		5007A5EC0C3FC99F0069B0CE /* VIC_colors.cpp in Sources */ = {isa = PBXBuildFile; fileRef = 5007A5EB0C3FC99F0069B0CE /* VIC_colors.cpp */; };
		500B6CA50B905CEC002C36EC /* TOD.cpp in Sources */ = {isa = PBXBuildFile; fileRef = 500B6CA40B905CEC002C36EC /* TOD.cpp */; };
		500B9D370C40E554008237C6 /* pref_disk.png in Resources */ = {isa = PBXBuildFile; fileRef = 500B9D360C40E554008237C6 /* pref_disk.png */; };
		500B9D390C40E55A008237C6 /* pref_system.png in Resources */ = {isa = PBXBuildFile; fileRef = 500B9D380C40E55A008237C6 /* pref_system.png */; };
		500B9D3B0C40E55F008237C6 /* pref_sound.png in Resources */ = {isa = PBXBuildFile; fileRef = 500B9D3A0C40E55F008237C6 /* pref_sound.png */; };
		500B9D3D0C40E563008237C6 /* pref_grafik.png in Resources */ = {isa = PBXBuildFile; fileRef = 500B9D3C0C40E563008237C6 /* pref_grafik.png */; };
		500B9D3F0C40F037008237C6 /* pref_pal.png in Resources */ = {isa = PBXBuildFile; fileRef = 500B9D3E0C40F037008237C6 /* pref_pal.png */; };
		500B9D410C40F03C008237C6 /* pref_ntsc.png in Resources */ = {isa = PBXBuildFile; fileRef = 500B9D400C40F03C008237C6 /* pref_ntsc.png */; };
		500EC05110E4DCC4005A19A3 /* Message.cpp in Sources */ = {isa = PBXBuildFile; fileRef = 500EC05010E4DCC4005A19A3 /* Message.cpp */; };
		500FC6790D17D2190044131D /* VIA6522.cpp in Sources */ = {isa = PBXBuildFile; fileRef = 500FC6780D17D2190044131D /* VIA6522.cpp */; };
		50176C630A6F72F3009E80BD /* basic.cpp in Sources */ = {isa = PBXBuildFile; fileRef = 50176C4F0A6F72F3009E80BD /* basic.cpp */; };
		50176C640A6F72F3009E80BD /* C64.cpp in Sources */ = {isa = PBXBuildFile; fileRef = 50176C510A6F72F3009E80BD /* C64.cpp */; };
		50176C650A6F72F3009E80BD /* CIA.cpp in Sources */ = {isa = PBXBuildFile; fileRef = 50176C530A6F72F3009E80BD /* CIA.cpp */; };
		50176C660A6F72F3009E80BD /* CPU.cpp in Sources */ = {isa = PBXBuildFile; fileRef = 50176C550A6F72F3009E80BD /* CPU.cpp */; };
		50176C670A6F72F3009E80BD /* Instructions.cpp in Sources */ = {isa = PBXBuildFile; fileRef = 50176C570A6F72F3009E80BD /* Instructions.cpp */; };
		50176C680A6F72F3009E80BD /* Keyboard.cpp in Sources */ = {isa = PBXBuildFile; fileRef = 50176C590A6F72F3009E80BD /* Keyboard.cpp */; };
		50176C690A6F72F3009E80BD /* Memory.cpp in Sources */ = {isa = PBXBuildFile; fileRef = 50176C5B0A6F72F3009E80BD /* Memory.cpp */; };
		50176C6B0A6F72F3009E80BD /* VIC.cpp in Sources */ = {isa = PBXBuildFile; fileRef = 50176C5F0A6F72F3009E80BD /* VIC.cpp */; };
		50176C7C0A6F7357009E80BD /* Disassembler.mm in Sources */ = {isa = PBXBuildFile; fileRef = 50176C710A6F7357009E80BD /* Disassembler.mm */; };
		50176C7D0A6F7357009E80BD /* Formatter.mm in Sources */ = {isa = PBXBuildFile; fileRef = 50176C730A6F7357009E80BD /* Formatter.mm */; };
		50176C7F0A6F7357009E80BD /* MyDocument.mm in Sources */ = {isa = PBXBuildFile; fileRef = 50176C760A6F7357009E80BD /* MyDocument.mm */; };
		50176C800A6F7357009E80BD /* MyOpenGLView.mm in Sources */ = {isa = PBXBuildFile; fileRef = 50176C780A6F7357009E80BD /* MyOpenGLView.mm */; };
		50176C810A6F7357009E80BD /* C64Proxy.mm in Sources */ = {isa = PBXBuildFile; fileRef = 50176C7A0A6F7357009E80BD /* C64Proxy.mm */; };
		5018E48112240F7100F0820E /* Container.cpp in Sources */ = {isa = PBXBuildFile; fileRef = 5018E48012240F7100F0820E /* Container.cpp */; };
		5020F28C0BBABE3C0093C396 /* IEC.cpp in Sources */ = {isa = PBXBuildFile; fileRef = 5020F28B0BBABE3C0093C396 /* IEC.cpp */; };
		50287EEB0A7CA86900292533 /* stepOut32.png in Resources */ = {isa = PBXBuildFile; fileRef = 50287EEA0A7CA86900292533 /* stepOut32.png */; };
		502F96B612D85F9C00DBE132 /* time2.png in Resources */ = {isa = PBXBuildFile; fileRef = 502F96B512D85F9C00DBE132 /* time2.png */; };
		5039A31415BE89940038ACBC /* drive48.png in Resources */ = {isa = PBXBuildFile; fileRef = 5039A31315BE89940038ACBC /* drive48.png */; };
		5039A31B15BE97440038ACBC /* LEDbb.png in Resources */ = {isa = PBXBuildFile; fileRef = 5039A31715BE97440038ACBC /* LEDbb.png */; };
		5039A31C15BE97440038ACBC /* LEDbr.png in Resources */ = {isa = PBXBuildFile; fileRef = 5039A31815BE97440038ACBC /* LEDbr.png */; };
		5039A31D15BE97440038ACBC /* LEDgb.png in Resources */ = {isa = PBXBuildFile; fileRef = 5039A31915BE97440038ACBC /* LEDgb.png */; };
		5039A31E15BE97440038ACBC /* LEDgr.png in Resources */ = {isa = PBXBuildFile; fileRef = 5039A31A15BE97440038ACBC /* LEDgr.png */; };
		5039A32015BE97500038ACBC /* diskette.png in Resources */ = {isa = PBXBuildFile; fileRef = 5039A31F15BE97500038ACBC /* diskette.png */; };
		503A5AD712227C0300EAA95E /* dsa_pub.pem in Resources */ = {isa = PBXBuildFile; fileRef = 503A5AD612227C0300EAA95E /* dsa_pub.pem */; };
		50414727122188FC00A80E0C /* Cartridge.cpp in Sources */ = {isa = PBXBuildFile; fileRef = 50414725122188FC00A80E0C /* Cartridge.cpp */; };
		5041486912219F6E00A80E0C /* cartridge.png in Resources */ = {isa = PBXBuildFile; fileRef = 5041486812219F6E00A80E0C /* cartridge.png */; };
		50471FE60A7B679A00A8DB94 /* stepInto32.png in Resources */ = {isa = PBXBuildFile; fileRef = 50471FE50A7B679A00A8DB94 /* stepInto32.png */; };
		50471FE80A7B67A100A8DB94 /* stepOver32.png in Resources */ = {isa = PBXBuildFile; fileRef = 50471FE70A7B67A100A8DB94 /* stepOver32.png */; };
		50471FEC0A7B67AE00A8DB94 /* restart32.png in Resources */ = {isa = PBXBuildFile; fileRef = 50471FEB0A7B67AE00A8DB94 /* restart32.png */; };
		50471FEE0A7B67B800A8DB94 /* debugger32.png in Resources */ = {isa = PBXBuildFile; fileRef = 50471FED0A7B67B800A8DB94 /* debugger32.png */; };
		505EB0A10F3047C300960BC0 /* Snapshot.cpp in Sources */ = {isa = PBXBuildFile; fileRef = 505EB0A00F3047C300960BC0 /* Snapshot.cpp */; };
		506D39D2141780E500268AF6 /* SIDWrapper.cpp in Sources */ = {isa = PBXBuildFile; fileRef = 506D39D1141780E500268AF6 /* SIDWrapper.cpp */; };
		506D39D6141788E700268AF6 /* ReSID.cpp in Sources */ = {isa = PBXBuildFile; fileRef = 506D39D4141788E600268AF6 /* ReSID.cpp */; };
		5074BE2C1A4AF6CB00EA9AEE /* Sparkle.framework in Frameworks */ = {isa = PBXBuildFile; fileRef = 5074BE2B1A4AF6CB00EA9AEE /* Sparkle.framework */; };
		5074BE2D1A4AF7E100EA9AEE /* Sparkle.framework in CopyFiles */ = {isa = PBXBuildFile; fileRef = 5074BE2B1A4AF6CB00EA9AEE /* Sparkle.framework */; settings = {ATTRIBUTES = (CodeSignOnCopy, RemoveHeadersOnCopy, ); }; };
		5077743012DE490300D72088 /* MemTableView.mm in Sources */ = {isa = PBXBuildFile; fileRef = 5077742F12DE490300D72088 /* MemTableView.mm */; };
		5077743312DE490B00D72088 /* CpuTableView.mm in Sources */ = {isa = PBXBuildFile; fileRef = 5077743212DE490B00D72088 /* CpuTableView.mm */; };
		50804AE312EB3CDA00394049 /* iphone48.png in Resources */ = {isa = PBXBuildFile; fileRef = 50804AE212EB3CDA00394049 /* iphone48.png */; };
		5088A6D612E0676200378033 /* MyControllerDebugPanel.mm in Sources */ = {isa = PBXBuildFile; fileRef = 5088A6D512E0676200378033 /* MyControllerDebugPanel.mm */; };
		5088A6EA12E06DB700378033 /* MyControllerToolbar.mm in Sources */ = {isa = PBXBuildFile; fileRef = 5088A6E912E06DB700378033 /* MyControllerToolbar.mm */; };
		5094197D0E426C13008D6F71 /* rom.png in Resources */ = {isa = PBXBuildFile; fileRef = 5094197C0E426C13008D6F71 /* rom.png */; };
		509AEA0C0C324AB0001FC9FD /* PRGArchive.cpp in Sources */ = {isa = PBXBuildFile; fileRef = 509AEA0B0C324AB0001FC9FD /* PRGArchive.cpp */; };
		509AEAFF0C325EFB001FC9FD /* P00Archive.cpp in Sources */ = {isa = PBXBuildFile; fileRef = 509AEAFE0C325EFB001FC9FD /* P00Archive.cpp */; };
		509DF2480A9F681900AE0859 /* keyboard32.png in Resources */ = {isa = PBXBuildFile; fileRef = 509DF2470A9F681900AE0859 /* keyboard32.png */; };
		50A0E0210A8F33120067714C /* IOKit.framework in Frameworks */ = {isa = PBXBuildFile; fileRef = 50A0E0200A8F33120067714C /* IOKit.framework */; };
		50A0E0250A8F332A0067714C /* System.framework in Frameworks */ = {isa = PBXBuildFile; fileRef = 50A0E0240A8F332A0067714C /* System.framework */; };
		50A3E08A0E66F7BC00D3564D /* play32.png in Resources */ = {isa = PBXBuildFile; fileRef = 50A3E0890E66F7BC00D3564D /* play32.png */; };
		50A3E08C0E66F7C400D3564D /* pause32.png in Resources */ = {isa = PBXBuildFile; fileRef = 50A3E08B0E66F7C400D3564D /* pause32.png */; };
		50A52A190C2FD43700A1377F /* D64Archive.cpp in Sources */ = {isa = PBXBuildFile; fileRef = 50A52A180C2FD43700A1377F /* D64Archive.cpp */; };
		50A8F8F30E47171300ACE17D /* RomDialog.mm in Sources */ = {isa = PBXBuildFile; fileRef = 50A8F8F20E47171300ACE17D /* RomDialog.mm */; };
		50A8F9EA0E472BA800ACE17D /* romMissing.png in Resources */ = {isa = PBXBuildFile; fileRef = 50A8F9E90E472BA800ACE17D /* romMissing.png */; };
		50AFEDBC0C3A7A78007749E7 /* Archive.cpp in Sources */ = {isa = PBXBuildFile; fileRef = 50AFEDBB0C3A7A78007749E7 /* Archive.cpp */; };
		50B1032F121E7C4C003E7729 /* GLUT.framework in Frameworks */ = {isa = PBXBuildFile; fileRef = 50B1032E121E7C4C003E7729 /* GLUT.framework */; };
		50B37D791A56CA4F0055A540 /* ROMDropTargetView.mm in Sources */ = {isa = PBXBuildFile; fileRef = 50B37D781A56CA4F0055A540 /* ROMDropTargetView.mm */; };
		50B58B1E0A5A6524000AD819 /* OpenGL.framework in Frameworks */ = {isa = PBXBuildFile; fileRef = 50B58B1D0A5A6524000AD819 /* OpenGL.framework */; };
		50B6894812DCA7B100CBB5B7 /* MyController.mm in Sources */ = {isa = PBXBuildFile; fileRef = 50B6894712DCA7B100CBB5B7 /* MyController.mm */; };
		50CA0D520A9076FD00A5A08D /* OldSID.cpp in Sources */ = {isa = PBXBuildFile; fileRef = 50CA0D510A9076FD00A5A08D /* OldSID.cpp */; };
		50CE89DA13A268E000A2FDCE /* VirtualC64Icon.icns in Resources */ = {isa = PBXBuildFile; fileRef = 50CE89D913A268E000A2FDCE /* VirtualC64Icon.icns */; };
		50D1417E1417A34B0024FC74 /* envelope.cc in Sources */ = {isa = PBXBuildFile; fileRef = 50D141651417A34B0024FC74 /* envelope.cc */; };
		50D1417F1417A34B0024FC74 /* extfilt.cc in Sources */ = {isa = PBXBuildFile; fileRef = 50D141671417A34B0024FC74 /* extfilt.cc */; };
		50D141801417A34B0024FC74 /* filter.cc in Sources */ = {isa = PBXBuildFile; fileRef = 50D141691417A34B0024FC74 /* filter.cc */; };
		50D141811417A34B0024FC74 /* pot.cc in Sources */ = {isa = PBXBuildFile; fileRef = 50D1416B1417A34B0024FC74 /* pot.cc */; };
		50D141821417A34B0024FC74 /* sid.cc in Sources */ = {isa = PBXBuildFile; fileRef = 50D1416D1417A34B0024FC74 /* sid.cc */; };
		50D141831417A34B0024FC74 /* version.cc in Sources */ = {isa = PBXBuildFile; fileRef = 50D141711417A34B0024FC74 /* version.cc */; };
		50D141841417A34B0024FC74 /* voice.cc in Sources */ = {isa = PBXBuildFile; fileRef = 50D141721417A34B0024FC74 /* voice.cc */; };
		50D141851417A34B0024FC74 /* wave.cc in Sources */ = {isa = PBXBuildFile; fileRef = 50D141741417A34B0024FC74 /* wave.cc */; };
		50D141861417A34B0024FC74 /* wave6581__ST.cc in Sources */ = {isa = PBXBuildFile; fileRef = 50D141761417A34B0024FC74 /* wave6581__ST.cc */; };
		50D141871417A34B0024FC74 /* wave6581_P_T.cc in Sources */ = {isa = PBXBuildFile; fileRef = 50D141771417A34B0024FC74 /* wave6581_P_T.cc */; };
		50D141881417A34B0024FC74 /* wave6581_PS_.cc in Sources */ = {isa = PBXBuildFile; fileRef = 50D141781417A34B0024FC74 /* wave6581_PS_.cc */; };
		50D141891417A34B0024FC74 /* wave6581_PST.cc in Sources */ = {isa = PBXBuildFile; fileRef = 50D141791417A34B0024FC74 /* wave6581_PST.cc */; };
		50D1418A1417A34B0024FC74 /* wave8580__ST.cc in Sources */ = {isa = PBXBuildFile; fileRef = 50D1417A1417A34B0024FC74 /* wave8580__ST.cc */; };
		50D1418B1417A34B0024FC74 /* wave8580_P_T.cc in Sources */ = {isa = PBXBuildFile; fileRef = 50D1417B1417A34B0024FC74 /* wave8580_P_T.cc */; };
		50D1418C1417A34B0024FC74 /* wave8580_PS_.cc in Sources */ = {isa = PBXBuildFile; fileRef = 50D1417C1417A34B0024FC74 /* wave8580_PS_.cc */; };
		50D1418D1417A34B0024FC74 /* wave8580_PST.cc in Sources */ = {isa = PBXBuildFile; fileRef = 50D1417D1417A34B0024FC74 /* wave8580_PST.cc */; };
		50D500520C2ED13F0022CA3A /* T64Archive.cpp in Sources */ = {isa = PBXBuildFile; fileRef = 50D500510C2ED13F0022CA3A /* T64Archive.cpp */; };
		50D5FDB40C2E9CF50022CA3A /* MountDialog.mm in Sources */ = {isa = PBXBuildFile; fileRef = 50D5FDB30C2E9CF50022CA3A /* MountDialog.mm */; };
		50D6954812E3759500D9C738 /* IconCRT.icns in Resources */ = {isa = PBXBuildFile; fileRef = 50D6954312E3759500D9C738 /* IconCRT.icns */; };
		50D6954912E3759500D9C738 /* IconD64.icns in Resources */ = {isa = PBXBuildFile; fileRef = 50D6954412E3759500D9C738 /* IconD64.icns */; };
		50D6954B12E3759500D9C738 /* IconT64.icns in Resources */ = {isa = PBXBuildFile; fileRef = 50D6954612E3759500D9C738 /* IconT64.icns */; };
		50D6954C12E3759500D9C738 /* IconV64.icns in Resources */ = {isa = PBXBuildFile; fileRef = 50D6954712E3759500D9C738 /* IconV64.icns */; };
		50D6956C12E380E500D9C738 /* IconPRG.icns in Resources */ = {isa = PBXBuildFile; fileRef = 50D6956B12E380E500D9C738 /* IconPRG.icns */; };
		50DA14A30A6418470022B4A7 /* bottom.png in Resources */ = {isa = PBXBuildFile; fileRef = 50DA14A20A6418470022B4A7 /* bottom.png */; };
		50DA154A0A642EA20022B4A7 /* window_fullscreen.png in Resources */ = {isa = PBXBuildFile; fileRef = 50DA15490A642EA20022B4A7 /* window_fullscreen.png */; };
		50DAD6920A736F9B00BB44AC /* VirtualComponent.cpp in Sources */ = {isa = PBXBuildFile; fileRef = 50DAD6910A736F9B00BB44AC /* VirtualComponent.cpp */; };
		50E033BB12E3868100ABF9E3 /* IconP00.icns in Resources */ = {isa = PBXBuildFile; fileRef = 50E033BA12E3868100ABF9E3 /* IconP00.icns */; };
		50E4BFA70C3CE95400CB6B43 /* floppy.png in Resources */ = {isa = PBXBuildFile; fileRef = 50E4BFA60C3CE95400CB6B43 /* floppy.png */; };
		50E4BFAA0C3CEAB700CB6B43 /* warpOff.png in Resources */ = {isa = PBXBuildFile; fileRef = 50E4BFA90C3CEAB700CB6B43 /* warpOff.png */; };
		50E4BFAC0C3CEAD100CB6B43 /* warpOn.png in Resources */ = {isa = PBXBuildFile; fileRef = 50E4BFAB0C3CEAD100CB6B43 /* warpOn.png */; };
		50E4C0240C3CFBC300CB6B43 /* soundOff.png in Resources */ = {isa = PBXBuildFile; fileRef = 50E4C0230C3CFBC300CB6B43 /* soundOff.png */; };
		50E4C0260C3CFBC700CB6B43 /* soundOn.png in Resources */ = {isa = PBXBuildFile; fileRef = 50E4C0250C3CFBC700CB6B43 /* soundOn.png */; };
		50E4C0280C3CFBE400CB6B43 /* fullscreen.png in Resources */ = {isa = PBXBuildFile; fileRef = 50E4C0270C3CFBE400CB6B43 /* fullscreen.png */; };
		50E555FD0C42698E00AFB05F /* flag_usa.png in Resources */ = {isa = PBXBuildFile; fileRef = 50E555FC0C42698E00AFB05F /* flag_usa.png */; };
		50E555FF0C42699300AFB05F /* flag_eu.png in Resources */ = {isa = PBXBuildFile; fileRef = 50E555FE0C42699300AFB05F /* flag_eu.png */; };
		50E6014813A3653900EDBEA9 /* PropertiesDialog.mm in Sources */ = {isa = PBXBuildFile; fileRef = 50E6014713A3653900EDBEA9 /* PropertiesDialog.mm */; };
		50ED5BF812DD99C000596417 /* Speedometer.mm in Sources */ = {isa = PBXBuildFile; fileRef = 50ED5BF712DD99C000596417 /* Speedometer.mm */; };
		50F2380312DF4EC600B1F275 /* CheatboxImageBrowserView.mm in Sources */ = {isa = PBXBuildFile; fileRef = 50F2380212DF4EC600B1F275 /* CheatboxImageBrowserView.mm */; };
		50F2381E12DF505B00B1F275 /* Quartz.framework in Frameworks */ = {isa = PBXBuildFile; fileRef = 50F2381D12DF505B00B1F275 /* Quartz.framework */; };
		50F238F412DF576600B1F275 /* CheatboxItem.mm in Sources */ = {isa = PBXBuildFile; fileRef = 50F238F312DF576600B1F275 /* CheatboxItem.mm */; };
		50F239BB12DF66CB00B1F275 /* CheatboxImageBrowserCell.mm in Sources */ = {isa = PBXBuildFile; fileRef = 50F239BA12DF66CB00B1F275 /* CheatboxImageBrowserCell.mm */; };
		50F23D0812DF932800B1F275 /* glossy.png in Resources */ = {isa = PBXBuildFile; fileRef = 50F23D0712DF932800B1F275 /* glossy.png */; };
		50F4D2940C46262700ED4E4E /* ResetImage.VC64 in Resources */ = {isa = PBXBuildFile; fileRef = 50F4D2930C46262700ED4E4E /* ResetImage.VC64 */; };
		50F55DA50F28EADC0040592B /* MyDocument.xib in Resources */ = {isa = PBXBuildFile; fileRef = 50F55DA30F28EADC0040592B /* MyDocument.xib */; };
		50F55DCD0F28EC010040592B /* MainMenu.xib in Resources */ = {isa = PBXBuildFile; fileRef = 50F55DCB0F28EC010040592B /* MainMenu.xib */; };
		50F93BE712EF309900DD6A8A /* FileArchive.cpp in Sources */ = {isa = PBXBuildFile; fileRef = 50F93BE512EF309900DD6A8A /* FileArchive.cpp */; };
		50FBE90B12DC992B0093194C /* MyControllerVicPanel.mm in Sources */ = {isa = PBXBuildFile; fileRef = 50FBE90A12DC992B0093194C /* MyControllerVicPanel.mm */; };
		8D15AC2C0486D014006FF6A4 /* Credits.rtf in Resources */ = {isa = PBXBuildFile; fileRef = 2A37F4B9FDCFA73011CA2CEA /* Credits.rtf */; };
		8D15AC2F0486D014006FF6A4 /* InfoPlist.strings in Resources */ = {isa = PBXBuildFile; fileRef = 089C165FFE840EACC02AAC07 /* InfoPlist.strings */; };
		8D15AC320486D014006FF6A4 /* main.m in Sources */ = {isa = PBXBuildFile; fileRef = 2A37F4B0FDCFA73011CA2CEA /* main.m */; settings = {ATTRIBUTES = (); }; };
		8D15AC340486D014006FF6A4 /* Cocoa.framework in Frameworks */ = {isa = PBXBuildFile; fileRef = 1058C7A7FEA54F5311CA2CBB /* Cocoa.framework */; };
		BC8146880FE54238007ED085 /* JoystickManager.mm in Sources */ = {isa = PBXBuildFile; fileRef = BC8146870FE54238007ED085 /* JoystickManager.mm */; };
/* End PBXBuildFile section */

/* Begin PBXCopyFilesBuildPhase section */
		503A5AC41222781A00EAA95E /* CopyFiles */ = {
			isa = PBXCopyFilesBuildPhase;
			buildActionMask = 2147483647;
			dstPath = "";
			dstSubfolderSpec = 10;
			files = (
				5074BE2D1A4AF7E100EA9AEE /* Sparkle.framework in CopyFiles */,
			);
			runOnlyForDeploymentPostprocessing = 0;
		};
/* End PBXCopyFilesBuildPhase section */

/* Begin PBXFileReference section */
		020214250AF8E599008AB4EB /* SIDVoice.h */ = {isa = PBXFileReference; fileEncoding = 4; lastKnownFileType = sourcecode.c.h; path = SIDVoice.h; sourceTree = "<group>"; };
		020214260AF8E599008AB4EB /* SIDVoice.cpp */ = {isa = PBXFileReference; fileEncoding = 4; lastKnownFileType = sourcecode.cpp.cpp; path = SIDVoice.cpp; sourceTree = "<group>"; };
		023023FE0DC902A700F8818A /* AudioDevice.h */ = {isa = PBXFileReference; fileEncoding = 4; lastKnownFileType = sourcecode.c.h; path = AudioDevice.h; sourceTree = "<group>"; };
		023023FF0DC902A700F8818A /* AudioDevice.mm */ = {isa = PBXFileReference; fileEncoding = 4; lastKnownFileType = sourcecode.cpp.objcpp; path = AudioDevice.mm; sourceTree = "<group>"; };
		025229EE0AF27E740024DAB3 /* CoreAudio.framework */ = {isa = PBXFileReference; lastKnownFileType = wrapper.framework; name = CoreAudio.framework; path = /System/Library/Frameworks/CoreAudio.framework; sourceTree = "<absolute>"; };
		089C1660FE840EACC02AAC07 /* English */ = {isa = PBXFileReference; fileEncoding = 10; lastKnownFileType = text.plist.strings; name = English; path = English.lproj/InfoPlist.strings; sourceTree = "<group>"; };
		1058C7A7FEA54F5311CA2CBB /* Cocoa.framework */ = {isa = PBXFileReference; lastKnownFileType = wrapper.framework; name = Cocoa.framework; path = /System/Library/Frameworks/Cocoa.framework; sourceTree = "<absolute>"; };
		13E42FBA07B3F13500E4EEF1 /* CoreData.framework */ = {isa = PBXFileReference; lastKnownFileType = wrapper.framework; name = CoreData.framework; path = /System/Library/Frameworks/CoreData.framework; sourceTree = "<absolute>"; };
		2A37F4B0FDCFA73011CA2CEA /* main.m */ = {isa = PBXFileReference; fileEncoding = 4; lastKnownFileType = sourcecode.c.objc; path = main.m; sourceTree = "<group>"; };
		2A37F4BAFDCFA73011CA2CEA /* English */ = {isa = PBXFileReference; lastKnownFileType = text.rtf; name = English; path = English.lproj/Credits.rtf; sourceTree = "<group>"; };
		2A37F4C4FDCFA73011CA2CEA /* AppKit.framework */ = {isa = PBXFileReference; lastKnownFileType = wrapper.framework; name = AppKit.framework; path = /System/Library/Frameworks/AppKit.framework; sourceTree = "<absolute>"; };
		2A37F4C5FDCFA73011CA2CEA /* Foundation.framework */ = {isa = PBXFileReference; lastKnownFileType = wrapper.framework; name = Foundation.framework; path = /System/Library/Frameworks/Foundation.framework; sourceTree = "<absolute>"; };
		32DBCF750370BD2300C91783 /* V64_Prefix.pch */ = {isa = PBXFileReference; fileEncoding = 4; lastKnownFileType = sourcecode.c.h; path = V64_Prefix.pch; sourceTree = "<group>"; };
		389E777E0C7A3B6F00BEAFA6 /* Joystick.cpp */ = {isa = PBXFileReference; fileEncoding = 4; lastKnownFileType = sourcecode.cpp.cpp; path = Joystick.cpp; sourceTree = "<group>"; };
		389E777F0C7A3B6F00BEAFA6 /* Joystick.h */ = {isa = PBXFileReference; fileEncoding = 4; lastKnownFileType = sourcecode.c.h; path = Joystick.h; sourceTree = "<group>"; };
		38AF83890C7BA24A00F6DBCE /* joystick1_32.png */ = {isa = PBXFileReference; lastKnownFileType = image.png; name = joystick1_32.png; path = images/joystick1_32.png; sourceTree = "<group>"; };
		38AF838A0C7BA24A00F6DBCE /* joystick2_32.png */ = {isa = PBXFileReference; lastKnownFileType = image.png; name = joystick2_32.png; path = images/joystick2_32.png; sourceTree = "<group>"; };
		38AF838B0C7BA24A00F6DBCE /* none_32.png */ = {isa = PBXFileReference; lastKnownFileType = image.png; name = none_32.png; path = images/none_32.png; sourceTree = "<group>"; };
		5000471012DCE8890098D890 /* MyControllerCpuPanel.h */ = {isa = PBXFileReference; fileEncoding = 4; lastKnownFileType = sourcecode.c.h; path = MyControllerCpuPanel.h; sourceTree = "<group>"; };
		5000471112DCE8890098D890 /* MyControllerCpuPanel.mm */ = {isa = PBXFileReference; fileEncoding = 4; lastKnownFileType = sourcecode.cpp.objcpp; path = MyControllerCpuPanel.mm; sourceTree = "<group>"; };
		5000472612DCE9AB0098D890 /* MyControllerMemoryPanel.mm */ = {isa = PBXFileReference; fileEncoding = 4; lastKnownFileType = sourcecode.cpp.objcpp; path = MyControllerMemoryPanel.mm; sourceTree = "<group>"; };
		5000472712DCE9AB0098D890 /* MyControllerMemoryPanel.h */ = {isa = PBXFileReference; fileEncoding = 4; lastKnownFileType = sourcecode.c.h; path = MyControllerMemoryPanel.h; sourceTree = "<group>"; };
		5000473212DCEA6B0098D890 /* MyControllerCiaPanel.h */ = {isa = PBXFileReference; fileEncoding = 4; lastKnownFileType = sourcecode.c.h; path = MyControllerCiaPanel.h; sourceTree = "<group>"; };
		5000473312DCEA6B0098D890 /* MyControllerCiaPanel.mm */ = {isa = PBXFileReference; fileEncoding = 4; lastKnownFileType = sourcecode.cpp.objcpp; path = MyControllerCiaPanel.mm; sourceTree = "<group>"; };
		5000474A12DCEE500098D890 /* MyControllerMenu.h */ = {isa = PBXFileReference; fileEncoding = 4; lastKnownFileType = sourcecode.c.h; path = MyControllerMenu.h; sourceTree = "<group>"; };
		5000474B12DCEE500098D890 /* MyControllerMenu.mm */ = {isa = PBXFileReference; fileEncoding = 4; lastKnownFileType = sourcecode.cpp.objcpp; path = MyControllerMenu.mm; sourceTree = "<group>"; };
		5000C80D0D13CE680011A2E9 /* C64Memory.cpp */ = {isa = PBXFileReference; fileEncoding = 4; lastKnownFileType = sourcecode.cpp.cpp; path = C64Memory.cpp; sourceTree = "<group>"; };
		5000C80E0D13CE680011A2E9 /* C64Memory.h */ = {isa = PBXFileReference; fileEncoding = 4; lastKnownFileType = sourcecode.c.h; path = C64Memory.h; sourceTree = "<group>"; };
		5000C8220D13CEE10011A2E9 /* VC1541.h */ = {isa = PBXFileReference; fileEncoding = 4; lastKnownFileType = sourcecode.c.h; path = VC1541.h; sourceTree = "<group>"; };
		5000C8230D13CEE10011A2E9 /* VC1541.cpp */ = {isa = PBXFileReference; fileEncoding = 4; lastKnownFileType = sourcecode.cpp.cpp; path = VC1541.cpp; sourceTree = "<group>"; };
		5000C9610D13DED40011A2E9 /* VC1541Memory.h */ = {isa = PBXFileReference; fileEncoding = 4; lastKnownFileType = sourcecode.c.h; path = VC1541Memory.h; sourceTree = "<group>"; };
		5000C9620D13DED40011A2E9 /* VC1541Memory.cpp */ = {isa = PBXFileReference; fileEncoding = 4; lastKnownFileType = sourcecode.cpp.cpp; path = VC1541Memory.cpp; sourceTree = "<group>"; };
		500596650D23F9E800FD44B3 /* LEDred.png */ = {isa = PBXFileReference; lastKnownFileType = image.png; name = LEDred.png; path = images/LEDred.png; sourceTree = "<group>"; };
		500596660D23F9E800FD44B3 /* LEDgreen.png */ = {isa = PBXFileReference; lastKnownFileType = image.png; name = LEDgreen.png; path = images/LEDgreen.png; sourceTree = "<group>"; };
		500596670D23F9E800FD44B3 /* LEDgray.png */ = {isa = PBXFileReference; lastKnownFileType = image.png; name = LEDgray.png; path = images/LEDgray.png; sourceTree = "<group>"; };
		5005966B0D23FA1800FD44B3 /* LEDyellow.png */ = {isa = PBXFileReference; lastKnownFileType = image.png; name = LEDyellow.png; path = images/LEDyellow.png; sourceTree = "<group>"; };
		5005966D0D23FA1C00FD44B3 /* LEDblue.png */ = {isa = PBXFileReference; lastKnownFileType = image.png; name = LEDblue.png; path = images/LEDblue.png; sourceTree = "<group>"; };
		5007A5EB0C3FC99F0069B0CE /* VIC_colors.cpp */ = {isa = PBXFileReference; fileEncoding = 4; lastKnownFileType = sourcecode.cpp.cpp; path = VIC_colors.cpp; sourceTree = "<group>"; };
		500B6CA30B905CEC002C36EC /* TOD.h */ = {isa = PBXFileReference; fileEncoding = 4; lastKnownFileType = sourcecode.c.h; path = TOD.h; sourceTree = "<group>"; };
		500B6CA40B905CEC002C36EC /* TOD.cpp */ = {isa = PBXFileReference; fileEncoding = 4; lastKnownFileType = sourcecode.cpp.cpp; path = TOD.cpp; sourceTree = "<group>"; };
		500B9D360C40E554008237C6 /* pref_disk.png */ = {isa = PBXFileReference; lastKnownFileType = image.png; name = pref_disk.png; path = images/pref_disk.png; sourceTree = "<group>"; };
		500B9D380C40E55A008237C6 /* pref_system.png */ = {isa = PBXFileReference; lastKnownFileType = image.png; name = pref_system.png; path = images/pref_system.png; sourceTree = "<group>"; };
		500B9D3A0C40E55F008237C6 /* pref_sound.png */ = {isa = PBXFileReference; lastKnownFileType = image.png; name = pref_sound.png; path = images/pref_sound.png; sourceTree = "<group>"; };
		500B9D3C0C40E563008237C6 /* pref_grafik.png */ = {isa = PBXFileReference; lastKnownFileType = image.png; name = pref_grafik.png; path = images/pref_grafik.png; sourceTree = "<group>"; };
		500B9D3E0C40F037008237C6 /* pref_pal.png */ = {isa = PBXFileReference; lastKnownFileType = image.png; name = pref_pal.png; path = images/pref_pal.png; sourceTree = "<group>"; };
		500B9D400C40F03C008237C6 /* pref_ntsc.png */ = {isa = PBXFileReference; lastKnownFileType = image.png; name = pref_ntsc.png; path = images/pref_ntsc.png; sourceTree = "<group>"; };
		500EC04F10E4DCC4005A19A3 /* Message.h */ = {isa = PBXFileReference; fileEncoding = 4; lastKnownFileType = sourcecode.c.h; path = Message.h; sourceTree = "<group>"; };
		500EC05010E4DCC4005A19A3 /* Message.cpp */ = {isa = PBXFileReference; fileEncoding = 4; lastKnownFileType = sourcecode.cpp.cpp; path = Message.cpp; sourceTree = "<group>"; };
		500FC6770D17D2190044131D /* VIA6522.h */ = {isa = PBXFileReference; fileEncoding = 4; lastKnownFileType = sourcecode.c.h; path = VIA6522.h; sourceTree = "<group>"; };
		500FC6780D17D2190044131D /* VIA6522.cpp */ = {isa = PBXFileReference; fileEncoding = 4; lastKnownFileType = sourcecode.cpp.cpp; path = VIA6522.cpp; sourceTree = "<group>"; };
		50176C4F0A6F72F3009E80BD /* basic.cpp */ = {isa = PBXFileReference; fileEncoding = 30; lastKnownFileType = sourcecode.cpp.cpp; path = basic.cpp; sourceTree = "<group>"; };
		50176C500A6F72F3009E80BD /* basic.h */ = {isa = PBXFileReference; explicitFileType = sourcecode.cpp.h; fileEncoding = 30; path = basic.h; sourceTree = "<group>"; };
		50176C510A6F72F3009E80BD /* C64.cpp */ = {isa = PBXFileReference; fileEncoding = 30; lastKnownFileType = sourcecode.cpp.cpp; path = C64.cpp; sourceTree = "<group>"; };
		50176C520A6F72F3009E80BD /* C64.h */ = {isa = PBXFileReference; explicitFileType = sourcecode.cpp.h; fileEncoding = 30; path = C64.h; sourceTree = "<group>"; };
		50176C530A6F72F3009E80BD /* CIA.cpp */ = {isa = PBXFileReference; fileEncoding = 30; lastKnownFileType = sourcecode.cpp.cpp; path = CIA.cpp; sourceTree = "<group>"; };
		50176C540A6F72F3009E80BD /* CIA.h */ = {isa = PBXFileReference; explicitFileType = sourcecode.cpp.h; fileEncoding = 30; path = CIA.h; sourceTree = "<group>"; };
		50176C550A6F72F3009E80BD /* CPU.cpp */ = {isa = PBXFileReference; fileEncoding = 30; lastKnownFileType = sourcecode.cpp.cpp; path = CPU.cpp; sourceTree = "<group>"; };
		50176C560A6F72F3009E80BD /* CPU.h */ = {isa = PBXFileReference; explicitFileType = sourcecode.cpp.h; fileEncoding = 30; path = CPU.h; sourceTree = "<group>"; };
		50176C570A6F72F3009E80BD /* Instructions.cpp */ = {isa = PBXFileReference; fileEncoding = 30; lastKnownFileType = sourcecode.cpp.cpp; path = Instructions.cpp; sourceTree = "<group>"; };
		50176C580A6F72F3009E80BD /* Instructions.h */ = {isa = PBXFileReference; explicitFileType = sourcecode.cpp.h; fileEncoding = 30; path = Instructions.h; sourceTree = "<group>"; };
		50176C590A6F72F3009E80BD /* Keyboard.cpp */ = {isa = PBXFileReference; fileEncoding = 30; lastKnownFileType = sourcecode.cpp.cpp; path = Keyboard.cpp; sourceTree = "<group>"; };
		50176C5A0A6F72F3009E80BD /* Keyboard.h */ = {isa = PBXFileReference; explicitFileType = sourcecode.cpp.h; fileEncoding = 30; path = Keyboard.h; sourceTree = "<group>"; };
		50176C5B0A6F72F3009E80BD /* Memory.cpp */ = {isa = PBXFileReference; fileEncoding = 30; lastKnownFileType = sourcecode.cpp.cpp; path = Memory.cpp; sourceTree = "<group>"; };
		50176C5C0A6F72F3009E80BD /* Memory.h */ = {isa = PBXFileReference; explicitFileType = sourcecode.cpp.h; fileEncoding = 30; path = Memory.h; sourceTree = "<group>"; };
		50176C5F0A6F72F3009E80BD /* VIC.cpp */ = {isa = PBXFileReference; fileEncoding = 30; lastKnownFileType = sourcecode.cpp.cpp; path = VIC.cpp; sourceTree = "<group>"; };
		50176C600A6F72F3009E80BD /* VIC.h */ = {isa = PBXFileReference; explicitFileType = sourcecode.cpp.h; fileEncoding = 30; path = VIC.h; sourceTree = "<group>"; };
		50176C700A6F7357009E80BD /* Disassembler.h */ = {isa = PBXFileReference; explicitFileType = sourcecode.cpp.h; fileEncoding = 30; path = Disassembler.h; sourceTree = "<group>"; };
		50176C710A6F7357009E80BD /* Disassembler.mm */ = {isa = PBXFileReference; explicitFileType = sourcecode.cpp.objcpp; fileEncoding = 30; path = Disassembler.mm; sourceTree = "<group>"; };
		50176C720A6F7357009E80BD /* Formatter.h */ = {isa = PBXFileReference; explicitFileType = sourcecode.cpp.h; fileEncoding = 30; path = Formatter.h; sourceTree = "<group>"; };
		50176C730A6F7357009E80BD /* Formatter.mm */ = {isa = PBXFileReference; explicitFileType = sourcecode.cpp.objcpp; fileEncoding = 30; path = Formatter.mm; sourceTree = "<group>"; };
		50176C750A6F7357009E80BD /* MyDocument.h */ = {isa = PBXFileReference; explicitFileType = sourcecode.cpp.h; fileEncoding = 30; path = MyDocument.h; sourceTree = "<group>"; };
		50176C760A6F7357009E80BD /* MyDocument.mm */ = {isa = PBXFileReference; explicitFileType = sourcecode.cpp.objcpp; fileEncoding = 30; path = MyDocument.mm; sourceTree = "<group>"; };
		50176C770A6F7357009E80BD /* MyOpenGLView.h */ = {isa = PBXFileReference; explicitFileType = sourcecode.cpp.h; fileEncoding = 30; path = MyOpenGLView.h; sourceTree = "<group>"; };
		50176C780A6F7357009E80BD /* MyOpenGLView.mm */ = {isa = PBXFileReference; explicitFileType = sourcecode.cpp.objcpp; fileEncoding = 30; path = MyOpenGLView.mm; sourceTree = "<group>"; };
		50176C790A6F7357009E80BD /* C64Proxy.h */ = {isa = PBXFileReference; explicitFileType = sourcecode.cpp.h; fileEncoding = 30; path = C64Proxy.h; sourceTree = "<group>"; };
		50176C7A0A6F7357009E80BD /* C64Proxy.mm */ = {isa = PBXFileReference; fileEncoding = 30; lastKnownFileType = sourcecode.cpp.objcpp; path = C64Proxy.mm; sourceTree = "<group>"; };
		5018E47F12240F7100F0820E /* Container.h */ = {isa = PBXFileReference; fileEncoding = 4; lastKnownFileType = sourcecode.c.h; path = Container.h; sourceTree = "<group>"; };
		5018E48012240F7100F0820E /* Container.cpp */ = {isa = PBXFileReference; fileEncoding = 4; lastKnownFileType = sourcecode.cpp.cpp; path = Container.cpp; sourceTree = "<group>"; };
		5020F28A0BBABE3C0093C396 /* IEC.h */ = {isa = PBXFileReference; fileEncoding = 4; lastKnownFileType = sourcecode.c.h; path = IEC.h; sourceTree = "<group>"; };
		5020F28B0BBABE3C0093C396 /* IEC.cpp */ = {isa = PBXFileReference; fileEncoding = 4; lastKnownFileType = sourcecode.cpp.cpp; path = IEC.cpp; sourceTree = "<group>"; };
		50287EEA0A7CA86900292533 /* stepOut32.png */ = {isa = PBXFileReference; lastKnownFileType = image.png; name = stepOut32.png; path = images/stepOut32.png; sourceTree = "<group>"; };
		502F96B512D85F9C00DBE132 /* time2.png */ = {isa = PBXFileReference; lastKnownFileType = image.png; name = time2.png; path = images/time2.png; sourceTree = "<group>"; };
		5039A31315BE89940038ACBC /* drive48.png */ = {isa = PBXFileReference; lastKnownFileType = image.png; name = drive48.png; path = images/drive48.png; sourceTree = "<group>"; };
		5039A31715BE97440038ACBC /* LEDbb.png */ = {isa = PBXFileReference; lastKnownFileType = image.png; name = LEDbb.png; path = images/LEDbb.png; sourceTree = "<group>"; };
		5039A31815BE97440038ACBC /* LEDbr.png */ = {isa = PBXFileReference; lastKnownFileType = image.png; name = LEDbr.png; path = images/LEDbr.png; sourceTree = "<group>"; };
		5039A31915BE97440038ACBC /* LEDgb.png */ = {isa = PBXFileReference; lastKnownFileType = image.png; name = LEDgb.png; path = images/LEDgb.png; sourceTree = "<group>"; };
		5039A31A15BE97440038ACBC /* LEDgr.png */ = {isa = PBXFileReference; lastKnownFileType = image.png; name = LEDgr.png; path = images/LEDgr.png; sourceTree = "<group>"; };
		5039A31F15BE97500038ACBC /* diskette.png */ = {isa = PBXFileReference; lastKnownFileType = image.png; name = diskette.png; path = images/diskette.png; sourceTree = "<group>"; };
		503A5AD612227C0300EAA95E /* dsa_pub.pem */ = {isa = PBXFileReference; fileEncoding = 4; lastKnownFileType = text; path = dsa_pub.pem; sourceTree = "<group>"; };
		50414725122188FC00A80E0C /* Cartridge.cpp */ = {isa = PBXFileReference; fileEncoding = 4; lastKnownFileType = sourcecode.cpp.cpp; path = Cartridge.cpp; sourceTree = "<group>"; };
		50414726122188FC00A80E0C /* Cartridge.h */ = {isa = PBXFileReference; fileEncoding = 4; lastKnownFileType = sourcecode.c.h; path = Cartridge.h; sourceTree = "<group>"; };
		5041486812219F6E00A80E0C /* cartridge.png */ = {isa = PBXFileReference; lastKnownFileType = image.png; name = cartridge.png; path = images/cartridge.png; sourceTree = "<group>"; };
		50471FE50A7B679A00A8DB94 /* stepInto32.png */ = {isa = PBXFileReference; lastKnownFileType = image.png; name = stepInto32.png; path = images/stepInto32.png; sourceTree = "<group>"; };
		50471FE70A7B67A100A8DB94 /* stepOver32.png */ = {isa = PBXFileReference; lastKnownFileType = image.png; name = stepOver32.png; path = images/stepOver32.png; sourceTree = "<group>"; };
		50471FEB0A7B67AE00A8DB94 /* restart32.png */ = {isa = PBXFileReference; lastKnownFileType = image.png; name = restart32.png; path = images/restart32.png; sourceTree = "<group>"; };
		50471FED0A7B67B800A8DB94 /* debugger32.png */ = {isa = PBXFileReference; lastKnownFileType = image.png; name = debugger32.png; path = images/debugger32.png; sourceTree = "<group>"; };
		505EB09F0F3047C300960BC0 /* Snapshot.h */ = {isa = PBXFileReference; fileEncoding = 4; lastKnownFileType = sourcecode.c.h; path = Snapshot.h; sourceTree = "<group>"; };
		505EB0A00F3047C300960BC0 /* Snapshot.cpp */ = {isa = PBXFileReference; fileEncoding = 4; lastKnownFileType = sourcecode.cpp.cpp; path = Snapshot.cpp; sourceTree = "<group>"; };
		506D39D1141780E500268AF6 /* SIDWrapper.cpp */ = {isa = PBXFileReference; fileEncoding = 4; lastKnownFileType = sourcecode.cpp.cpp; path = SIDWrapper.cpp; sourceTree = "<group>"; };
		506D39D3141780FF00268AF6 /* SIDWrapper.h */ = {isa = PBXFileReference; fileEncoding = 4; lastKnownFileType = sourcecode.c.h; path = SIDWrapper.h; sourceTree = "<group>"; };
		506D39D4141788E600268AF6 /* ReSID.cpp */ = {isa = PBXFileReference; fileEncoding = 4; lastKnownFileType = sourcecode.cpp.cpp; path = ReSID.cpp; sourceTree = "<group>"; };
		506D39D5141788E700268AF6 /* ReSID.h */ = {isa = PBXFileReference; fileEncoding = 4; lastKnownFileType = sourcecode.c.h; path = ReSID.h; sourceTree = "<group>"; };
		5074BE2B1A4AF6CB00EA9AEE /* Sparkle.framework */ = {isa = PBXFileReference; lastKnownFileType = wrapper.framework; path = Sparkle.framework; sourceTree = "<group>"; };
		5077742E12DE490300D72088 /* MemTableView.h */ = {isa = PBXFileReference; fileEncoding = 4; lastKnownFileType = sourcecode.c.h; path = MemTableView.h; sourceTree = "<group>"; };
		5077742F12DE490300D72088 /* MemTableView.mm */ = {isa = PBXFileReference; fileEncoding = 4; lastKnownFileType = sourcecode.cpp.objcpp; path = MemTableView.mm; sourceTree = "<group>"; };
		5077743112DE490B00D72088 /* CpuTableView.h */ = {isa = PBXFileReference; fileEncoding = 4; lastKnownFileType = sourcecode.c.h; path = CpuTableView.h; sourceTree = "<group>"; };
		5077743212DE490B00D72088 /* CpuTableView.mm */ = {isa = PBXFileReference; fileEncoding = 4; lastKnownFileType = sourcecode.cpp.objcpp; path = CpuTableView.mm; sourceTree = "<group>"; };
		50804AE212EB3CDA00394049 /* iphone48.png */ = {isa = PBXFileReference; lastKnownFileType = image.png; name = iphone48.png; path = images/iphone48.png; sourceTree = "<group>"; };
		5088A6D412E0676200378033 /* MyControllerDebugPanel.h */ = {isa = PBXFileReference; fileEncoding = 4; lastKnownFileType = sourcecode.c.h; path = MyControllerDebugPanel.h; sourceTree = "<group>"; };
		5088A6D512E0676200378033 /* MyControllerDebugPanel.mm */ = {isa = PBXFileReference; fileEncoding = 4; lastKnownFileType = sourcecode.cpp.objcpp; path = MyControllerDebugPanel.mm; sourceTree = "<group>"; };
		5088A6E812E06DB700378033 /* MyControllerToolbar.h */ = {isa = PBXFileReference; fileEncoding = 4; lastKnownFileType = sourcecode.c.h; path = MyControllerToolbar.h; sourceTree = "<group>"; };
		5088A6E912E06DB700378033 /* MyControllerToolbar.mm */ = {isa = PBXFileReference; fileEncoding = 4; lastKnownFileType = sourcecode.cpp.objcpp; path = MyControllerToolbar.mm; sourceTree = "<group>"; };
		5094197C0E426C13008D6F71 /* rom.png */ = {isa = PBXFileReference; lastKnownFileType = image.png; name = rom.png; path = images/rom.png; sourceTree = "<group>"; };
		509AEA0A0C324AB0001FC9FD /* PRGArchive.h */ = {isa = PBXFileReference; fileEncoding = 4; lastKnownFileType = sourcecode.c.h; path = PRGArchive.h; sourceTree = "<group>"; };
		509AEA0B0C324AB0001FC9FD /* PRGArchive.cpp */ = {isa = PBXFileReference; fileEncoding = 4; lastKnownFileType = sourcecode.cpp.cpp; path = PRGArchive.cpp; sourceTree = "<group>"; };
		509AEAFD0C325EFB001FC9FD /* P00Archive.h */ = {isa = PBXFileReference; fileEncoding = 4; lastKnownFileType = sourcecode.c.h; path = P00Archive.h; sourceTree = "<group>"; };
		509AEAFE0C325EFB001FC9FD /* P00Archive.cpp */ = {isa = PBXFileReference; fileEncoding = 4; lastKnownFileType = sourcecode.cpp.cpp; path = P00Archive.cpp; sourceTree = "<group>"; };
		509DF2470A9F681900AE0859 /* keyboard32.png */ = {isa = PBXFileReference; lastKnownFileType = image.png; name = keyboard32.png; path = images/keyboard32.png; sourceTree = "<group>"; };
		50A0E0200A8F33120067714C /* IOKit.framework */ = {isa = PBXFileReference; lastKnownFileType = wrapper.framework; name = IOKit.framework; path = /System/Library/Frameworks/IOKit.framework; sourceTree = "<absolute>"; };
		50A0E0240A8F332A0067714C /* System.framework */ = {isa = PBXFileReference; lastKnownFileType = wrapper.framework; name = System.framework; path = /System/Library/Frameworks/System.framework; sourceTree = "<absolute>"; };
		50A3E0890E66F7BC00D3564D /* play32.png */ = {isa = PBXFileReference; lastKnownFileType = image.png; name = play32.png; path = images/play32.png; sourceTree = "<group>"; };
		50A3E08B0E66F7C400D3564D /* pause32.png */ = {isa = PBXFileReference; lastKnownFileType = image.png; name = pause32.png; path = images/pause32.png; sourceTree = "<group>"; };
		50A52A170C2FD43700A1377F /* D64Archive.h */ = {isa = PBXFileReference; fileEncoding = 4; lastKnownFileType = sourcecode.c.h; path = D64Archive.h; sourceTree = "<group>"; };
		50A52A180C2FD43700A1377F /* D64Archive.cpp */ = {isa = PBXFileReference; fileEncoding = 4; lastKnownFileType = sourcecode.cpp.cpp; path = D64Archive.cpp; sourceTree = "<group>"; };
		50A8F8F10E47171300ACE17D /* RomDialog.h */ = {isa = PBXFileReference; fileEncoding = 4; lastKnownFileType = sourcecode.c.h; path = RomDialog.h; sourceTree = "<group>"; };
		50A8F8F20E47171300ACE17D /* RomDialog.mm */ = {isa = PBXFileReference; fileEncoding = 4; lastKnownFileType = sourcecode.cpp.objcpp; path = RomDialog.mm; sourceTree = "<group>"; };
		50A8F9E90E472BA800ACE17D /* romMissing.png */ = {isa = PBXFileReference; lastKnownFileType = image.png; name = romMissing.png; path = images/romMissing.png; sourceTree = "<group>"; };
		50AFEDBB0C3A7A78007749E7 /* Archive.cpp */ = {isa = PBXFileReference; fileEncoding = 4; lastKnownFileType = sourcecode.cpp.cpp; path = Archive.cpp; sourceTree = "<group>"; };
		50B1032E121E7C4C003E7729 /* GLUT.framework */ = {isa = PBXFileReference; lastKnownFileType = wrapper.framework; name = GLUT.framework; path = System/Library/Frameworks/GLUT.framework; sourceTree = SDKROOT; };
		50B37D771A56CA4F0055A540 /* ROMDropTargetView.h */ = {isa = PBXFileReference; fileEncoding = 4; lastKnownFileType = sourcecode.c.h; path = ROMDropTargetView.h; sourceTree = "<group>"; };
		50B37D781A56CA4F0055A540 /* ROMDropTargetView.mm */ = {isa = PBXFileReference; fileEncoding = 4; lastKnownFileType = sourcecode.cpp.objcpp; path = ROMDropTargetView.mm; sourceTree = "<group>"; };
		50B58B1D0A5A6524000AD819 /* OpenGL.framework */ = {isa = PBXFileReference; lastKnownFileType = wrapper.framework; name = OpenGL.framework; path = /System/Library/Frameworks/OpenGL.framework; sourceTree = "<absolute>"; };
		50B6894612DCA7B100CBB5B7 /* MyController.h */ = {isa = PBXFileReference; fileEncoding = 4; lastKnownFileType = sourcecode.c.h; path = MyController.h; sourceTree = "<group>"; };
		50B6894712DCA7B100CBB5B7 /* MyController.mm */ = {isa = PBXFileReference; fileEncoding = 4; lastKnownFileType = sourcecode.cpp.objcpp; path = MyController.mm; sourceTree = "<group>"; };
		50CA0D500A9076FD00A5A08D /* OldSID.h */ = {isa = PBXFileReference; fileEncoding = 4; lastKnownFileType = sourcecode.c.h; path = OldSID.h; sourceTree = "<group>"; };
		50CA0D510A9076FD00A5A08D /* OldSID.cpp */ = {isa = PBXFileReference; fileEncoding = 4; lastKnownFileType = sourcecode.cpp.cpp; path = OldSID.cpp; sourceTree = "<group>"; };
		50CE89D913A268E000A2FDCE /* VirtualC64Icon.icns */ = {isa = PBXFileReference; lastKnownFileType = image.icns; name = VirtualC64Icon.icns; path = images/VirtualC64Icon.icns; sourceTree = "<group>"; };
		50D141651417A34B0024FC74 /* envelope.cc */ = {isa = PBXFileReference; fileEncoding = 4; lastKnownFileType = sourcecode.cpp.cpp; path = envelope.cc; sourceTree = "<group>"; };
		50D141661417A34B0024FC74 /* envelope.h */ = {isa = PBXFileReference; fileEncoding = 4; lastKnownFileType = sourcecode.c.h; path = envelope.h; sourceTree = "<group>"; };
		50D141671417A34B0024FC74 /* extfilt.cc */ = {isa = PBXFileReference; fileEncoding = 4; lastKnownFileType = sourcecode.cpp.cpp; path = extfilt.cc; sourceTree = "<group>"; };
		50D141681417A34B0024FC74 /* extfilt.h */ = {isa = PBXFileReference; fileEncoding = 4; lastKnownFileType = sourcecode.c.h; path = extfilt.h; sourceTree = "<group>"; };
		50D141691417A34B0024FC74 /* filter.cc */ = {isa = PBXFileReference; fileEncoding = 4; lastKnownFileType = sourcecode.cpp.cpp; path = filter.cc; sourceTree = "<group>"; };
		50D1416A1417A34B0024FC74 /* filter.h */ = {isa = PBXFileReference; fileEncoding = 4; lastKnownFileType = sourcecode.c.h; path = filter.h; sourceTree = "<group>"; };
		50D1416B1417A34B0024FC74 /* pot.cc */ = {isa = PBXFileReference; fileEncoding = 4; lastKnownFileType = sourcecode.cpp.cpp; path = pot.cc; sourceTree = "<group>"; };
		50D1416C1417A34B0024FC74 /* pot.h */ = {isa = PBXFileReference; fileEncoding = 4; lastKnownFileType = sourcecode.c.h; path = pot.h; sourceTree = "<group>"; };
		50D1416D1417A34B0024FC74 /* sid.cc */ = {isa = PBXFileReference; fileEncoding = 4; lastKnownFileType = sourcecode.cpp.cpp; path = sid.cc; sourceTree = "<group>"; };
		50D1416E1417A34B0024FC74 /* sid.h */ = {isa = PBXFileReference; fileEncoding = 4; lastKnownFileType = sourcecode.c.h; path = sid.h; sourceTree = "<group>"; };
		50D1416F1417A34B0024FC74 /* siddefs.h */ = {isa = PBXFileReference; fileEncoding = 4; lastKnownFileType = sourcecode.c.h; path = siddefs.h; sourceTree = "<group>"; };
		50D141701417A34B0024FC74 /* spline.h */ = {isa = PBXFileReference; fileEncoding = 4; lastKnownFileType = sourcecode.c.h; path = spline.h; sourceTree = "<group>"; };
		50D141711417A34B0024FC74 /* version.cc */ = {isa = PBXFileReference; fileEncoding = 4; lastKnownFileType = sourcecode.cpp.cpp; path = version.cc; sourceTree = "<group>"; };
		50D141721417A34B0024FC74 /* voice.cc */ = {isa = PBXFileReference; fileEncoding = 4; lastKnownFileType = sourcecode.cpp.cpp; path = voice.cc; sourceTree = "<group>"; };
		50D141731417A34B0024FC74 /* voice.h */ = {isa = PBXFileReference; fileEncoding = 4; lastKnownFileType = sourcecode.c.h; path = voice.h; sourceTree = "<group>"; };
		50D141741417A34B0024FC74 /* wave.cc */ = {isa = PBXFileReference; fileEncoding = 4; lastKnownFileType = sourcecode.cpp.cpp; path = wave.cc; sourceTree = "<group>"; };
		50D141751417A34B0024FC74 /* wave.h */ = {isa = PBXFileReference; fileEncoding = 4; lastKnownFileType = sourcecode.c.h; path = wave.h; sourceTree = "<group>"; };
		50D141761417A34B0024FC74 /* wave6581__ST.cc */ = {isa = PBXFileReference; fileEncoding = 4; lastKnownFileType = sourcecode.cpp.cpp; path = wave6581__ST.cc; sourceTree = "<group>"; };
		50D141771417A34B0024FC74 /* wave6581_P_T.cc */ = {isa = PBXFileReference; fileEncoding = 4; lastKnownFileType = sourcecode.cpp.cpp; path = wave6581_P_T.cc; sourceTree = "<group>"; };
		50D141781417A34B0024FC74 /* wave6581_PS_.cc */ = {isa = PBXFileReference; fileEncoding = 4; lastKnownFileType = sourcecode.cpp.cpp; path = wave6581_PS_.cc; sourceTree = "<group>"; };
		50D141791417A34B0024FC74 /* wave6581_PST.cc */ = {isa = PBXFileReference; fileEncoding = 4; lastKnownFileType = sourcecode.cpp.cpp; path = wave6581_PST.cc; sourceTree = "<group>"; };
		50D1417A1417A34B0024FC74 /* wave8580__ST.cc */ = {isa = PBXFileReference; fileEncoding = 4; lastKnownFileType = sourcecode.cpp.cpp; path = wave8580__ST.cc; sourceTree = "<group>"; };
		50D1417B1417A34B0024FC74 /* wave8580_P_T.cc */ = {isa = PBXFileReference; fileEncoding = 4; lastKnownFileType = sourcecode.cpp.cpp; path = wave8580_P_T.cc; sourceTree = "<group>"; };
		50D1417C1417A34B0024FC74 /* wave8580_PS_.cc */ = {isa = PBXFileReference; fileEncoding = 4; lastKnownFileType = sourcecode.cpp.cpp; path = wave8580_PS_.cc; sourceTree = "<group>"; };
		50D1417D1417A34B0024FC74 /* wave8580_PST.cc */ = {isa = PBXFileReference; fileEncoding = 4; lastKnownFileType = sourcecode.cpp.cpp; path = wave8580_PST.cc; sourceTree = "<group>"; };
		50D5004B0C2ED1200022CA3A /* Archive.h */ = {isa = PBXFileReference; fileEncoding = 4; lastKnownFileType = sourcecode.c.h; path = Archive.h; sourceTree = "<group>"; };
		50D500500C2ED13F0022CA3A /* T64Archive.h */ = {isa = PBXFileReference; fileEncoding = 4; lastKnownFileType = sourcecode.c.h; path = T64Archive.h; sourceTree = "<group>"; };
		50D500510C2ED13F0022CA3A /* T64Archive.cpp */ = {isa = PBXFileReference; fileEncoding = 4; lastKnownFileType = sourcecode.cpp.cpp; path = T64Archive.cpp; sourceTree = "<group>"; };
		50D5FDB20C2E9CF50022CA3A /* MountDialog.h */ = {isa = PBXFileReference; fileEncoding = 30; lastKnownFileType = sourcecode.c.h; path = MountDialog.h; sourceTree = "<group>"; };
		50D5FDB30C2E9CF50022CA3A /* MountDialog.mm */ = {isa = PBXFileReference; fileEncoding = 30; lastKnownFileType = sourcecode.cpp.objcpp; path = MountDialog.mm; sourceTree = "<group>"; };
		50D6954312E3759500D9C738 /* IconCRT.icns */ = {isa = PBXFileReference; lastKnownFileType = image.icns; name = IconCRT.icns; path = images/IconCRT.icns; sourceTree = "<group>"; };
		50D6954412E3759500D9C738 /* IconD64.icns */ = {isa = PBXFileReference; lastKnownFileType = image.icns; name = IconD64.icns; path = images/IconD64.icns; sourceTree = "<group>"; };
		50D6954612E3759500D9C738 /* IconT64.icns */ = {isa = PBXFileReference; lastKnownFileType = image.icns; name = IconT64.icns; path = images/IconT64.icns; sourceTree = "<group>"; };
		50D6954712E3759500D9C738 /* IconV64.icns */ = {isa = PBXFileReference; lastKnownFileType = image.icns; name = IconV64.icns; path = images/IconV64.icns; sourceTree = "<group>"; };
		50D6956B12E380E500D9C738 /* IconPRG.icns */ = {isa = PBXFileReference; lastKnownFileType = image.icns; name = IconPRG.icns; path = images/IconPRG.icns; sourceTree = "<group>"; };
		50DA14A20A6418470022B4A7 /* bottom.png */ = {isa = PBXFileReference; lastKnownFileType = image.png; name = bottom.png; path = images/bottom.png; sourceTree = "<group>"; };
		50DA15490A642EA20022B4A7 /* window_fullscreen.png */ = {isa = PBXFileReference; lastKnownFileType = image.png; name = window_fullscreen.png; path = images/window_fullscreen.png; sourceTree = "<group>"; };
		50DAD6900A736F9B00BB44AC /* VirtualComponent.h */ = {isa = PBXFileReference; fileEncoding = 4; lastKnownFileType = sourcecode.c.h; path = VirtualComponent.h; sourceTree = "<group>"; };
		50DAD6910A736F9B00BB44AC /* VirtualComponent.cpp */ = {isa = PBXFileReference; fileEncoding = 4; lastKnownFileType = sourcecode.cpp.cpp; path = VirtualComponent.cpp; sourceTree = "<group>"; };
		50E033BA12E3868100ABF9E3 /* IconP00.icns */ = {isa = PBXFileReference; lastKnownFileType = image.icns; name = IconP00.icns; path = images/IconP00.icns; sourceTree = "<group>"; };
		50E4BFA60C3CE95400CB6B43 /* floppy.png */ = {isa = PBXFileReference; lastKnownFileType = image.png; name = floppy.png; path = images/floppy.png; sourceTree = "<group>"; };
		50E4BFA90C3CEAB700CB6B43 /* warpOff.png */ = {isa = PBXFileReference; lastKnownFileType = image.png; name = warpOff.png; path = images/warpOff.png; sourceTree = "<group>"; };
		50E4BFAB0C3CEAD100CB6B43 /* warpOn.png */ = {isa = PBXFileReference; lastKnownFileType = image.png; name = warpOn.png; path = images/warpOn.png; sourceTree = "<group>"; };
		50E4C0230C3CFBC300CB6B43 /* soundOff.png */ = {isa = PBXFileReference; lastKnownFileType = image.png; name = soundOff.png; path = images/soundOff.png; sourceTree = "<group>"; };
		50E4C0250C3CFBC700CB6B43 /* soundOn.png */ = {isa = PBXFileReference; lastKnownFileType = image.png; name = soundOn.png; path = images/soundOn.png; sourceTree = "<group>"; };
		50E4C0270C3CFBE400CB6B43 /* fullscreen.png */ = {isa = PBXFileReference; lastKnownFileType = image.png; name = fullscreen.png; path = images/fullscreen.png; sourceTree = "<group>"; };
		50E555FC0C42698E00AFB05F /* flag_usa.png */ = {isa = PBXFileReference; lastKnownFileType = image.png; name = flag_usa.png; path = images/flag_usa.png; sourceTree = "<group>"; };
		50E555FE0C42699300AFB05F /* flag_eu.png */ = {isa = PBXFileReference; lastKnownFileType = image.png; name = flag_eu.png; path = images/flag_eu.png; sourceTree = "<group>"; };
		50E6014613A3653900EDBEA9 /* PropertiesDialog.h */ = {isa = PBXFileReference; fileEncoding = 4; lastKnownFileType = sourcecode.c.h; path = PropertiesDialog.h; sourceTree = "<group>"; };
		50E6014713A3653900EDBEA9 /* PropertiesDialog.mm */ = {isa = PBXFileReference; fileEncoding = 4; lastKnownFileType = sourcecode.cpp.objcpp; path = PropertiesDialog.mm; sourceTree = "<group>"; };
		50ED5BF612DD99C000596417 /* Speedometer.h */ = {isa = PBXFileReference; fileEncoding = 4; lastKnownFileType = sourcecode.c.h; path = Speedometer.h; sourceTree = "<group>"; };
		50ED5BF712DD99C000596417 /* Speedometer.mm */ = {isa = PBXFileReference; fileEncoding = 4; lastKnownFileType = sourcecode.cpp.objcpp; path = Speedometer.mm; sourceTree = "<group>"; };
		50F236AE12DF1CCB00B1F275 /* C64GUI.h */ = {isa = PBXFileReference; fileEncoding = 4; lastKnownFileType = sourcecode.c.h; path = C64GUI.h; sourceTree = "<group>"; };
		50F2380112DF4EC600B1F275 /* CheatboxImageBrowserView.h */ = {isa = PBXFileReference; fileEncoding = 4; lastKnownFileType = sourcecode.c.h; path = CheatboxImageBrowserView.h; sourceTree = "<group>"; };
		50F2380212DF4EC600B1F275 /* CheatboxImageBrowserView.mm */ = {isa = PBXFileReference; fileEncoding = 4; lastKnownFileType = sourcecode.cpp.objcpp; path = CheatboxImageBrowserView.mm; sourceTree = "<group>"; };
		50F2381D12DF505B00B1F275 /* Quartz.framework */ = {isa = PBXFileReference; lastKnownFileType = wrapper.framework; name = Quartz.framework; path = System/Library/Frameworks/Quartz.framework; sourceTree = SDKROOT; };
		50F238F212DF576600B1F275 /* CheatboxItem.h */ = {isa = PBXFileReference; fileEncoding = 4; lastKnownFileType = sourcecode.c.h; path = CheatboxItem.h; sourceTree = "<group>"; };
		50F238F312DF576600B1F275 /* CheatboxItem.mm */ = {isa = PBXFileReference; fileEncoding = 4; lastKnownFileType = sourcecode.cpp.objcpp; path = CheatboxItem.mm; sourceTree = "<group>"; };
		50F239B912DF66CB00B1F275 /* CheatboxImageBrowserCell.h */ = {isa = PBXFileReference; fileEncoding = 4; lastKnownFileType = sourcecode.c.h; path = CheatboxImageBrowserCell.h; sourceTree = "<group>"; };
		50F239BA12DF66CB00B1F275 /* CheatboxImageBrowserCell.mm */ = {isa = PBXFileReference; fileEncoding = 4; lastKnownFileType = sourcecode.cpp.objcpp; path = CheatboxImageBrowserCell.mm; sourceTree = "<group>"; };
		50F23D0712DF932800B1F275 /* glossy.png */ = {isa = PBXFileReference; lastKnownFileType = image.png; name = glossy.png; path = images/glossy.png; sourceTree = "<group>"; };
		50F4D2930C46262700ED4E4E /* ResetImage.VC64 */ = {isa = PBXFileReference; lastKnownFileType = file; path = ResetImage.VC64; sourceTree = "<group>"; };
		50F55DA40F28EADC0040592B /* English */ = {isa = PBXFileReference; lastKnownFileType = file.xib; name = English; path = English.lproj/MyDocument.xib; sourceTree = "<group>"; };
		50F55DCC0F28EC010040592B /* English */ = {isa = PBXFileReference; lastKnownFileType = file.xib; name = English; path = English.lproj/MainMenu.xib; sourceTree = "<group>"; };
		50F93BE512EF309900DD6A8A /* FileArchive.cpp */ = {isa = PBXFileReference; fileEncoding = 4; lastKnownFileType = sourcecode.cpp.cpp; path = FileArchive.cpp; sourceTree = "<group>"; };
		50F93BE612EF309900DD6A8A /* FileArchive.h */ = {isa = PBXFileReference; fileEncoding = 4; lastKnownFileType = sourcecode.c.h; path = FileArchive.h; sourceTree = "<group>"; };
		50FBE90912DC992B0093194C /* MyControllerVicPanel.h */ = {isa = PBXFileReference; fileEncoding = 4; lastKnownFileType = sourcecode.c.h; path = MyControllerVicPanel.h; sourceTree = "<group>"; };
		50FBE90A12DC992B0093194C /* MyControllerVicPanel.mm */ = {isa = PBXFileReference; fileEncoding = 4; lastKnownFileType = sourcecode.cpp.objcpp; path = MyControllerVicPanel.mm; sourceTree = "<group>"; };
		8D15AC360486D014006FF6A4 /* Info.plist */ = {isa = PBXFileReference; fileEncoding = 4; lastKnownFileType = text.plist; path = Info.plist; sourceTree = "<group>"; };
		8D15AC370486D014006FF6A4 /* VirtualC64.app */ = {isa = PBXFileReference; explicitFileType = wrapper.application; includeInIndex = 0; path = VirtualC64.app; sourceTree = BUILT_PRODUCTS_DIR; };
		BC8146860FE54238007ED085 /* JoystickManager.h */ = {isa = PBXFileReference; fileEncoding = 4; lastKnownFileType = sourcecode.c.h; path = JoystickManager.h; sourceTree = "<group>"; };
		BC8146870FE54238007ED085 /* JoystickManager.mm */ = {isa = PBXFileReference; fileEncoding = 4; lastKnownFileType = sourcecode.cpp.objcpp; path = JoystickManager.mm; sourceTree = "<group>"; };
/* End PBXFileReference section */

/* Begin PBXFrameworksBuildPhase section */
		8D15AC330486D014006FF6A4 /* Frameworks */ = {
			isa = PBXFrameworksBuildPhase;
			buildActionMask = 2147483647;
			files = (
				8D15AC340486D014006FF6A4 /* Cocoa.framework in Frameworks */,
				50B58B1E0A5A6524000AD819 /* OpenGL.framework in Frameworks */,
				50A0E0210A8F33120067714C /* IOKit.framework in Frameworks */,
				50A0E0250A8F332A0067714C /* System.framework in Frameworks */,
				025229EF0AF27E740024DAB3 /* CoreAudio.framework in Frameworks */,
				50B1032F121E7C4C003E7729 /* GLUT.framework in Frameworks */,
				50F2381E12DF505B00B1F275 /* Quartz.framework in Frameworks */,
				5074BE2C1A4AF6CB00EA9AEE /* Sparkle.framework in Frameworks */,
			);
			runOnlyForDeploymentPostprocessing = 0;
		};
/* End PBXFrameworksBuildPhase section */

/* Begin PBXGroup section */
		1058C7A6FEA54F5311CA2CBB /* Linked Frameworks */ = {
			isa = PBXGroup;
			children = (
				5074BE2B1A4AF6CB00EA9AEE /* Sparkle.framework */,
				1058C7A7FEA54F5311CA2CBB /* Cocoa.framework */,
			);
			name = "Linked Frameworks";
			sourceTree = "<group>";
		};
		1058C7A8FEA54F5311CA2CBB /* Other Frameworks */ = {
			isa = PBXGroup;
			children = (
				2A37F4C4FDCFA73011CA2CEA /* AppKit.framework */,
				13E42FBA07B3F13500E4EEF1 /* CoreData.framework */,
				2A37F4C5FDCFA73011CA2CEA /* Foundation.framework */,
			);
			name = "Other Frameworks";
			sourceTree = "<group>";
		};
		19C28FB0FE9D524F11CA2CBB /* Products */ = {
			isa = PBXGroup;
			children = (
				8D15AC370486D014006FF6A4 /* VirtualC64.app */,
			);
			name = Products;
			sourceTree = "<group>";
		};
		2A37F4AAFDCFA73011CA2CEA /* V64 */ = {
			isa = PBXGroup;
			children = (
				2A37F4ABFDCFA73011CA2CEA /* Classes */,
				2A37F4AFFDCFA73011CA2CEA /* Other Sources */,
				2A37F4B8FDCFA73011CA2CEA /* Resources */,
				2A37F4C3FDCFA73011CA2CEA /* Frameworks */,
				19C28FB0FE9D524F11CA2CBB /* Products */,
			);
			name = V64;
			sourceTree = "<group>";
		};
		2A37F4ABFDCFA73011CA2CEA /* Classes */ = {
			isa = PBXGroup;
			children = (
				50176C6D0A6F7357009E80BD /* MacGUI */,
				50176C4E0A6F72F3009E80BD /* C64 */,
			);
			name = Classes;
			sourceTree = "<group>";
		};
		2A37F4AFFDCFA73011CA2CEA /* Other Sources */ = {
			isa = PBXGroup;
			children = (
				32DBCF750370BD2300C91783 /* V64_Prefix.pch */,
				2A37F4B0FDCFA73011CA2CEA /* main.m */,
			);
			name = "Other Sources";
			sourceTree = "<group>";
		};
		2A37F4B8FDCFA73011CA2CEA /* Resources */ = {
			isa = PBXGroup;
			children = (
				503A5AD612227C0300EAA95E /* dsa_pub.pem */,
				50F55DA30F28EADC0040592B /* MyDocument.xib */,
				50F55DCB0F28EC010040592B /* MainMenu.xib */,
				50F4D28F0C4625E200ED4E4E /* Snapshots */,
				50732BCA0A70D560008D8FF0 /* Images */,
				2A37F4B9FDCFA73011CA2CEA /* Credits.rtf */,
				8D15AC360486D014006FF6A4 /* Info.plist */,
				089C165FFE840EACC02AAC07 /* InfoPlist.strings */,
			);
			name = Resources;
			sourceTree = "<group>";
		};
		2A37F4C3FDCFA73011CA2CEA /* Frameworks */ = {
			isa = PBXGroup;
			children = (
				50F2381D12DF505B00B1F275 /* Quartz.framework */,
				50B1032E121E7C4C003E7729 /* GLUT.framework */,
				025229EE0AF27E740024DAB3 /* CoreAudio.framework */,
				50A0E0240A8F332A0067714C /* System.framework */,
				50A0E0200A8F33120067714C /* IOKit.framework */,
				50B58B1D0A5A6524000AD819 /* OpenGL.framework */,
				1058C7A6FEA54F5311CA2CBB /* Linked Frameworks */,
				1058C7A8FEA54F5311CA2CBB /* Other Frameworks */,
			);
			name = Frameworks;
			sourceTree = "<group>";
		};
		5000473C12DCEC060098D890 /* Computer */ = {
			isa = PBXGroup;
			children = (
				50D141641417A34B0024FC74 /* resid */,
				50176C520A6F72F3009E80BD /* C64.h */,
				50176C510A6F72F3009E80BD /* C64.cpp */,
				50176C540A6F72F3009E80BD /* CIA.h */,
				50176C530A6F72F3009E80BD /* CIA.cpp */,
				500B6CA30B905CEC002C36EC /* TOD.h */,
				500B6CA40B905CEC002C36EC /* TOD.cpp */,
				50176C600A6F72F3009E80BD /* VIC.h */,
				50176C5F0A6F72F3009E80BD /* VIC.cpp */,
				5007A5EB0C3FC99F0069B0CE /* VIC_colors.cpp */,
				506D39D3141780FF00268AF6 /* SIDWrapper.h */,
				506D39D1141780E500268AF6 /* SIDWrapper.cpp */,
				506D39D5141788E700268AF6 /* ReSID.h */,
				506D39D4141788E600268AF6 /* ReSID.cpp */,
				50CA0D500A9076FD00A5A08D /* OldSID.h */,
				50CA0D510A9076FD00A5A08D /* OldSID.cpp */,
				020214250AF8E599008AB4EB /* SIDVoice.h */,
				020214260AF8E599008AB4EB /* SIDVoice.cpp */,
				50176C560A6F72F3009E80BD /* CPU.h */,
				50176C550A6F72F3009E80BD /* CPU.cpp */,
				50176C580A6F72F3009E80BD /* Instructions.h */,
				50176C570A6F72F3009E80BD /* Instructions.cpp */,
				50176C5A0A6F72F3009E80BD /* Keyboard.h */,
				50176C590A6F72F3009E80BD /* Keyboard.cpp */,
				389E777F0C7A3B6F00BEAFA6 /* Joystick.h */,
				389E777E0C7A3B6F00BEAFA6 /* Joystick.cpp */,
				5020F28A0BBABE3C0093C396 /* IEC.h */,
				5020F28B0BBABE3C0093C396 /* IEC.cpp */,
			);
			name = Computer;
			sourceTree = "<group>";
		};
		5000473E12DCEC7D0098D890 /* General */ = {
			isa = PBXGroup;
			children = (
				50176C500A6F72F3009E80BD /* basic.h */,
				50176C4F0A6F72F3009E80BD /* basic.cpp */,
				500EC04F10E4DCC4005A19A3 /* Message.h */,
				500EC05010E4DCC4005A19A3 /* Message.cpp */,
				50DAD6900A736F9B00BB44AC /* VirtualComponent.h */,
				50DAD6910A736F9B00BB44AC /* VirtualComponent.cpp */,
			);
			name = General;
			sourceTree = "<group>";
		};
		5000473F12DCEC9B0098D890 /* Model */ = {
			isa = PBXGroup;
			children = (
				50176C790A6F7357009E80BD /* C64Proxy.h */,
				50176C7A0A6F7357009E80BD /* C64Proxy.mm */,
				50176C750A6F7357009E80BD /* MyDocument.h */,
				50176C760A6F7357009E80BD /* MyDocument.mm */,
			);
			name = Model;
			sourceTree = "<group>";
		};
		5000474012DCECAB0098D890 /* View */ = {
			isa = PBXGroup;
			children = (
				50176C700A6F7357009E80BD /* Disassembler.h */,
				50176C710A6F7357009E80BD /* Disassembler.mm */,
				50176C720A6F7357009E80BD /* Formatter.h */,
				50176C730A6F7357009E80BD /* Formatter.mm */,
				50176C770A6F7357009E80BD /* MyOpenGLView.h */,
				50176C780A6F7357009E80BD /* MyOpenGLView.mm */,
				50B37D771A56CA4F0055A540 /* ROMDropTargetView.h */,
				50B37D781A56CA4F0055A540 /* ROMDropTargetView.mm */,
				5077743112DE490B00D72088 /* CpuTableView.h */,
				5077743212DE490B00D72088 /* CpuTableView.mm */,
				5077742E12DE490300D72088 /* MemTableView.h */,
				5077742F12DE490300D72088 /* MemTableView.mm */,
				50F238F212DF576600B1F275 /* CheatboxItem.h */,
				50F238F312DF576600B1F275 /* CheatboxItem.mm */,
				50F239B912DF66CB00B1F275 /* CheatboxImageBrowserCell.h */,
				50F239BA12DF66CB00B1F275 /* CheatboxImageBrowserCell.mm */,
				50F2380112DF4EC600B1F275 /* CheatboxImageBrowserView.h */,
				50F2380212DF4EC600B1F275 /* CheatboxImageBrowserView.mm */,
			);
			name = View;
			sourceTree = "<group>";
		};
		5000474112DCECBA0098D890 /* Controller */ = {
			isa = PBXGroup;
			children = (
				50B6894612DCA7B100CBB5B7 /* MyController.h */,
				50B6894712DCA7B100CBB5B7 /* MyController.mm */,
				5088A6E812E06DB700378033 /* MyControllerToolbar.h */,
				5088A6E912E06DB700378033 /* MyControllerToolbar.mm */,
				5000474A12DCEE500098D890 /* MyControllerMenu.h */,
				5000474B12DCEE500098D890 /* MyControllerMenu.mm */,
				5088A6D412E0676200378033 /* MyControllerDebugPanel.h */,
				5088A6D512E0676200378033 /* MyControllerDebugPanel.mm */,
				50FBE90912DC992B0093194C /* MyControllerVicPanel.h */,
				50FBE90A12DC992B0093194C /* MyControllerVicPanel.mm */,
				5000471012DCE8890098D890 /* MyControllerCpuPanel.h */,
				5000471112DCE8890098D890 /* MyControllerCpuPanel.mm */,
				5000472712DCE9AB0098D890 /* MyControllerMemoryPanel.h */,
				5000472612DCE9AB0098D890 /* MyControllerMemoryPanel.mm */,
				5000473212DCEA6B0098D890 /* MyControllerCiaPanel.h */,
				5000473312DCEA6B0098D890 /* MyControllerCiaPanel.mm */,
			);
			name = Controller;
			sourceTree = "<group>";
		};
		5000474212DCECDB0098D890 /* Dialogs */ = {
			isa = PBXGroup;
			children = (
				50E6014613A3653900EDBEA9 /* PropertiesDialog.h */,
				50E6014713A3653900EDBEA9 /* PropertiesDialog.mm */,
				50D5FDB20C2E9CF50022CA3A /* MountDialog.h */,
				50D5FDB30C2E9CF50022CA3A /* MountDialog.mm */,
				50A8F8F10E47171300ACE17D /* RomDialog.h */,
				50A8F8F20E47171300ACE17D /* RomDialog.mm */,
			);
			name = Dialogs;
			sourceTree = "<group>";
		};
		5000474312DCED190098D890 /* Misc */ = {
			isa = PBXGroup;
			children = (
				BC8146860FE54238007ED085 /* JoystickManager.h */,
				BC8146870FE54238007ED085 /* JoystickManager.mm */,
				023023FE0DC902A700F8818A /* AudioDevice.h */,
				023023FF0DC902A700F8818A /* AudioDevice.mm */,
				50ED5BF612DD99C000596417 /* Speedometer.h */,
				50ED5BF712DD99C000596417 /* Speedometer.mm */,
			);
			name = Misc;
			sourceTree = "<group>";
		};
		5000C8070D13CE490011A2E9 /* Memory */ = {
			isa = PBXGroup;
			children = (
				50176C5C0A6F72F3009E80BD /* Memory.h */,
				50176C5B0A6F72F3009E80BD /* Memory.cpp */,
				5000C80E0D13CE680011A2E9 /* C64Memory.h */,
				5000C80D0D13CE680011A2E9 /* C64Memory.cpp */,
				5000C9610D13DED40011A2E9 /* VC1541Memory.h */,
				5000C9620D13DED40011A2E9 /* VC1541Memory.cpp */,
			);
			name = Memory;
			sourceTree = "<group>";
		};
		50176C4E0A6F72F3009E80BD /* C64 */ = {
			isa = PBXGroup;
			children = (
				5000473E12DCEC7D0098D890 /* General */,
				5000473C12DCEC060098D890 /* Computer */,
				504B39910C45192700286F18 /* Drive */,
				5000C8070D13CE490011A2E9 /* Memory */,
				509AE9FE0C3249D4001FC9FD /* Loading and saving */,
			);
			path = C64;
			sourceTree = "<group>";
		};
		50176C6D0A6F7357009E80BD /* MacGUI */ = {
			isa = PBXGroup;
			children = (
				50F236AE12DF1CCB00B1F275 /* C64GUI.h */,
				5000473F12DCEC9B0098D890 /* Model */,
				5000474012DCECAB0098D890 /* View */,
				5000474112DCECBA0098D890 /* Controller */,
				5000474212DCECDB0098D890 /* Dialogs */,
				5000474312DCED190098D890 /* Misc */,
			);
			path = MacGUI;
			sourceTree = "<group>";
		};
		504B39910C45192700286F18 /* Drive */ = {
			isa = PBXGroup;
			children = (
				5000C8220D13CEE10011A2E9 /* VC1541.h */,
				5000C8230D13CEE10011A2E9 /* VC1541.cpp */,
				500FC6770D17D2190044131D /* VIA6522.h */,
				500FC6780D17D2190044131D /* VIA6522.cpp */,
			);
			name = Drive;
			sourceTree = "<group>";
		};
		50732BCA0A70D560008D8FF0 /* Images */ = {
			isa = PBXGroup;
			children = (
				50D6955012E375A800D9C738 /* Icons */,
				50F23D0712DF932800B1F275 /* glossy.png */,
				5039A31315BE89940038ACBC /* drive48.png */,
				5039A31F15BE97500038ACBC /* diskette.png */,
				5039A31715BE97440038ACBC /* LEDbb.png */,
				5039A31815BE97440038ACBC /* LEDbr.png */,
				5039A31915BE97440038ACBC /* LEDgb.png */,
				5039A31A15BE97440038ACBC /* LEDgr.png */,
				50804AE212EB3CDA00394049 /* iphone48.png */,
				502F96B512D85F9C00DBE132 /* time2.png */,
				5041486812219F6E00A80E0C /* cartridge.png */,
				50DA14A20A6418470022B4A7 /* bottom.png */,
				50471FED0A7B67B800A8DB94 /* debugger32.png */,
				50E555FE0C42699300AFB05F /* flag_eu.png */,
				50E555FC0C42698E00AFB05F /* flag_usa.png */,
				50E4BFA60C3CE95400CB6B43 /* floppy.png */,
				50E4C0270C3CFBE400CB6B43 /* fullscreen.png */,
				38AF83890C7BA24A00F6DBCE /* joystick1_32.png */,
				38AF838A0C7BA24A00F6DBCE /* joystick2_32.png */,
				509DF2470A9F681900AE0859 /* keyboard32.png */,
				5005966D0D23FA1C00FD44B3 /* LEDblue.png */,
				500596670D23F9E800FD44B3 /* LEDgray.png */,
				500596660D23F9E800FD44B3 /* LEDgreen.png */,
				500596650D23F9E800FD44B3 /* LEDred.png */,
				5005966B0D23FA1800FD44B3 /* LEDyellow.png */,
				38AF838B0C7BA24A00F6DBCE /* none_32.png */,
				50A3E08B0E66F7C400D3564D /* pause32.png */,
				50A3E0890E66F7BC00D3564D /* play32.png */,
				500B9D360C40E554008237C6 /* pref_disk.png */,
				500B9D3C0C40E563008237C6 /* pref_grafik.png */,
				500B9D400C40F03C008237C6 /* pref_ntsc.png */,
				500B9D3E0C40F037008237C6 /* pref_pal.png */,
				500B9D3A0C40E55F008237C6 /* pref_sound.png */,
				500B9D380C40E55A008237C6 /* pref_system.png */,
				50471FEB0A7B67AE00A8DB94 /* restart32.png */,
				5094197C0E426C13008D6F71 /* rom.png */,
				50A8F9E90E472BA800ACE17D /* romMissing.png */,
				50E4C0230C3CFBC300CB6B43 /* soundOff.png */,
				50E4C0250C3CFBC700CB6B43 /* soundOn.png */,
				50471FE50A7B679A00A8DB94 /* stepInto32.png */,
				50287EEA0A7CA86900292533 /* stepOut32.png */,
				50471FE70A7B67A100A8DB94 /* stepOver32.png */,
				50E4BFA90C3CEAB700CB6B43 /* warpOff.png */,
				50E4BFAB0C3CEAD100CB6B43 /* warpOn.png */,
				50DA15490A642EA20022B4A7 /* window_fullscreen.png */,
			);
			name = Images;
			sourceTree = "<group>";
		};
		509AE9FE0C3249D4001FC9FD /* Loading and saving */ = {
			isa = PBXGroup;
			children = (
				5018E47F12240F7100F0820E /* Container.h */,
				5018E48012240F7100F0820E /* Container.cpp */,
				50D5004B0C2ED1200022CA3A /* Archive.h */,
				50AFEDBB0C3A7A78007749E7 /* Archive.cpp */,
				50414726122188FC00A80E0C /* Cartridge.h */,
				50414725122188FC00A80E0C /* Cartridge.cpp */,
				505EB09F0F3047C300960BC0 /* Snapshot.h */,
				505EB0A00F3047C300960BC0 /* Snapshot.cpp */,
				50D500500C2ED13F0022CA3A /* T64Archive.h */,
				50D500510C2ED13F0022CA3A /* T64Archive.cpp */,
				50A52A170C2FD43700A1377F /* D64Archive.h */,
				50A52A180C2FD43700A1377F /* D64Archive.cpp */,
				509AEA0A0C324AB0001FC9FD /* PRGArchive.h */,
				509AEA0B0C324AB0001FC9FD /* PRGArchive.cpp */,
				509AEAFD0C325EFB001FC9FD /* P00Archive.h */,
				509AEAFE0C325EFB001FC9FD /* P00Archive.cpp */,
				50F93BE612EF309900DD6A8A /* FileArchive.h */,
				50F93BE512EF309900DD6A8A /* FileArchive.cpp */,
			);
			name = "Loading and saving";
			sourceTree = "<group>";
		};
		50D141641417A34B0024FC74 /* resid */ = {
			isa = PBXGroup;
			children = (
				50D141651417A34B0024FC74 /* envelope.cc */,
				50D141661417A34B0024FC74 /* envelope.h */,
				50D141671417A34B0024FC74 /* extfilt.cc */,
				50D141681417A34B0024FC74 /* extfilt.h */,
				50D141691417A34B0024FC74 /* filter.cc */,
				50D1416A1417A34B0024FC74 /* filter.h */,
				50D1416B1417A34B0024FC74 /* pot.cc */,
				50D1416C1417A34B0024FC74 /* pot.h */,
				50D1416D1417A34B0024FC74 /* sid.cc */,
				50D1416E1417A34B0024FC74 /* sid.h */,
				50D1416F1417A34B0024FC74 /* siddefs.h */,
				50D141701417A34B0024FC74 /* spline.h */,
				50D141711417A34B0024FC74 /* version.cc */,
				50D141721417A34B0024FC74 /* voice.cc */,
				50D141731417A34B0024FC74 /* voice.h */,
				50D141741417A34B0024FC74 /* wave.cc */,
				50D141751417A34B0024FC74 /* wave.h */,
				50D141761417A34B0024FC74 /* wave6581__ST.cc */,
				50D141771417A34B0024FC74 /* wave6581_P_T.cc */,
				50D141781417A34B0024FC74 /* wave6581_PS_.cc */,
				50D141791417A34B0024FC74 /* wave6581_PST.cc */,
				50D1417A1417A34B0024FC74 /* wave8580__ST.cc */,
				50D1417B1417A34B0024FC74 /* wave8580_P_T.cc */,
				50D1417C1417A34B0024FC74 /* wave8580_PS_.cc */,
				50D1417D1417A34B0024FC74 /* wave8580_PST.cc */,
			);
			path = resid;
			sourceTree = "<group>";
		};
		50D6955012E375A800D9C738 /* Icons */ = {
			isa = PBXGroup;
			children = (
				50CE89D913A268E000A2FDCE /* VirtualC64Icon.icns */,
				50D6954312E3759500D9C738 /* IconCRT.icns */,
				50D6954412E3759500D9C738 /* IconD64.icns */,
				50D6954612E3759500D9C738 /* IconT64.icns */,
				50D6954712E3759500D9C738 /* IconV64.icns */,
				50D6956B12E380E500D9C738 /* IconPRG.icns */,
				50E033BA12E3868100ABF9E3 /* IconP00.icns */,
			);
			name = Icons;
			sourceTree = "<group>";
		};
		50F4D28F0C4625E200ED4E4E /* Snapshots */ = {
			isa = PBXGroup;
			children = (
				50F4D2930C46262700ED4E4E /* ResetImage.VC64 */,
			);
			name = Snapshots;
			sourceTree = "<group>";
		};
/* End PBXGroup section */

/* Begin PBXNativeTarget section */
		8D15AC270486D014006FF6A4 /* VirtualC64 */ = {
			isa = PBXNativeTarget;
			buildConfigurationList = 504F83690A89E0D2009FA225 /* Build configuration list for PBXNativeTarget "VirtualC64" */;
			buildPhases = (
				020E6BF30B0E754F0015C3A6 /* ShellScript */,
				8D15AC2B0486D014006FF6A4 /* Resources */,
				8D15AC300486D014006FF6A4 /* Sources */,
				8D15AC330486D014006FF6A4 /* Frameworks */,
				503A5AC41222781A00EAA95E /* CopyFiles */,
			);
			buildRules = (
			);
			dependencies = (
			);
			name = VirtualC64;
			productInstallPath = "$(HOME)/Applications";
			productName = V64;
			productReference = 8D15AC370486D014006FF6A4 /* VirtualC64.app */;
			productType = "com.apple.product-type.application";
		};
/* End PBXNativeTarget section */

/* Begin PBXProject section */
		2A37F4A9FDCFA73011CA2CEA /* Project object */ = {
			isa = PBXProject;
			attributes = {
				LastUpgradeCheck = 0610;
			};
			buildConfigurationList = 504F836D0A89E0D2009FA225 /* Build configuration list for PBXProject "V64" */;
			compatibilityVersion = "Xcode 3.2";
			developmentRegion = English;
			hasScannedForEncodings = 1;
			knownRegions = (
				en,
			);
			mainGroup = 2A37F4AAFDCFA73011CA2CEA /* V64 */;
			projectDirPath = "";
			projectRoot = "";
			targets = (
				8D15AC270486D014006FF6A4 /* VirtualC64 */,
			);
		};
/* End PBXProject section */

/* Begin PBXResourcesBuildPhase section */
		8D15AC2B0486D014006FF6A4 /* Resources */ = {
			isa = PBXResourcesBuildPhase;
			buildActionMask = 2147483647;
			files = (
				8D15AC2C0486D014006FF6A4 /* Credits.rtf in Resources */,
				8D15AC2F0486D014006FF6A4 /* InfoPlist.strings in Resources */,
				50DA14A30A6418470022B4A7 /* bottom.png in Resources */,
				50DA154A0A642EA20022B4A7 /* window_fullscreen.png in Resources */,
				50471FE60A7B679A00A8DB94 /* stepInto32.png in Resources */,
				50471FE80A7B67A100A8DB94 /* stepOver32.png in Resources */,
				50471FEC0A7B67AE00A8DB94 /* restart32.png in Resources */,
				50471FEE0A7B67B800A8DB94 /* debugger32.png in Resources */,
				50287EEB0A7CA86900292533 /* stepOut32.png in Resources */,
				509DF2480A9F681900AE0859 /* keyboard32.png in Resources */,
				50E4BFA70C3CE95400CB6B43 /* floppy.png in Resources */,
				50E4BFAA0C3CEAB700CB6B43 /* warpOff.png in Resources */,
				50E4BFAC0C3CEAD100CB6B43 /* warpOn.png in Resources */,
				50E4C0240C3CFBC300CB6B43 /* soundOff.png in Resources */,
				50E4C0260C3CFBC700CB6B43 /* soundOn.png in Resources */,
				50E4C0280C3CFBE400CB6B43 /* fullscreen.png in Resources */,
				500B9D370C40E554008237C6 /* pref_disk.png in Resources */,
				500B9D390C40E55A008237C6 /* pref_system.png in Resources */,
				500B9D3B0C40E55F008237C6 /* pref_sound.png in Resources */,
				500B9D3D0C40E563008237C6 /* pref_grafik.png in Resources */,
				500B9D3F0C40F037008237C6 /* pref_pal.png in Resources */,
				500B9D410C40F03C008237C6 /* pref_ntsc.png in Resources */,
				50E555FD0C42698E00AFB05F /* flag_usa.png in Resources */,
				50E555FF0C42699300AFB05F /* flag_eu.png in Resources */,
				50F4D2940C46262700ED4E4E /* ResetImage.VC64 in Resources */,
				38AF838C0C7BA24A00F6DBCE /* joystick1_32.png in Resources */,
				38AF838D0C7BA24A00F6DBCE /* joystick2_32.png in Resources */,
				38AF838E0C7BA24A00F6DBCE /* none_32.png in Resources */,
				500596680D23F9E800FD44B3 /* LEDred.png in Resources */,
				500596690D23F9E800FD44B3 /* LEDgreen.png in Resources */,
				5005966A0D23F9E800FD44B3 /* LEDgray.png in Resources */,
				5005966C0D23FA1800FD44B3 /* LEDyellow.png in Resources */,
				5005966E0D23FA1C00FD44B3 /* LEDblue.png in Resources */,
				5094197D0E426C13008D6F71 /* rom.png in Resources */,
				50A8F9EA0E472BA800ACE17D /* romMissing.png in Resources */,
				50A3E08A0E66F7BC00D3564D /* play32.png in Resources */,
				50A3E08C0E66F7C400D3564D /* pause32.png in Resources */,
				50F55DA50F28EADC0040592B /* MyDocument.xib in Resources */,
				50F55DCD0F28EC010040592B /* MainMenu.xib in Resources */,
				5041486912219F6E00A80E0C /* cartridge.png in Resources */,
				503A5AD712227C0300EAA95E /* dsa_pub.pem in Resources */,
				502F96B612D85F9C00DBE132 /* time2.png in Resources */,
				50F23D0812DF932800B1F275 /* glossy.png in Resources */,
				50D6954812E3759500D9C738 /* IconCRT.icns in Resources */,
				50D6954912E3759500D9C738 /* IconD64.icns in Resources */,
				50D6954B12E3759500D9C738 /* IconT64.icns in Resources */,
				50D6954C12E3759500D9C738 /* IconV64.icns in Resources */,
				50D6956C12E380E500D9C738 /* IconPRG.icns in Resources */,
				50E033BB12E3868100ABF9E3 /* IconP00.icns in Resources */,
				50804AE312EB3CDA00394049 /* iphone48.png in Resources */,
				50CE89DA13A268E000A2FDCE /* VirtualC64Icon.icns in Resources */,
				5039A31415BE89940038ACBC /* drive48.png in Resources */,
				5039A31B15BE97440038ACBC /* LEDbb.png in Resources */,
				5039A31C15BE97440038ACBC /* LEDbr.png in Resources */,
				5039A31D15BE97440038ACBC /* LEDgb.png in Resources */,
				5039A31E15BE97440038ACBC /* LEDgr.png in Resources */,
				5039A32015BE97500038ACBC /* diskette.png in Resources */,
			);
			runOnlyForDeploymentPostprocessing = 0;
		};
/* End PBXResourcesBuildPhase section */

/* Begin PBXShellScriptBuildPhase section */
		020E6BF30B0E754F0015C3A6 /* ShellScript */ = {
			isa = PBXShellScriptBuildPhase;
			buildActionMask = 12;
			files = (
			);
			inputPaths = (
			);
			outputPaths = (
			);
			runOnlyForDeploymentPostprocessing = 0;
			shellPath = /bin/sh;
			shellScript = "";
		};
/* End PBXShellScriptBuildPhase section */

/* Begin PBXSourcesBuildPhase section */
		8D15AC300486D014006FF6A4 /* Sources */ = {
			isa = PBXSourcesBuildPhase;
			buildActionMask = 2147483647;
			files = (
				8D15AC320486D014006FF6A4 /* main.m in Sources */,
				50176C630A6F72F3009E80BD /* basic.cpp in Sources */,
				50176C640A6F72F3009E80BD /* C64.cpp in Sources */,
				50176C650A6F72F3009E80BD /* CIA.cpp in Sources */,
				50176C660A6F72F3009E80BD /* CPU.cpp in Sources */,
				50176C670A6F72F3009E80BD /* Instructions.cpp in Sources */,
				50176C680A6F72F3009E80BD /* Keyboard.cpp in Sources */,
				50176C690A6F72F3009E80BD /* Memory.cpp in Sources */,
				50176C6B0A6F72F3009E80BD /* VIC.cpp in Sources */,
				50176C7C0A6F7357009E80BD /* Disassembler.mm in Sources */,
				50176C7D0A6F7357009E80BD /* Formatter.mm in Sources */,
				50176C7F0A6F7357009E80BD /* MyDocument.mm in Sources */,
				50176C800A6F7357009E80BD /* MyOpenGLView.mm in Sources */,
				50176C810A6F7357009E80BD /* C64Proxy.mm in Sources */,
				50DAD6920A736F9B00BB44AC /* VirtualComponent.cpp in Sources */,
				50CA0D520A9076FD00A5A08D /* OldSID.cpp in Sources */,
				020214270AF8E599008AB4EB /* SIDVoice.cpp in Sources */,
				500B6CA50B905CEC002C36EC /* TOD.cpp in Sources */,
				5020F28C0BBABE3C0093C396 /* IEC.cpp in Sources */,
				50D5FDB40C2E9CF50022CA3A /* MountDialog.mm in Sources */,
				50D500520C2ED13F0022CA3A /* T64Archive.cpp in Sources */,
				50A52A190C2FD43700A1377F /* D64Archive.cpp in Sources */,
				509AEA0C0C324AB0001FC9FD /* PRGArchive.cpp in Sources */,
				509AEAFF0C325EFB001FC9FD /* P00Archive.cpp in Sources */,
				50AFEDBC0C3A7A78007749E7 /* Archive.cpp in Sources */,
				5007A5EC0C3FC99F0069B0CE /* VIC_colors.cpp in Sources */,
				389E77800C7A3B6F00BEAFA6 /* Joystick.cpp in Sources */,
				5000C80F0D13CE680011A2E9 /* C64Memory.cpp in Sources */,
				5000C8240D13CEE10011A2E9 /* VC1541.cpp in Sources */,
				5000C9630D13DED40011A2E9 /* VC1541Memory.cpp in Sources */,
				500FC6790D17D2190044131D /* VIA6522.cpp in Sources */,
				023024000DC902A700F8818A /* AudioDevice.mm in Sources */,
				50A8F8F30E47171300ACE17D /* RomDialog.mm in Sources */,
				50B37D791A56CA4F0055A540 /* ROMDropTargetView.mm in Sources */,
				505EB0A10F3047C300960BC0 /* Snapshot.cpp in Sources */,
				BC8146880FE54238007ED085 /* JoystickManager.mm in Sources */,
				500EC05110E4DCC4005A19A3 /* Message.cpp in Sources */,
				50414727122188FC00A80E0C /* Cartridge.cpp in Sources */,
				5018E48112240F7100F0820E /* Container.cpp in Sources */,
				50FBE90B12DC992B0093194C /* MyControllerVicPanel.mm in Sources */,
				50B6894812DCA7B100CBB5B7 /* MyController.mm in Sources */,
				5000471212DCE8890098D890 /* MyControllerCpuPanel.mm in Sources */,
				5000472812DCE9AB0098D890 /* MyControllerMemoryPanel.mm in Sources */,
				5000473412DCEA6B0098D890 /* MyControllerCiaPanel.mm in Sources */,
				5000474C12DCEE500098D890 /* MyControllerMenu.mm in Sources */,
				50ED5BF812DD99C000596417 /* Speedometer.mm in Sources */,
				5077743012DE490300D72088 /* MemTableView.mm in Sources */,
				5077743312DE490B00D72088 /* CpuTableView.mm in Sources */,
				50F2380312DF4EC600B1F275 /* CheatboxImageBrowserView.mm in Sources */,
				50F238F412DF576600B1F275 /* CheatboxItem.mm in Sources */,
				50F239BB12DF66CB00B1F275 /* CheatboxImageBrowserCell.mm in Sources */,
				5088A6D612E0676200378033 /* MyControllerDebugPanel.mm in Sources */,
				5088A6EA12E06DB700378033 /* MyControllerToolbar.mm in Sources */,
				50F93BE712EF309900DD6A8A /* FileArchive.cpp in Sources */,
				50E6014813A3653900EDBEA9 /* PropertiesDialog.mm in Sources */,
				506D39D2141780E500268AF6 /* SIDWrapper.cpp in Sources */,
				506D39D6141788E700268AF6 /* ReSID.cpp in Sources */,
				50D1417E1417A34B0024FC74 /* envelope.cc in Sources */,
				50D1417F1417A34B0024FC74 /* extfilt.cc in Sources */,
				50D141801417A34B0024FC74 /* filter.cc in Sources */,
				50D141811417A34B0024FC74 /* pot.cc in Sources */,
				50D141821417A34B0024FC74 /* sid.cc in Sources */,
				50D141831417A34B0024FC74 /* version.cc in Sources */,
				50D141841417A34B0024FC74 /* voice.cc in Sources */,
				50D141851417A34B0024FC74 /* wave.cc in Sources */,
				50D141861417A34B0024FC74 /* wave6581__ST.cc in Sources */,
				50D141871417A34B0024FC74 /* wave6581_P_T.cc in Sources */,
				50D141881417A34B0024FC74 /* wave6581_PS_.cc in Sources */,
				50D141891417A34B0024FC74 /* wave6581_PST.cc in Sources */,
				50D1418A1417A34B0024FC74 /* wave8580__ST.cc in Sources */,
				50D1418B1417A34B0024FC74 /* wave8580_P_T.cc in Sources */,
				50D1418C1417A34B0024FC74 /* wave8580_PS_.cc in Sources */,
				50D1418D1417A34B0024FC74 /* wave8580_PST.cc in Sources */,
			);
			runOnlyForDeploymentPostprocessing = 0;
		};
/* End PBXSourcesBuildPhase section */

/* Begin PBXVariantGroup section */
		089C165FFE840EACC02AAC07 /* InfoPlist.strings */ = {
			isa = PBXVariantGroup;
			children = (
				089C1660FE840EACC02AAC07 /* English */,
			);
			name = InfoPlist.strings;
			sourceTree = "<group>";
		};
		2A37F4B9FDCFA73011CA2CEA /* Credits.rtf */ = {
			isa = PBXVariantGroup;
			children = (
				2A37F4BAFDCFA73011CA2CEA /* English */,
			);
			name = Credits.rtf;
			sourceTree = "<group>";
		};
		50F55DA30F28EADC0040592B /* MyDocument.xib */ = {
			isa = PBXVariantGroup;
			children = (
				50F55DA40F28EADC0040592B /* English */,
			);
			name = MyDocument.xib;
			sourceTree = "<group>";
		};
		50F55DCB0F28EC010040592B /* MainMenu.xib */ = {
			isa = PBXVariantGroup;
			children = (
				50F55DCC0F28EC010040592B /* English */,
			);
			name = MainMenu.xib;
			sourceTree = "<group>";
		};
/* End PBXVariantGroup section */

/* Begin XCBuildConfiguration section */
		504F836A0A89E0D2009FA225 /* Development */ = {
			isa = XCBuildConfiguration;
			buildSettings = {
				CLANG_ENABLE_OBJC_ARC = YES;
				COMBINE_HIDPI_IMAGES = YES;
				COPY_PHASE_STRIP = NO;
				FRAMEWORK_SEARCH_PATHS = (
					"$(inherited)",
					"$(FRAMEWORK_SEARCH_PATHS_QUOTED_1)",
					"$(FRAMEWORK_SEARCH_PATHS_QUOTED_FOR_TARGET_1)",
					"$(PROJECT_DIR)",
				);
				FRAMEWORK_SEARCH_PATHS_QUOTED_FOR_TARGET_1 = "\"$(SRCROOT)\"";
				GCC_DYNAMIC_NO_PIC = NO;
				GCC_GENERATE_DEBUGGING_SYMBOLS = YES;
				GCC_OPTIMIZATION_LEVEL = 0;
				GCC_PRECOMPILE_PREFIX_HEADER = YES;
				GCC_PREFIX_HEADER = V64_Prefix.pch;
				GCC_PREPROCESSOR_DEFINITIONS = "";
				GCC_WARN_ABOUT_RETURN_TYPE = YES;
				GCC_WARN_PEDANTIC = YES;
				GCC_WARN_UNUSED_VARIABLE = YES;
				INFOPLIST_FILE = Info.plist;
				INSTALL_PATH = "$(HOME)/Applications";
				MACOSX_DEPLOYMENT_TARGET = 10.6;
				OTHER_LDFLAGS = "-Wl,-rpath,@loader_path/../Frameworks";
				PRODUCT_NAME = VirtualC64;
				SDKROOT = macosx;
				WRAPPER_EXTENSION = app;
				ZERO_LINK = YES;
			};
			name = Development;
		};
		504F836B0A89E0D2009FA225 /* Deployment */ = {
			isa = XCBuildConfiguration;
			buildSettings = {
				CLANG_ENABLE_OBJC_ARC = YES;
				COMBINE_HIDPI_IMAGES = YES;
				COPY_PHASE_STRIP = YES;
				FRAMEWORK_SEARCH_PATHS = (
					"$(inherited)",
					"$(FRAMEWORK_SEARCH_PATHS_QUOTED_FOR_TARGET_1)",
					"$(PROJECT_DIR)",
				);
				FRAMEWORK_SEARCH_PATHS_QUOTED_1 = "\"$(SYSTEM_DEVELOPER_DIR)/SDKs/MacOSX10.4u.sdk/System/Library/Frameworks\"";
				FRAMEWORK_SEARCH_PATHS_QUOTED_FOR_TARGET_1 = "\"$(SRCROOT)\"";
				GCC_ENABLE_OBJC_GC = unsupported;
				GCC_GENERATE_DEBUGGING_SYMBOLS = NO;
				GCC_PRECOMPILE_PREFIX_HEADER = YES;
				GCC_PREFIX_HEADER = V64_Prefix.pch;
				GCC_PREPROCESSOR_DEFINITIONS = "";
				GCC_WARN_ABOUT_RETURN_TYPE = YES;
				GCC_WARN_PEDANTIC = YES;
				GCC_WARN_UNUSED_VARIABLE = YES;
				INFOPLIST_FILE = Info.plist;
				INSTALL_PATH = "$(HOME)/Applications";
				MACOSX_DEPLOYMENT_TARGET = 10.6;
				OTHER_LDFLAGS = "-Wl,-rpath,@loader_path/../Frameworks";
				PRODUCT_NAME = VirtualC64;
				SDKROOT = macosx;
				WARNING_CFLAGS = "-Wall";
				WRAPPER_EXTENSION = app;
				ZERO_LINK = NO;
			};
			name = Deployment;
		};
		504F836C0A89E0D2009FA225 /* Default */ = {
			isa = XCBuildConfiguration;
			buildSettings = {
				CLANG_ENABLE_OBJC_ARC = YES;
				COMBINE_HIDPI_IMAGES = YES;
				FRAMEWORK_SEARCH_PATHS = (
					"$(inherited)",
					"$(FRAMEWORK_SEARCH_PATHS_QUOTED_1)",
					"$(FRAMEWORK_SEARCH_PATHS_QUOTED_FOR_TARGET_1)",
					"$(PROJECT_DIR)",
				);
				FRAMEWORK_SEARCH_PATHS_QUOTED_1 = "\"$(SYSTEM_DEVELOPER_DIR)/SDKs/MacOSX10.4u.sdk/System/Library/Frameworks\"";
				FRAMEWORK_SEARCH_PATHS_QUOTED_FOR_TARGET_1 = "\"$(SRCROOT)\"";
				GCC_GENERATE_DEBUGGING_SYMBOLS = NO;
				GCC_PRECOMPILE_PREFIX_HEADER = YES;
				GCC_PREFIX_HEADER = V64_Prefix.pch;
				GCC_WARN_ABOUT_RETURN_TYPE = YES;
				GCC_WARN_PEDANTIC = YES;
				GCC_WARN_UNUSED_VARIABLE = YES;
				INFOPLIST_FILE = Info.plist;
				INSTALL_PATH = "$(HOME)/Applications";
				MACOSX_DEPLOYMENT_TARGET = 10.6;
				OTHER_LDFLAGS = "-Wl,-rpath,@loader_path/../Frameworks";
				PRODUCT_NAME = VirtualC64;
				SDKROOT = macosx;
				WRAPPER_EXTENSION = app;
			};
			name = Default;
		};
		504F836E0A89E0D2009FA225 /* Development */ = {
			isa = XCBuildConfiguration;
			buildSettings = {
				DEPLOYMENT_LOCATION = YES;
				GCC_OPTIMIZATION_LEVEL = 3;
				GCC_VERSION = "";
				MACOSX_DEPLOYMENT_TARGET = 10.5;
				SDKROOT = macosx;
				VERSIONING_SYSTEM = "";
			};
			name = Development;
		};
		504F836F0A89E0D2009FA225 /* Deployment */ = {
			isa = XCBuildConfiguration;
			buildSettings = {
				DEPLOYMENT_LOCATION = YES;
				GCC_ALTIVEC_EXTENSIONS = YES;
				GCC_AUTO_VECTORIZATION = YES;
				GCC_ENABLE_OBJC_GC = required;
				GCC_ENABLE_SSE3_EXTENSIONS = YES;
				GCC_OPTIMIZATION_LEVEL = 3;
				GCC_THREADSAFE_STATICS = YES;
				GCC_UNROLL_LOOPS = YES;
				GCC_VERSION = "";
				MACOSX_DEPLOYMENT_TARGET = 10.5;
				SDKROOT = macosx;
			};
			name = Deployment;
		};
		504F83700A89E0D2009FA225 /* Default */ = {
			isa = XCBuildConfiguration;
			buildSettings = {
				DEPLOYMENT_LOCATION = YES;
				GCC_VERSION = "";
				MACOSX_DEPLOYMENT_TARGET = 10.5;
				SDKROOT = macosx;
			};
			name = Default;
		};
/* End XCBuildConfiguration section */

/* Begin XCConfigurationList section */
		504F83690A89E0D2009FA225 /* Build configuration list for PBXNativeTarget "VirtualC64" */ = {
			isa = XCConfigurationList;
			buildConfigurations = (
				504F836A0A89E0D2009FA225 /* Development */,
				504F836B0A89E0D2009FA225 /* Deployment */,
				504F836C0A89E0D2009FA225 /* Default */,
			);
			defaultConfigurationIsVisible = 0;
			defaultConfigurationName = Default;
		};
		504F836D0A89E0D2009FA225 /* Build configuration list for PBXProject "V64" */ = {
			isa = XCConfigurationList;
			buildConfigurations = (
				504F836E0A89E0D2009FA225 /* Development */,
				504F836F0A89E0D2009FA225 /* Deployment */,
				504F83700A89E0D2009FA225 /* Default */,
			);
			defaultConfigurationIsVisible = 0;
			defaultConfigurationName = Default;
		};
/* End XCConfigurationList section */
	};
	rootObject = 2A37F4A9FDCFA73011CA2CEA /* Project object */;
}
